
Microsoft Visual Studio Solution File, Format Version 12.00
# Visual Studio 15
Project("{FAE04EC0-301F-11D3-BF4B-00C04F79EFBC}") = "Oculus.Interaction.Editor", "Oculus.Interaction.Editor.csproj", "{9295FCD4-AA3B-9C7E-7002-828DA54AAFEB}"
EndProject
Project("{FAE04EC0-301F-11D3-BF4B-00C04F79EFBC}") = "Meta.WitAi.Conduit", "Meta.WitAi.Conduit.csproj", "{BFC82349-182D-22D1-6A54-F312F9DB30CE}"
EndProject
Project("{FAE04EC0-301F-11D3-BF4B-00C04F79EFBC}") = "Oculus.VR", "Oculus.VR.csproj", "{3C422BA8-65B8-DE2D-D108-3144BB94C43F}"
EndProject
Project("{FAE04EC0-301F-11D3-BF4B-00C04F79EFBC}") = "Oculus.Interaction", "Oculus.Interaction.csproj", "{3DB43EB1-721A-135C-404A-F531C5E3030E}"
EndProject
Project("{FAE04EC0-301F-11D3-BF4B-00C04F79EFBC}") = "Meta.Voice.Samples.ShapesConduit", "Meta.Voice.Samples.ShapesConduit.csproj", "{572E7E1D-B135-1986-2773-BF54E0ADE5FC}"
EndProject
Project("{FAE04EC0-301F-11D3-BF4B-00C04F79EFBC}") = "Meta.WitAi.Editor", "Meta.WitAi.Editor.csproj", "{61384ADB-1E10-7A35-8856-CFBB918E1ABC}"
EndProject
Project("{FAE04EC0-301F-11D3-BF4B-00C04F79EFBC}") = "Oculus.Platform", "Oculus.Platform.csproj", "{C08634FE-730A-128E-69CD-93397D013E70}"
EndProject
Project("{FAE04EC0-301F-11D3-BF4B-00C04F79EFBC}") = "VoiceSDK.Telemetry", "VoiceSDK.Telemetry.csproj", "{67593F58-FECB-CAD3-0DD3-78AD11D30A32}"
EndProject
Project("{FAE04EC0-301F-11D3-BF4B-00C04F79EFBC}") = "Meta.WitAi.Conduit.Editor", "Meta.WitAi.Conduit.Editor.csproj", "{3D61E8FC-A448-0C05-C2B5-6C81A41F0B10}"
EndProject
Project("{FAE04EC0-301F-11D3-BF4B-00C04F79EFBC}") = "Meta.WitAi", "Meta.WitAi.csproj", "{BA2368F5-6737-C0D1-A6EE-85658EE77DED}"
EndProject
Project("{FAE04EC0-301F-11D3-BF4B-00C04F79EFBC}") = "Oculus.Interaction.OVR.Samples", "Oculus.Interaction.OVR.Samples.csproj", "{233CF821-A99E-BA4B-92A0-363138205698}"
EndProject
Project("{FAE04EC0-301F-11D3-BF4B-00C04F79EFBC}") = "Assembly-CSharp", "Assembly-CSharp.csproj", "{71FF11A7-88EC-14F7-23A0-E26628008D75}"
EndProject
Project("{FAE04EC0-301F-11D3-BF4B-00C04F79EFBC}") = "Meta.WitAi.Lib", "Meta.WitAi.Lib.csproj", "{0F9212C7-96F4-60FA-7A9B-3FFAE867FBBF}"
EndProject
Project("{FAE04EC0-301F-11D3-BF4B-00C04F79EFBC}") = "Oculus.VR.Editor", "Oculus.VR.Editor.csproj", "{DC33905A-654A-AC10-7221-7CD741000F47}"
EndProject
Project("{FAE04EC0-301F-11D3-BF4B-00C04F79EFBC}") = "Meta.Voice.Hub.Runtime", "Meta.Voice.Hub.Runtime.csproj", "{7625A291-B134-C925-0638-C9A67F3C9807}"
EndProject
Project("{FAE04EC0-301F-11D3-BF4B-00C04F79EFBC}") = "Oculus.Interaction.OVR.Editor", "Oculus.Interaction.OVR.Editor.csproj", "{A4A15B8C-0FFE-82F3-C8E0-7A85F8AA3962}"
EndProject
Project("{FAE04EC0-301F-11D3-BF4B-00C04F79EFBC}") = "VoiceSDK.Dictation.Runtime", "VoiceSDK.Dictation.Runtime.csproj", "{F79B3554-3AE6-0F5F-A339-DD36AB59A99F}"
EndProject
Project("{FAE04EC0-301F-11D3-BF4B-00C04F79EFBC}") = "Oculus.LipSync", "Oculus.LipSync.csproj", "{43A69E74-598C-75BD-16FE-B08137DE324F}"
EndProject
Project("{FAE04EC0-301F-11D3-BF4B-00C04F79EFBC}") = "Oculus.Interaction.OVR", "Oculus.Interaction.OVR.csproj", "{898BBA85-F353-705A-1CBB-45457767BBB4}"
EndProject
Project("{FAE04EC0-301F-11D3-BF4B-00C04F79EFBC}") = "Meta.Voice.Hub.Editor", "Meta.Voice.Hub.Editor.csproj", "{3BF29CE2-1E9A-F7BB-0367-ABA7F2548B22}"
EndProject
Project("{FAE04EC0-301F-11D3-BF4B-00C04F79EFBC}") = "VoiceSDK.Editor", "VoiceSDK.Editor.csproj", "{FF169104-761B-FE14-AD91-952EBE385D61}"
EndProject
Project("{FAE04EC0-301F-11D3-BF4B-00C04F79EFBC}") = "Meta.WitAI.Lib.Editor", "Meta.WitAI.Lib.Editor.csproj", "{D5F252E5-CEA9-6F4E-64A2-4CD10AE99AAB}"
EndProject
Project("{FAE04EC0-301F-11D3-BF4B-00C04F79EFBC}") = "Oculus.Spatializer.Editor", "Oculus.Spatializer.Editor.csproj", "{C53CCA79-1918-11DD-5E22-4047FDD675F4}"
EndProject
Project("{FAE04EC0-301F-11D3-BF4B-00C04F79EFBC}") = "AssistantCoreSDKRuntime", "AssistantCoreSDKRuntime.csproj", "{06179275-AFE5-DB64-B391-EC86A49E8E2D}"
EndProject
Project("{FAE04EC0-301F-11D3-BF4B-00C04F79EFBC}") = "Oculus.AudioManager", "Oculus.AudioManager.csproj", "{0805A39E-1FDD-5AE8-6577-C4B2DBD71884}"
EndProject
Project("{FAE04EC0-301F-11D3-BF4B-00C04F79EFBC}") = "VoiceSDK.Runtime", "VoiceSDK.Runtime.csproj", "{BA2679DC-DD76-D932-2353-DBF7C4F26684}"
EndProject
Project("{FAE04EC0-301F-11D3-BF4B-00C04F79EFBC}") = "Facebook.Wit.Dictation", "Facebook.Wit.Dictation.csproj", "{3D22766A-798E-37CB-8EB6-311ED08F3438}"
EndProject
Project("{FAE04EC0-301F-11D3-BF4B-00C04F79EFBC}") = "Meta.Voice.Samples.BuiltInTimer", "Meta.Voice.Samples.BuiltInTimer.csproj", "{C778A36E-3701-7B94-2D5C-704E0A7E23A7}"
EndProject
Project("{FAE04EC0-301F-11D3-BF4B-00C04F79EFBC}") = "Oculus.Platform.Editor", "Oculus.Platform.Editor.csproj", "{1DB112D6-A404-E6EB-CD03-1B70352B5239}"
EndProject
Project("{FAE04EC0-301F-11D3-BF4B-00C04F79EFBC}") = "Meta.XR.BuildingBlocks.Editor", "Meta.XR.BuildingBlocks.Editor.csproj", "{155FFE7E-6138-33BC-EF59-2DFC9F797C28}"
EndProject
Project("{FAE04EC0-301F-11D3-BF4B-00C04F79EFBC}") = "Meta.Voice.Samples.TTSVoices", "Meta.Voice.Samples.TTSVoices.csproj", "{162DF784-65E8-81CA-BF19-81B305E11D23}"
EndProject
Project("{FAE04EC0-301F-11D3-BF4B-00C04F79EFBC}") = "Meta.Voice.VSDKHub.Editor", "Meta.Voice.VSDKHub.Editor.csproj", "{9753DE9D-B417-EAD3-670D-93A99A8D35C8}"
EndProject
Project("{FAE04EC0-301F-11D3-BF4B-00C04F79EFBC}") = "Meta.WitAi.TTS", "Meta.WitAi.TTS.csproj", "{04CC123E-4EC8-EE74-7C55-0921C45A916E}"
EndProject
Project("{FAE04EC0-301F-11D3-BF4B-00C04F79EFBC}") = "Oculus.AudioManager.Audio.Editor", "Oculus.AudioManager.Audio.Editor.csproj", "{1CF23AA1-EDB4-CE2E-DE2C-9AF319520855}"
EndProject
Project("{FAE04EC0-301F-11D3-BF4B-00C04F79EFBC}") = "Assembly-CSharp-Editor", "Assembly-CSharp-Editor.csproj", "{6C132EC8-13E5-FE42-4EA5-59426900A6A0}"
EndProject
Project("{FAE04EC0-301F-11D3-BF4B-00C04F79EFBC}") = "Meta.Voice.Samples.Chess", "Meta.Voice.Samples.Chess.csproj", "{894D6F24-7D1A-AB78-5869-9942068D8362}"
EndProject
Project("{FAE04EC0-301F-11D3-BF4B-00C04F79EFBC}") = "Oculus.VR.Scripts.Editor", "Oculus.VR.Scripts.Editor.csproj", "{F94C1687-EB4F-ADF2-6F83-B65B1F8EDF56}"
EndProject
Project("{FAE04EC0-301F-11D3-BF4B-00C04F79EFBC}") = "Meta.Voice.Samples.LightTraits", "Meta.Voice.Samples.LightTraits.csproj", "{7D80C6A1-CAC7-8D77-C26D-635512B7C62F}"
EndProject
Project("{FAE04EC0-301F-11D3-BF4B-00C04F79EFBC}") = "Meta.Voice.Samples.Dictation", "Meta.Voice.Samples.Dictation.csproj", "{8BF343E9-4EDF-31C7-75D5-4691DAF9A4BA}"
EndProject
Project("{FAE04EC0-301F-11D3-BF4B-00C04F79EFBC}") = "Meta.Voice.Samples.Shapes", "Meta.Voice.Samples.Shapes.csproj", "{25CECC2D-B9AD-56A2-BD06-1253800CAC7B}"
EndProject
Project("{FAE04EC0-301F-11D3-BF4B-00C04F79EFBC}") = "Oculus.Interaction.Samples.Editor", "Oculus.Interaction.Samples.Editor.csproj", "{BA0D7995-4CCD-110F-AFD4-235FAB5C2952}"
EndProject
Project("{FAE04EC0-301F-11D3-BF4B-00C04F79EFBC}") = "Meta.WitAi.TTS.Editor", "Meta.WitAi.TTS.Editor.csproj", "{543562C0-B8FD-DF3F-C03E-FD4997627F3D}"
EndProject
Project("{FAE04EC0-301F-11D3-BF4B-00C04F79EFBC}") = "Meta.XR.BuildingBlocks", "Meta.XR.BuildingBlocks.csproj", "{55F3FF8E-0B94-4524-DEEE-B8CB96B04D7F}"
EndProject
Project("{FAE04EC0-301F-11D3-BF4B-00C04F79EFBC}") = "Oculus.Spatializer", "Oculus.Spatializer.csproj", "{D353F1F0-581C-7B17-085D-46FC40E51AE0}"
EndProject
Project("{FAE04EC0-301F-11D3-BF4B-00C04F79EFBC}") = "Oculus.LipSync.Editor", "Oculus.LipSync.Editor.csproj", "{D4C87B8A-4345-D88D-25D5-66E1935A571C}"
EndProject
Project("{FAE04EC0-301F-11D3-BF4B-00C04F79EFBC}") = "Oculus.AudioManager.Utils.Editor", "Oculus.AudioManager.Utils.Editor.csproj", "{C7ADAF81-BEBB-AED0-13F0-80595DB8F635}"
EndProject
Project("{FAE04EC0-301F-11D3-BF4B-00C04F79EFBC}") = "Meta.VoiceSDK.Mic.Common", "Meta.VoiceSDK.Mic.Common.csproj", "{3B177D69-CB5D-5095-BC20-397654B73871}"
EndProject
Project("{FAE04EC0-301F-11D3-BF4B-00C04F79EFBC}") = "VoiceSDK.Dictation.Editor", "VoiceSDK.Dictation.Editor.csproj", "{C7E3EE05-7093-602C-7BDC-1B448A014DF4}"
EndProject
Project("{FAE04EC0-301F-11D3-BF4B-00C04F79EFBC}") = "Meta.VoiceSDK.Mic.Other", "Meta.VoiceSDK.Mic.Other.csproj", "{356007BC-F402-9D2C-560F-DEA3F29707FE}"
EndProject
Project("{FAE04EC0-301F-11D3-BF4B-00C04F79EFBC}") = "AssistantCoreSDKEditor", "AssistantCoreSDKEditor.csproj", "{63738187-BBE7-A66C-D981-EAE802DEEFE7}"
EndProject
Project("{FAE04EC0-301F-11D3-BF4B-00C04F79EFBC}") = "Oculus.Interaction.InterfaceSupport", "Oculus.Interaction.InterfaceSupport.csproj", "{C776316F-F393-3C2D-A807-39C6A3539CA0}"
EndProject
Project("{FAE04EC0-301F-11D3-BF4B-00C04F79EFBC}") = "Meta.Voice.Samples.LiveUnderstanding", "Meta.Voice.Samples.LiveUnderstanding.csproj", "{ECE695D1-91E6-04E1-27DB-D75C76BB4A9C}"
EndProject
Project("{FAE04EC0-301F-11D3-BF4B-00C04F79EFBC}") = "Facebook.Wit.Dictation.Editor", "Facebook.Wit.Dictation.Editor.csproj", "{0B952A34-CB5A-4DD2-31A7-6B6163CCA7AE}"
EndProject
Project("{FAE04EC0-301F-11D3-BF4B-00C04F79EFBC}") = "Meta.VoiceSDK.Mic.WebGL", "Meta.VoiceSDK.Mic.WebGL.csproj", "{65ADA9CE-7889-F1F0-8A80-9B921283DA52}"
EndProject
Global
	GlobalSection(SolutionConfigurationPlatforms) = preSolution
		Debug|Any CPU = Debug|Any CPU
		Release|Any CPU = Release|Any CPU
	EndGlobalSection
	GlobalSection(ProjectConfigurationPlatforms) = postSolution
		{9295FCD4-AA3B-9C7E-7002-828DA54AAFEB}.Debug|Any CPU.ActiveCfg = Debug|Any CPU
		{9295FCD4-AA3B-9C7E-7002-828DA54AAFEB}.Debug|Any CPU.Build.0 = Debug|Any CPU
		{9295FCD4-AA3B-9C7E-7002-828DA54AAFEB}.Release|Any CPU.ActiveCfg = Release|Any CPU
		{9295FCD4-AA3B-9C7E-7002-828DA54AAFEB}.Release|Any CPU.Build.0 = Release|Any CPU
		{BFC82349-182D-22D1-6A54-F312F9DB30CE}.Debug|Any CPU.ActiveCfg = Debug|Any CPU
		{BFC82349-182D-22D1-6A54-F312F9DB30CE}.Debug|Any CPU.Build.0 = Debug|Any CPU
		{BFC82349-182D-22D1-6A54-F312F9DB30CE}.Release|Any CPU.ActiveCfg = Release|Any CPU
		{BFC82349-182D-22D1-6A54-F312F9DB30CE}.Release|Any CPU.Build.0 = Release|Any CPU
		{3C422BA8-65B8-DE2D-D108-3144BB94C43F}.Debug|Any CPU.ActiveCfg = Debug|Any CPU
		{3C422BA8-65B8-DE2D-D108-3144BB94C43F}.Debug|Any CPU.Build.0 = Debug|Any CPU
		{3C422BA8-65B8-DE2D-D108-3144BB94C43F}.Release|Any CPU.ActiveCfg = Release|Any CPU
		{3C422BA8-65B8-DE2D-D108-3144BB94C43F}.Release|Any CPU.Build.0 = Release|Any CPU
		{3DB43EB1-721A-135C-404A-F531C5E3030E}.Debug|Any CPU.ActiveCfg = Debug|Any CPU
		{3DB43EB1-721A-135C-404A-F531C5E3030E}.Debug|Any CPU.Build.0 = Debug|Any CPU
		{3DB43EB1-721A-135C-404A-F531C5E3030E}.Release|Any CPU.ActiveCfg = Release|Any CPU
		{3DB43EB1-721A-135C-404A-F531C5E3030E}.Release|Any CPU.Build.0 = Release|Any CPU
		{572E7E1D-B135-1986-2773-BF54E0ADE5FC}.Debug|Any CPU.ActiveCfg = Debug|Any CPU
		{572E7E1D-B135-1986-2773-BF54E0ADE5FC}.Debug|Any CPU.Build.0 = Debug|Any CPU
		{572E7E1D-B135-1986-2773-BF54E0ADE5FC}.Release|Any CPU.ActiveCfg = Release|Any CPU
		{572E7E1D-B135-1986-2773-BF54E0ADE5FC}.Release|Any CPU.Build.0 = Release|Any CPU
		{61384ADB-1E10-7A35-8856-CFBB918E1ABC}.Debug|Any CPU.ActiveCfg = Debug|Any CPU
		{61384ADB-1E10-7A35-8856-CFBB918E1ABC}.Debug|Any CPU.Build.0 = Debug|Any CPU
		{61384ADB-1E10-7A35-8856-CFBB918E1ABC}.Release|Any CPU.ActiveCfg = Release|Any CPU
		{61384ADB-1E10-7A35-8856-CFBB918E1ABC}.Release|Any CPU.Build.0 = Release|Any CPU
		{C08634FE-730A-128E-69CD-93397D013E70}.Debug|Any CPU.ActiveCfg = Debug|Any CPU
		{C08634FE-730A-128E-69CD-93397D013E70}.Debug|Any CPU.Build.0 = Debug|Any CPU
		{C08634FE-730A-128E-69CD-93397D013E70}.Release|Any CPU.ActiveCfg = Release|Any CPU
		{C08634FE-730A-128E-69CD-93397D013E70}.Release|Any CPU.Build.0 = Release|Any CPU
		{67593F58-FECB-CAD3-0DD3-78AD11D30A32}.Debug|Any CPU.ActiveCfg = Debug|Any CPU
		{67593F58-FECB-CAD3-0DD3-78AD11D30A32}.Debug|Any CPU.Build.0 = Debug|Any CPU
		{67593F58-FECB-CAD3-0DD3-78AD11D30A32}.Release|Any CPU.ActiveCfg = Release|Any CPU
		{67593F58-FECB-CAD3-0DD3-78AD11D30A32}.Release|Any CPU.Build.0 = Release|Any CPU
		{3D61E8FC-A448-0C05-C2B5-6C81A41F0B10}.Debug|Any CPU.ActiveCfg = Debug|Any CPU
		{3D61E8FC-A448-0C05-C2B5-6C81A41F0B10}.Debug|Any CPU.Build.0 = Debug|Any CPU
		{3D61E8FC-A448-0C05-C2B5-6C81A41F0B10}.Release|Any CPU.ActiveCfg = Release|Any CPU
		{3D61E8FC-A448-0C05-C2B5-6C81A41F0B10}.Release|Any CPU.Build.0 = Release|Any CPU
		{BA2368F5-6737-C0D1-A6EE-85658EE77DED}.Debug|Any CPU.ActiveCfg = Debug|Any CPU
		{BA2368F5-6737-C0D1-A6EE-85658EE77DED}.Debug|Any CPU.Build.0 = Debug|Any CPU
		{BA2368F5-6737-C0D1-A6EE-85658EE77DED}.Release|Any CPU.ActiveCfg = Release|Any CPU
		{BA2368F5-6737-C0D1-A6EE-85658EE77DED}.Release|Any CPU.Build.0 = Release|Any CPU
		{233CF821-A99E-BA4B-92A0-363138205698}.Debug|Any CPU.ActiveCfg = Debug|Any CPU
		{233CF821-A99E-BA4B-92A0-363138205698}.Debug|Any CPU.Build.0 = Debug|Any CPU
		{233CF821-A99E-BA4B-92A0-363138205698}.Release|Any CPU.ActiveCfg = Release|Any CPU
		{233CF821-A99E-BA4B-92A0-363138205698}.Release|Any CPU.Build.0 = Release|Any CPU
		{71FF11A7-88EC-14F7-23A0-E26628008D75}.Debug|Any CPU.ActiveCfg = Debug|Any CPU
		{71FF11A7-88EC-14F7-23A0-E26628008D75}.Debug|Any CPU.Build.0 = Debug|Any CPU
		{71FF11A7-88EC-14F7-23A0-E26628008D75}.Release|Any CPU.ActiveCfg = Release|Any CPU
		{71FF11A7-88EC-14F7-23A0-E26628008D75}.Release|Any CPU.Build.0 = Release|Any CPU
		{0F9212C7-96F4-60FA-7A9B-3FFAE867FBBF}.Debug|Any CPU.ActiveCfg = Debug|Any CPU
		{0F9212C7-96F4-60FA-7A9B-3FFAE867FBBF}.Debug|Any CPU.Build.0 = Debug|Any CPU
		{0F9212C7-96F4-60FA-7A9B-3FFAE867FBBF}.Release|Any CPU.ActiveCfg = Release|Any CPU
		{0F9212C7-96F4-60FA-7A9B-3FFAE867FBBF}.Release|Any CPU.Build.0 = Release|Any CPU
		{DC33905A-654A-AC10-7221-7CD741000F47}.Debug|Any CPU.ActiveCfg = Debug|Any CPU
		{DC33905A-654A-AC10-7221-7CD741000F47}.Debug|Any CPU.Build.0 = Debug|Any CPU
		{DC33905A-654A-AC10-7221-7CD741000F47}.Release|Any CPU.ActiveCfg = Release|Any CPU
		{DC33905A-654A-AC10-7221-7CD741000F47}.Release|Any CPU.Build.0 = Release|Any CPU
		{7625A291-B134-C925-0638-C9A67F3C9807}.Debug|Any CPU.ActiveCfg = Debug|Any CPU
		{7625A291-B134-C925-0638-C9A67F3C9807}.Debug|Any CPU.Build.0 = Debug|Any CPU
		{7625A291-B134-C925-0638-C9A67F3C9807}.Release|Any CPU.ActiveCfg = Release|Any CPU
		{7625A291-B134-C925-0638-C9A67F3C9807}.Release|Any CPU.Build.0 = Release|Any CPU
		{A4A15B8C-0FFE-82F3-C8E0-7A85F8AA3962}.Debug|Any CPU.ActiveCfg = Debug|Any CPU
		{A4A15B8C-0FFE-82F3-C8E0-7A85F8AA3962}.Debug|Any CPU.Build.0 = Debug|Any CPU
		{A4A15B8C-0FFE-82F3-C8E0-7A85F8AA3962}.Release|Any CPU.ActiveCfg = Release|Any CPU
		{A4A15B8C-0FFE-82F3-C8E0-7A85F8AA3962}.Release|Any CPU.Build.0 = Release|Any CPU
		{F79B3554-3AE6-0F5F-A339-DD36AB59A99F}.Debug|Any CPU.ActiveCfg = Debug|Any CPU
		{F79B3554-3AE6-0F5F-A339-DD36AB59A99F}.Debug|Any CPU.Build.0 = Debug|Any CPU
		{F79B3554-3AE6-0F5F-A339-DD36AB59A99F}.Release|Any CPU.ActiveCfg = Release|Any CPU
		{F79B3554-3AE6-0F5F-A339-DD36AB59A99F}.Release|Any CPU.Build.0 = Release|Any CPU
		{43A69E74-598C-75BD-16FE-B08137DE324F}.Debug|Any CPU.ActiveCfg = Debug|Any CPU
		{43A69E74-598C-75BD-16FE-B08137DE324F}.Debug|Any CPU.Build.0 = Debug|Any CPU
		{43A69E74-598C-75BD-16FE-B08137DE324F}.Release|Any CPU.ActiveCfg = Release|Any CPU
		{43A69E74-598C-75BD-16FE-B08137DE324F}.Release|Any CPU.Build.0 = Release|Any CPU
		{898BBA85-F353-705A-1CBB-45457767BBB4}.Debug|Any CPU.ActiveCfg = Debug|Any CPU
		{898BBA85-F353-705A-1CBB-45457767BBB4}.Debug|Any CPU.Build.0 = Debug|Any CPU
		{898BBA85-F353-705A-1CBB-45457767BBB4}.Release|Any CPU.ActiveCfg = Release|Any CPU
		{898BBA85-F353-705A-1CBB-45457767BBB4}.Release|Any CPU.Build.0 = Release|Any CPU
		{3BF29CE2-1E9A-F7BB-0367-ABA7F2548B22}.Debug|Any CPU.ActiveCfg = Debug|Any CPU
		{3BF29CE2-1E9A-F7BB-0367-ABA7F2548B22}.Debug|Any CPU.Build.0 = Debug|Any CPU
		{3BF29CE2-1E9A-F7BB-0367-ABA7F2548B22}.Release|Any CPU.ActiveCfg = Release|Any CPU
		{3BF29CE2-1E9A-F7BB-0367-ABA7F2548B22}.Release|Any CPU.Build.0 = Release|Any CPU
		{FF169104-761B-FE14-AD91-952EBE385D61}.Debug|Any CPU.ActiveCfg = Debug|Any CPU
		{FF169104-761B-FE14-AD91-952EBE385D61}.Debug|Any CPU.Build.0 = Debug|Any CPU
		{FF169104-761B-FE14-AD91-952EBE385D61}.Release|Any CPU.ActiveCfg = Release|Any CPU
		{FF169104-761B-FE14-AD91-952EBE385D61}.Release|Any CPU.Build.0 = Release|Any CPU
		{D5F252E5-CEA9-6F4E-64A2-4CD10AE99AAB}.Debug|Any CPU.ActiveCfg = Debug|Any CPU
		{D5F252E5-CEA9-6F4E-64A2-4CD10AE99AAB}.Debug|Any CPU.Build.0 = Debug|Any CPU
		{D5F252E5-CEA9-6F4E-64A2-4CD10AE99AAB}.Release|Any CPU.ActiveCfg = Release|Any CPU
		{D5F252E5-CEA9-6F4E-64A2-4CD10AE99AAB}.Release|Any CPU.Build.0 = Release|Any CPU
		{C53CCA79-1918-11DD-5E22-4047FDD675F4}.Debug|Any CPU.ActiveCfg = Debug|Any CPU
		{C53CCA79-1918-11DD-5E22-4047FDD675F4}.Debug|Any CPU.Build.0 = Debug|Any CPU
		{C53CCA79-1918-11DD-5E22-4047FDD675F4}.Release|Any CPU.ActiveCfg = Release|Any CPU
		{C53CCA79-1918-11DD-5E22-4047FDD675F4}.Release|Any CPU.Build.0 = Release|Any CPU
		{06179275-AFE5-DB64-B391-EC86A49E8E2D}.Debug|Any CPU.ActiveCfg = Debug|Any CPU
		{06179275-AFE5-DB64-B391-EC86A49E8E2D}.Debug|Any CPU.Build.0 = Debug|Any CPU
		{06179275-AFE5-DB64-B391-EC86A49E8E2D}.Release|Any CPU.ActiveCfg = Release|Any CPU
		{06179275-AFE5-DB64-B391-EC86A49E8E2D}.Release|Any CPU.Build.0 = Release|Any CPU
		{0805A39E-1FDD-5AE8-6577-C4B2DBD71884}.Debug|Any CPU.ActiveCfg = Debug|Any CPU
		{0805A39E-1FDD-5AE8-6577-C4B2DBD71884}.Debug|Any CPU.Build.0 = Debug|Any CPU
		{0805A39E-1FDD-5AE8-6577-C4B2DBD71884}.Release|Any CPU.ActiveCfg = Release|Any CPU
		{0805A39E-1FDD-5AE8-6577-C4B2DBD71884}.Release|Any CPU.Build.0 = Release|Any CPU
		{BA2679DC-DD76-D932-2353-DBF7C4F26684}.Debug|Any CPU.ActiveCfg = Debug|Any CPU
		{BA2679DC-DD76-D932-2353-DBF7C4F26684}.Debug|Any CPU.Build.0 = Debug|Any CPU
		{BA2679DC-DD76-D932-2353-DBF7C4F26684}.Release|Any CPU.ActiveCfg = Release|Any CPU
		{BA2679DC-DD76-D932-2353-DBF7C4F26684}.Release|Any CPU.Build.0 = Release|Any CPU
		{3D22766A-798E-37CB-8EB6-311ED08F3438}.Debug|Any CPU.ActiveCfg = Debug|Any CPU
		{3D22766A-798E-37CB-8EB6-311ED08F3438}.Debug|Any CPU.Build.0 = Debug|Any CPU
		{3D22766A-798E-37CB-8EB6-311ED08F3438}.Release|Any CPU.ActiveCfg = Release|Any CPU
		{3D22766A-798E-37CB-8EB6-311ED08F3438}.Release|Any CPU.Build.0 = Release|Any CPU
		{C778A36E-3701-7B94-2D5C-704E0A7E23A7}.Debug|Any CPU.ActiveCfg = Debug|Any CPU
		{C778A36E-3701-7B94-2D5C-704E0A7E23A7}.Debug|Any CPU.Build.0 = Debug|Any CPU
		{C778A36E-3701-7B94-2D5C-704E0A7E23A7}.Release|Any CPU.ActiveCfg = Release|Any CPU
		{C778A36E-3701-7B94-2D5C-704E0A7E23A7}.Release|Any CPU.Build.0 = Release|Any CPU
		{1DB112D6-A404-E6EB-CD03-1B70352B5239}.Debug|Any CPU.ActiveCfg = Debug|Any CPU
		{1DB112D6-A404-E6EB-CD03-1B70352B5239}.Debug|Any CPU.Build.0 = Debug|Any CPU
		{1DB112D6-A404-E6EB-CD03-1B70352B5239}.Release|Any CPU.ActiveCfg = Release|Any CPU
		{1DB112D6-A404-E6EB-CD03-1B70352B5239}.Release|Any CPU.Build.0 = Release|Any CPU
		{155FFE7E-6138-33BC-EF59-2DFC9F797C28}.Debug|Any CPU.ActiveCfg = Debug|Any CPU
		{155FFE7E-6138-33BC-EF59-2DFC9F797C28}.Debug|Any CPU.Build.0 = Debug|Any CPU
		{155FFE7E-6138-33BC-EF59-2DFC9F797C28}.Release|Any CPU.ActiveCfg = Release|Any CPU
		{155FFE7E-6138-33BC-EF59-2DFC9F797C28}.Release|Any CPU.Build.0 = Release|Any CPU
		{162DF784-65E8-81CA-BF19-81B305E11D23}.Debug|Any CPU.ActiveCfg = Debug|Any CPU
		{162DF784-65E8-81CA-BF19-81B305E11D23}.Debug|Any CPU.Build.0 = Debug|Any CPU
		{162DF784-65E8-81CA-BF19-81B305E11D23}.Release|Any CPU.ActiveCfg = Release|Any CPU
		{162DF784-65E8-81CA-BF19-81B305E11D23}.Release|Any CPU.Build.0 = Release|Any CPU
		{9753DE9D-B417-EAD3-670D-93A99A8D35C8}.Debug|Any CPU.ActiveCfg = Debug|Any CPU
		{9753DE9D-B417-EAD3-670D-93A99A8D35C8}.Debug|Any CPU.Build.0 = Debug|Any CPU
		{9753DE9D-B417-EAD3-670D-93A99A8D35C8}.Release|Any CPU.ActiveCfg = Release|Any CPU
		{9753DE9D-B417-EAD3-670D-93A99A8D35C8}.Release|Any CPU.Build.0 = Release|Any CPU
		{04CC123E-4EC8-EE74-7C55-0921C45A916E}.Debug|Any CPU.ActiveCfg = Debug|Any CPU
		{04CC123E-4EC8-EE74-7C55-0921C45A916E}.Debug|Any CPU.Build.0 = Debug|Any CPU
		{04CC123E-4EC8-EE74-7C55-0921C45A916E}.Release|Any CPU.ActiveCfg = Release|Any CPU
		{04CC123E-4EC8-EE74-7C55-0921C45A916E}.Release|Any CPU.Build.0 = Release|Any CPU
		{1CF23AA1-EDB4-CE2E-DE2C-9AF319520855}.Debug|Any CPU.ActiveCfg = Debug|Any CPU
		{1CF23AA1-EDB4-CE2E-DE2C-9AF319520855}.Debug|Any CPU.Build.0 = Debug|Any CPU
		{1CF23AA1-EDB4-CE2E-DE2C-9AF319520855}.Release|Any CPU.ActiveCfg = Release|Any CPU
		{1CF23AA1-EDB4-CE2E-DE2C-9AF319520855}.Release|Any CPU.Build.0 = Release|Any CPU
		{6C132EC8-13E5-FE42-4EA5-59426900A6A0}.Debug|Any CPU.ActiveCfg = Debug|Any CPU
		{6C132EC8-13E5-FE42-4EA5-59426900A6A0}.Debug|Any CPU.Build.0 = Debug|Any CPU
		{6C132EC8-13E5-FE42-4EA5-59426900A6A0}.Release|Any CPU.ActiveCfg = Release|Any CPU
		{6C132EC8-13E5-FE42-4EA5-59426900A6A0}.Release|Any CPU.Build.0 = Release|Any CPU
		{894D6F24-7D1A-AB78-5869-9942068D8362}.Debug|Any CPU.ActiveCfg = Debug|Any CPU
		{894D6F24-7D1A-AB78-5869-9942068D8362}.Debug|Any CPU.Build.0 = Debug|Any CPU
		{894D6F24-7D1A-AB78-5869-9942068D8362}.Release|Any CPU.ActiveCfg = Release|Any CPU
		{894D6F24-7D1A-AB78-5869-9942068D8362}.Release|Any CPU.Build.0 = Release|Any CPU
		{F94C1687-EB4F-ADF2-6F83-B65B1F8EDF56}.Debug|Any CPU.ActiveCfg = Debug|Any CPU
		{F94C1687-EB4F-ADF2-6F83-B65B1F8EDF56}.Debug|Any CPU.Build.0 = Debug|Any CPU
		{F94C1687-EB4F-ADF2-6F83-B65B1F8EDF56}.Release|Any CPU.ActiveCfg = Release|Any CPU
		{F94C1687-EB4F-ADF2-6F83-B65B1F8EDF56}.Release|Any CPU.Build.0 = Release|Any CPU
		{7D80C6A1-CAC7-8D77-C26D-635512B7C62F}.Debug|Any CPU.ActiveCfg = Debug|Any CPU
		{7D80C6A1-CAC7-8D77-C26D-635512B7C62F}.Debug|Any CPU.Build.0 = Debug|Any CPU
		{7D80C6A1-CAC7-8D77-C26D-635512B7C62F}.Release|Any CPU.ActiveCfg = Release|Any CPU
		{7D80C6A1-CAC7-8D77-C26D-635512B7C62F}.Release|Any CPU.Build.0 = Release|Any CPU
		{8BF343E9-4EDF-31C7-75D5-4691DAF9A4BA}.Debug|Any CPU.ActiveCfg = Debug|Any CPU
		{8BF343E9-4EDF-31C7-75D5-4691DAF9A4BA}.Debug|Any CPU.Build.0 = Debug|Any CPU
		{8BF343E9-4EDF-31C7-75D5-4691DAF9A4BA}.Release|Any CPU.ActiveCfg = Release|Any CPU
		{8BF343E9-4EDF-31C7-75D5-4691DAF9A4BA}.Release|Any CPU.Build.0 = Release|Any CPU
		{25CECC2D-B9AD-56A2-BD06-1253800CAC7B}.Debug|Any CPU.ActiveCfg = Debug|Any CPU
		{25CECC2D-B9AD-56A2-BD06-1253800CAC7B}.Debug|Any CPU.Build.0 = Debug|Any CPU
		{25CECC2D-B9AD-56A2-BD06-1253800CAC7B}.Release|Any CPU.ActiveCfg = Release|Any CPU
		{25CECC2D-B9AD-56A2-BD06-1253800CAC7B}.Release|Any CPU.Build.0 = Release|Any CPU
		{BA0D7995-4CCD-110F-AFD4-235FAB5C2952}.Debug|Any CPU.ActiveCfg = Debug|Any CPU
		{BA0D7995-4CCD-110F-AFD4-235FAB5C2952}.Debug|Any CPU.Build.0 = Debug|Any CPU
		{BA0D7995-4CCD-110F-AFD4-235FAB5C2952}.Release|Any CPU.ActiveCfg = Release|Any CPU
		{BA0D7995-4CCD-110F-AFD4-235FAB5C2952}.Release|Any CPU.Build.0 = Release|Any CPU
		{543562C0-B8FD-DF3F-C03E-FD4997627F3D}.Debug|Any CPU.ActiveCfg = Debug|Any CPU
		{543562C0-B8FD-DF3F-C03E-FD4997627F3D}.Debug|Any CPU.Build.0 = Debug|Any CPU
		{543562C0-B8FD-DF3F-C03E-FD4997627F3D}.Release|Any CPU.ActiveCfg = Release|Any CPU
		{543562C0-B8FD-DF3F-C03E-FD4997627F3D}.Release|Any CPU.Build.0 = Release|Any CPU
		{55F3FF8E-0B94-4524-DEEE-B8CB96B04D7F}.Debug|Any CPU.ActiveCfg = Debug|Any CPU
		{55F3FF8E-0B94-4524-DEEE-B8CB96B04D7F}.Debug|Any CPU.Build.0 = Debug|Any CPU
		{55F3FF8E-0B94-4524-DEEE-B8CB96B04D7F}.Release|Any CPU.ActiveCfg = Release|Any CPU
		{55F3FF8E-0B94-4524-DEEE-B8CB96B04D7F}.Release|Any CPU.Build.0 = Release|Any CPU
		{D353F1F0-581C-7B17-085D-46FC40E51AE0}.Debug|Any CPU.ActiveCfg = Debug|Any CPU
		{D353F1F0-581C-7B17-085D-46FC40E51AE0}.Debug|Any CPU.Build.0 = Debug|Any CPU
		{D353F1F0-581C-7B17-085D-46FC40E51AE0}.Release|Any CPU.ActiveCfg = Release|Any CPU
		{D353F1F0-581C-7B17-085D-46FC40E51AE0}.Release|Any CPU.Build.0 = Release|Any CPU
		{D4C87B8A-4345-D88D-25D5-66E1935A571C}.Debug|Any CPU.ActiveCfg = Debug|Any CPU
		{D4C87B8A-4345-D88D-25D5-66E1935A571C}.Debug|Any CPU.Build.0 = Debug|Any CPU
		{D4C87B8A-4345-D88D-25D5-66E1935A571C}.Release|Any CPU.ActiveCfg = Release|Any CPU
		{D4C87B8A-4345-D88D-25D5-66E1935A571C}.Release|Any CPU.Build.0 = Release|Any CPU
		{C7ADAF81-BEBB-AED0-13F0-80595DB8F635}.Debug|Any CPU.ActiveCfg = Debug|Any CPU
		{C7ADAF81-BEBB-AED0-13F0-80595DB8F635}.Debug|Any CPU.Build.0 = Debug|Any CPU
		{C7ADAF81-BEBB-AED0-13F0-80595DB8F635}.Release|Any CPU.ActiveCfg = Release|Any CPU
		{C7ADAF81-BEBB-AED0-13F0-80595DB8F635}.Release|Any CPU.Build.0 = Release|Any CPU
		{3B177D69-CB5D-5095-BC20-397654B73871}.Debug|Any CPU.ActiveCfg = Debug|Any CPU
		{3B177D69-CB5D-5095-BC20-397654B73871}.Debug|Any CPU.Build.0 = Debug|Any CPU
		{3B177D69-CB5D-5095-BC20-397654B73871}.Release|Any CPU.ActiveCfg = Release|Any CPU
		{3B177D69-CB5D-5095-BC20-397654B73871}.Release|Any CPU.Build.0 = Release|Any CPU
		{C7E3EE05-7093-602C-7BDC-1B448A014DF4}.Debug|Any CPU.ActiveCfg = Debug|Any CPU
		{C7E3EE05-7093-602C-7BDC-1B448A014DF4}.Debug|Any CPU.Build.0 = Debug|Any CPU
		{C7E3EE05-7093-602C-7BDC-1B448A014DF4}.Release|Any CPU.ActiveCfg = Release|Any CPU
		{C7E3EE05-7093-602C-7BDC-1B448A014DF4}.Release|Any CPU.Build.0 = Release|Any CPU
		{356007BC-F402-9D2C-560F-DEA3F29707FE}.Debug|Any CPU.ActiveCfg = Debug|Any CPU
		{356007BC-F402-9D2C-560F-DEA3F29707FE}.Debug|Any CPU.Build.0 = Debug|Any CPU
		{356007BC-F402-9D2C-560F-DEA3F29707FE}.Release|Any CPU.ActiveCfg = Release|Any CPU
		{356007BC-F402-9D2C-560F-DEA3F29707FE}.Release|Any CPU.Build.0 = Release|Any CPU
		{63738187-BBE7-A66C-D981-EAE802DEEFE7}.Debug|Any CPU.ActiveCfg = Debug|Any CPU
		{63738187-BBE7-A66C-D981-EAE802DEEFE7}.Debug|Any CPU.Build.0 = Debug|Any CPU
		{63738187-BBE7-A66C-D981-EAE802DEEFE7}.Release|Any CPU.ActiveCfg = Release|Any CPU
		{63738187-BBE7-A66C-D981-EAE802DEEFE7}.Release|Any CPU.Build.0 = Release|Any CPU
		{C776316F-F393-3C2D-A807-39C6A3539CA0}.Debug|Any CPU.ActiveCfg = Debug|Any CPU
		{C776316F-F393-3C2D-A807-39C6A3539CA0}.Debug|Any CPU.Build.0 = Debug|Any CPU
		{C776316F-F393-3C2D-A807-39C6A3539CA0}.Release|Any CPU.ActiveCfg = Release|Any CPU
		{C776316F-F393-3C2D-A807-39C6A3539CA0}.Release|Any CPU.Build.0 = Release|Any CPU
		{ECE695D1-91E6-04E1-27DB-D75C76BB4A9C}.Debug|Any CPU.ActiveCfg = Debug|Any CPU
		{ECE695D1-91E6-04E1-27DB-D75C76BB4A9C}.Debug|Any CPU.Build.0 = Debug|Any CPU
		{ECE695D1-91E6-04E1-27DB-D75C76BB4A9C}.Release|Any CPU.ActiveCfg = Release|Any CPU
		{ECE695D1-91E6-04E1-27DB-D75C76BB4A9C}.Release|Any CPU.Build.0 = Release|Any CPU
		{0B952A34-CB5A-4DD2-31A7-6B6163CCA7AE}.Debug|Any CPU.ActiveCfg = Debug|Any CPU
		{0B952A34-CB5A-4DD2-31A7-6B6163CCA7AE}.Debug|Any CPU.Build.0 = Debug|Any CPU
		{0B952A34-CB5A-4DD2-31A7-6B6163CCA7AE}.Release|Any CPU.ActiveCfg = Release|Any CPU
		{0B952A34-CB5A-4DD2-31A7-6B6163CCA7AE}.Release|Any CPU.Build.0 = Release|Any CPU
		{65ADA9CE-7889-F1F0-8A80-9B921283DA52}.Debug|Any CPU.ActiveCfg = Debug|Any CPU
		{65ADA9CE-7889-F1F0-8A80-9B921283DA52}.Debug|Any CPU.Build.0 = Debug|Any CPU
		{65ADA9CE-7889-F1F0-8A80-9B921283DA52}.Release|Any CPU.ActiveCfg = Release|Any CPU
		{65ADA9CE-7889-F1F0-8A80-9B921283DA52}.Release|Any CPU.Build.0 = Release|Any CPU
	EndGlobalSection
	GlobalSection(SolutionProperties) = preSolution
		HideSolutionNode = FALSE
	EndGlobalSection
EndGlobal
