
Microsoft Visual Studio Solution File, Format Version 12.00
# Visual Studio 15
Project("{FAE04EC0-301F-11D3-BF4B-00C04F79EFBC}") = "Oculus.Interaction.Editor", "Oculus.Interaction.Editor.csproj", "{51FFCC85-179B-B45E-1C30-ECD42BE04D06}"
EndProject
Project("{FAE04EC0-301F-11D3-BF4B-00C04F79EFBC}") = "Meta.WitAi.Conduit", "Meta.WitAi.Conduit.csproj", "{5AF75F32-C828-0AF5-4FE0-5466FF6DE503}"
EndProject
Project("{FAE04EC0-301F-11D3-BF4B-00C04F79EFBC}") = "Oculus.VR", "Oculus.VR.csproj", "{37C7CAF8-FA75-1944-21B3-8A48D3C8CD2A}"
EndProject
Project("{FAE04EC0-301F-11D3-BF4B-00C04F79EFBC}") = "Oculus.Interaction", "Oculus.Interaction.csproj", "{F22B626F-09EA-607B-4668-8D092ADDBD09}"
EndProject
Project("{FAE04EC0-301F-11D3-BF4B-00C04F79EFBC}") = "Meta.Voice.Samples.ShapesConduit", "Meta.Voice.Samples.ShapesConduit.csproj", "{E354F46D-977A-E5BC-9311-18443B90A4F2}"
EndProject
Project("{FAE04EC0-301F-11D3-BF4B-00C04F79EFBC}") = "Meta.WitAi.Editor", "Meta.WitAi.Editor.csproj", "{13FA68E3-E2E0-D0F6-6D28-0B401BE6AE1F}"
EndProject
Project("{FAE04EC0-301F-11D3-BF4B-00C04F79EFBC}") = "Oculus.Platform", "Oculus.Platform.csproj", "{8D3C4347-EF99-7904-AD2C-97A09A069EFC}"
EndProject
Project("{FAE04EC0-301F-11D3-BF4B-00C04F79EFBC}") = "VoiceSDK.Telemetry", "VoiceSDK.Telemetry.csproj", "{94E0E9CE-1916-5C79-190D-06FF2392DD1C}"
EndProject
Project("{FAE04EC0-301F-11D3-BF4B-00C04F79EFBC}") = "Meta.WitAi.Conduit.Editor", "Meta.WitAi.Conduit.Editor.csproj", "{E3C3BC22-5A65-CD04-7189-49686C6448BE}"
EndProject
Project("{FAE04EC0-301F-11D3-BF4B-00C04F79EFBC}") = "Meta.WitAi", "Meta.WitAi.csproj", "{0C3B7C4D-D0D7-4DFF-7D68-D5C6D181C8C8}"
EndProject
Project("{FAE04EC0-301F-11D3-BF4B-00C04F79EFBC}") = "Oculus.Interaction.OVR.Samples", "Oculus.Interaction.OVR.Samples.csproj", "{18B9A10D-73C7-2032-91F3-EEDDD03D1A5E}"
EndProject
Project("{FAE04EC0-301F-11D3-BF4B-00C04F79EFBC}") = "Assembly-CSharp", "Assembly-CSharp.csproj", "{B910F4F3-F36F-070B-7682-34CB45AECA0D}"
EndProject
Project("{FAE04EC0-301F-11D3-BF4B-00C04F79EFBC}") = "Meta.WitAi.Lib", "Meta.WitAi.Lib.csproj", "{9EC633C9-5F25-CC82-CBD4-6D423BA52448}"
EndProject
Project("{FAE04EC0-301F-11D3-BF4B-00C04F79EFBC}") = "Oculus.VR.Editor", "Oculus.VR.Editor.csproj", "{F7ADB5B4-E58C-B65B-7EB6-985018DF8476}"
EndProject
Project("{FAE04EC0-301F-11D3-BF4B-00C04F79EFBC}") = "Meta.Voice.Hub.Runtime", "Meta.Voice.Hub.Runtime.csproj", "{D856242E-D022-231A-C883-989BB96514EE}"
EndProject
Project("{FAE04EC0-301F-11D3-BF4B-00C04F79EFBC}") = "Oculus.Interaction.OVR.Editor", "Oculus.Interaction.OVR.Editor.csproj", "{E8440C95-9965-0448-B1AD-729CCC662783}"
EndProject
Project("{FAE04EC0-301F-11D3-BF4B-00C04F79EFBC}") = "VoiceSDK.Dictation.Runtime", "VoiceSDK.Dictation.Runtime.csproj", "{CE9F010C-C96F-7D68-4E10-E6695154E7F3}"
EndProject
Project("{FAE04EC0-301F-11D3-BF4B-00C04F79EFBC}") = "Oculus.LipSync", "Oculus.LipSync.csproj", "{4894B0B4-2841-0170-5BE4-BED6E73442E7}"
EndProject
Project("{FAE04EC0-301F-11D3-BF4B-00C04F79EFBC}") = "Oculus.Interaction.OVR", "Oculus.Interaction.OVR.csproj", "{77C6579B-8163-1D64-C9D5-81CE336D51EA}"
EndProject
Project("{FAE04EC0-301F-11D3-BF4B-00C04F79EFBC}") = "Meta.Voice.Hub.Editor", "Meta.Voice.Hub.Editor.csproj", "{1DA1813C-E027-C5C1-C06B-7CF653480B9E}"
EndProject
Project("{FAE04EC0-301F-11D3-BF4B-00C04F79EFBC}") = "VoiceSDK.Editor", "VoiceSDK.Editor.csproj", "{95926D4C-C212-B4A3-0FC9-361C58D6F7E8}"
EndProject
Project("{FAE04EC0-301F-11D3-BF4B-00C04F79EFBC}") = "Meta.WitAI.Lib.Editor", "Meta.WitAI.Lib.Editor.csproj", "{4E0196D5-2071-CFFA-C2AA-B2CC8E989786}"
EndProject
Project("{FAE04EC0-301F-11D3-BF4B-00C04F79EFBC}") = "Oculus.Spatializer.Editor", "Oculus.Spatializer.Editor.csproj", "{CF9683F8-57E1-FA7D-2B76-7A0E908B2E3A}"
EndProject
Project("{FAE04EC0-301F-11D3-BF4B-00C04F79EFBC}") = "AssistantCoreSDKRuntime", "AssistantCoreSDKRuntime.csproj", "{9C7FFE90-24A0-10B7-C26F-F50AD087033D}"
EndProject
Project("{FAE04EC0-301F-11D3-BF4B-00C04F79EFBC}") = "Oculus.AudioManager", "Oculus.AudioManager.csproj", "{C806B4EF-F88C-E31F-1EEF-229E17CD6CE5}"
EndProject
Project("{FAE04EC0-301F-11D3-BF4B-00C04F79EFBC}") = "VoiceSDK.Runtime", "VoiceSDK.Runtime.csproj", "{06906F2E-9904-7BF4-ABD3-DD0DC555F7C0}"
EndProject
Project("{FAE04EC0-301F-11D3-BF4B-00C04F79EFBC}") = "Facebook.Wit.Dictation", "Facebook.Wit.Dictation.csproj", "{862FD460-C8CC-0EEE-3248-9E0E3AB6ACEA}"
EndProject
Project("{FAE04EC0-301F-11D3-BF4B-00C04F79EFBC}") = "Meta.Voice.Samples.BuiltInTimer", "Meta.Voice.Samples.BuiltInTimer.csproj", "{CB06F471-F5E3-C072-50B4-0368D14CC046}"
EndProject
Project("{FAE04EC0-301F-11D3-BF4B-00C04F79EFBC}") = "Oculus.Platform.Editor", "Oculus.Platform.Editor.csproj", "{7F6506AE-1646-376E-F190-1EF0CBBE4E38}"
EndProject
Project("{FAE04EC0-301F-11D3-BF4B-00C04F79EFBC}") = "Meta.XR.BuildingBlocks.Editor", "Meta.XR.BuildingBlocks.Editor.csproj", "{058AF28C-B275-124F-7105-246C124D7F51}"
EndProject
Project("{FAE04EC0-301F-11D3-BF4B-00C04F79EFBC}") = "Meta.Voice.Samples.TTSVoices", "Meta.Voice.Samples.TTSVoices.csproj", "{021B6566-0A97-8E1A-C88E-F6627DCFC612}"
EndProject
Project("{FAE04EC0-301F-11D3-BF4B-00C04F79EFBC}") = "Meta.Voice.VSDKHub.Editor", "Meta.Voice.VSDKHub.Editor.csproj", "{FEC53A11-1C9A-4C71-3E81-187F8483280C}"
EndProject
Project("{FAE04EC0-301F-11D3-BF4B-00C04F79EFBC}") = "Meta.WitAi.TTS", "Meta.WitAi.TTS.csproj", "{48D509A5-D2BF-6B41-92E8-8950BE35C4E8}"
EndProject
Project("{FAE04EC0-301F-11D3-BF4B-00C04F79EFBC}") = "Oculus.AudioManager.Audio.Editor", "Oculus.AudioManager.Audio.Editor.csproj", "{913292B6-75A3-EE29-A251-0B811B0A9211}"
EndProject
Project("{FAE04EC0-301F-11D3-BF4B-00C04F79EFBC}") = "Assembly-CSharp-Editor", "Assembly-CSharp-Editor.csproj", "{33DE1556-435A-3F22-BF27-52824E75C7BF}"
EndProject
Project("{FAE04EC0-301F-11D3-BF4B-00C04F79EFBC}") = "Meta.Voice.Samples.Chess", "Meta.Voice.Samples.Chess.csproj", "{C2B3E860-514F-E4C2-BA8C-899B48B39C9A}"
EndProject
Project("{FAE04EC0-301F-11D3-BF4B-00C04F79EFBC}") = "Oculus.VR.Scripts.Editor", "Oculus.VR.Scripts.Editor.csproj", "{1F947092-6FF4-41D4-1A42-936846B05303}"
EndProject
Project("{FAE04EC0-301F-11D3-BF4B-00C04F79EFBC}") = "Meta.Voice.Samples.LightTraits", "Meta.Voice.Samples.LightTraits.csproj", "{B134E4E9-9B31-E668-08C7-86E713E066D7}"
EndProject
Project("{FAE04EC0-301F-11D3-BF4B-00C04F79EFBC}") = "Meta.Voice.Samples.Dictation", "Meta.Voice.Samples.Dictation.csproj", "{0A3F11B9-66FE-EFDD-0492-062E6BD597CB}"
EndProject
Project("{FAE04EC0-301F-11D3-BF4B-00C04F79EFBC}") = "Meta.Voice.Samples.Shapes", "Meta.Voice.Samples.Shapes.csproj", "{4E11BA14-FC23-23A9-C36E-2EC393605115}"
EndProject
Project("{FAE04EC0-301F-11D3-BF4B-00C04F79EFBC}") = "Oculus.Interaction.Samples.Editor", "Oculus.Interaction.Samples.Editor.csproj", "{4817D1B2-C6E0-B69D-FD8F-02C1B3E8670A}"
EndProject
Project("{FAE04EC0-301F-11D3-BF4B-00C04F79EFBC}") = "Meta.WitAi.TTS.Editor", "Meta.WitAi.TTS.Editor.csproj", "{D3575E35-94EC-C42F-3C91-03C6BA1FB620}"
EndProject
Project("{FAE04EC0-301F-11D3-BF4B-00C04F79EFBC}") = "Meta.XR.BuildingBlocks", "Meta.XR.BuildingBlocks.csproj", "{1A11D47A-837A-7FF7-F50D-CC950E16B19F}"
EndProject
Project("{FAE04EC0-301F-11D3-BF4B-00C04F79EFBC}") = "Oculus.Spatializer", "Oculus.Spatializer.csproj", "{A4242147-1A16-9BE6-2BDB-CE14A5563281}"
EndProject
Project("{FAE04EC0-301F-11D3-BF4B-00C04F79EFBC}") = "Oculus.LipSync.Editor", "Oculus.LipSync.Editor.csproj", "{F8F700E0-9963-63E6-0231-CD05DB0DC2FE}"
EndProject
Project("{FAE04EC0-301F-11D3-BF4B-00C04F79EFBC}") = "Oculus.AudioManager.Utils.Editor", "Oculus.AudioManager.Utils.Editor.csproj", "{F2367176-D800-04BD-8CA8-DF54CFA91B24}"
EndProject
Project("{FAE04EC0-301F-11D3-BF4B-00C04F79EFBC}") = "Meta.VoiceSDK.Mic.Common", "Meta.VoiceSDK.Mic.Common.csproj", "{72200AE1-F1E0-D280-74C9-7425500D0152}"
EndProject
Project("{FAE04EC0-301F-11D3-BF4B-00C04F79EFBC}") = "VoiceSDK.Dictation.Editor", "VoiceSDK.Dictation.Editor.csproj", "{EF5AB9B2-5B2A-3153-67A6-C11E3D660900}"
EndProject
Project("{FAE04EC0-301F-11D3-BF4B-00C04F79EFBC}") = "Meta.VoiceSDK.Mic.Other", "Meta.VoiceSDK.Mic.Other.csproj", "{117640D7-288E-1442-FC20-A1D8A0000A82}"
EndProject
Project("{FAE04EC0-301F-11D3-BF4B-00C04F79EFBC}") = "AssistantCoreSDKEditor", "AssistantCoreSDKEditor.csproj", "{396456CB-0471-FBEC-B278-5CD16A4C080B}"
EndProject
Project("{FAE04EC0-301F-11D3-BF4B-00C04F79EFBC}") = "Oculus.Interaction.InterfaceSupport", "Oculus.Interaction.InterfaceSupport.csproj", "{44787FC6-E418-3BE1-6B30-1C120DD97311}"
EndProject
Project("{FAE04EC0-301F-11D3-BF4B-00C04F79EFBC}") = "Meta.Voice.Samples.LiveUnderstanding", "Meta.Voice.Samples.LiveUnderstanding.csproj", "{DFF2D8E4-F1D3-A843-837D-7B645074AB2F}"
EndProject
Project("{FAE04EC0-301F-11D3-BF4B-00C04F79EFBC}") = "Facebook.Wit.Dictation.Editor", "Facebook.Wit.Dictation.Editor.csproj", "{00027572-EEEB-168F-42C9-293774DB4C69}"
EndProject
Project("{FAE04EC0-301F-11D3-BF4B-00C04F79EFBC}") = "Meta.VoiceSDK.Mic.WebGL", "Meta.VoiceSDK.Mic.WebGL.csproj", "{731731C5-0CC3-3A0F-A544-991AD90A5F36}"
EndProject
Global
	GlobalSection(SolutionConfigurationPlatforms) = preSolution
		Debug|Any CPU = Debug|Any CPU
		Release|Any CPU = Release|Any CPU
	EndGlobalSection
	GlobalSection(ProjectConfigurationPlatforms) = postSolution
		{51FFCC85-179B-B45E-1C30-ECD42BE04D06}.Debug|Any CPU.ActiveCfg = Debug|Any CPU
		{51FFCC85-179B-B45E-1C30-ECD42BE04D06}.Debug|Any CPU.Build.0 = Debug|Any CPU
		{51FFCC85-179B-B45E-1C30-ECD42BE04D06}.Release|Any CPU.ActiveCfg = Release|Any CPU
		{51FFCC85-179B-B45E-1C30-ECD42BE04D06}.Release|Any CPU.Build.0 = Release|Any CPU
		{5AF75F32-C828-0AF5-4FE0-5466FF6DE503}.Debug|Any CPU.ActiveCfg = Debug|Any CPU
		{5AF75F32-C828-0AF5-4FE0-5466FF6DE503}.Debug|Any CPU.Build.0 = Debug|Any CPU
		{5AF75F32-C828-0AF5-4FE0-5466FF6DE503}.Release|Any CPU.ActiveCfg = Release|Any CPU
		{5AF75F32-C828-0AF5-4FE0-5466FF6DE503}.Release|Any CPU.Build.0 = Release|Any CPU
		{37C7CAF8-FA75-1944-21B3-8A48D3C8CD2A}.Debug|Any CPU.ActiveCfg = Debug|Any CPU
		{37C7CAF8-FA75-1944-21B3-8A48D3C8CD2A}.Debug|Any CPU.Build.0 = Debug|Any CPU
		{37C7CAF8-FA75-1944-21B3-8A48D3C8CD2A}.Release|Any CPU.ActiveCfg = Release|Any CPU
		{37C7CAF8-FA75-1944-21B3-8A48D3C8CD2A}.Release|Any CPU.Build.0 = Release|Any CPU
		{F22B626F-09EA-607B-4668-8D092ADDBD09}.Debug|Any CPU.ActiveCfg = Debug|Any CPU
		{F22B626F-09EA-607B-4668-8D092ADDBD09}.Debug|Any CPU.Build.0 = Debug|Any CPU
		{F22B626F-09EA-607B-4668-8D092ADDBD09}.Release|Any CPU.ActiveCfg = Release|Any CPU
		{F22B626F-09EA-607B-4668-8D092ADDBD09}.Release|Any CPU.Build.0 = Release|Any CPU
		{E354F46D-977A-E5BC-9311-18443B90A4F2}.Debug|Any CPU.ActiveCfg = Debug|Any CPU
		{E354F46D-977A-E5BC-9311-18443B90A4F2}.Debug|Any CPU.Build.0 = Debug|Any CPU
		{E354F46D-977A-E5BC-9311-18443B90A4F2}.Release|Any CPU.ActiveCfg = Release|Any CPU
		{E354F46D-977A-E5BC-9311-18443B90A4F2}.Release|Any CPU.Build.0 = Release|Any CPU
		{13FA68E3-E2E0-D0F6-6D28-0B401BE6AE1F}.Debug|Any CPU.ActiveCfg = Debug|Any CPU
		{13FA68E3-E2E0-D0F6-6D28-0B401BE6AE1F}.Debug|Any CPU.Build.0 = Debug|Any CPU
		{13FA68E3-E2E0-D0F6-6D28-0B401BE6AE1F}.Release|Any CPU.ActiveCfg = Release|Any CPU
		{13FA68E3-E2E0-D0F6-6D28-0B401BE6AE1F}.Release|Any CPU.Build.0 = Release|Any CPU
		{8D3C4347-EF99-7904-AD2C-97A09A069EFC}.Debug|Any CPU.ActiveCfg = Debug|Any CPU
		{8D3C4347-EF99-7904-AD2C-97A09A069EFC}.Debug|Any CPU.Build.0 = Debug|Any CPU
		{8D3C4347-EF99-7904-AD2C-97A09A069EFC}.Release|Any CPU.ActiveCfg = Release|Any CPU
		{8D3C4347-EF99-7904-AD2C-97A09A069EFC}.Release|Any CPU.Build.0 = Release|Any CPU
		{94E0E9CE-1916-5C79-190D-06FF2392DD1C}.Debug|Any CPU.ActiveCfg = Debug|Any CPU
		{94E0E9CE-1916-5C79-190D-06FF2392DD1C}.Debug|Any CPU.Build.0 = Debug|Any CPU
		{94E0E9CE-1916-5C79-190D-06FF2392DD1C}.Release|Any CPU.ActiveCfg = Release|Any CPU
		{94E0E9CE-1916-5C79-190D-06FF2392DD1C}.Release|Any CPU.Build.0 = Release|Any CPU
		{E3C3BC22-5A65-CD04-7189-49686C6448BE}.Debug|Any CPU.ActiveCfg = Debug|Any CPU
		{E3C3BC22-5A65-CD04-7189-49686C6448BE}.Debug|Any CPU.Build.0 = Debug|Any CPU
		{E3C3BC22-5A65-CD04-7189-49686C6448BE}.Release|Any CPU.ActiveCfg = Release|Any CPU
		{E3C3BC22-5A65-CD04-7189-49686C6448BE}.Release|Any CPU.Build.0 = Release|Any CPU
		{0C3B7C4D-D0D7-4DFF-7D68-D5C6D181C8C8}.Debug|Any CPU.ActiveCfg = Debug|Any CPU
		{0C3B7C4D-D0D7-4DFF-7D68-D5C6D181C8C8}.Debug|Any CPU.Build.0 = Debug|Any CPU
		{0C3B7C4D-D0D7-4DFF-7D68-D5C6D181C8C8}.Release|Any CPU.ActiveCfg = Release|Any CPU
		{0C3B7C4D-D0D7-4DFF-7D68-D5C6D181C8C8}.Release|Any CPU.Build.0 = Release|Any CPU
		{18B9A10D-73C7-2032-91F3-EEDDD03D1A5E}.Debug|Any CPU.ActiveCfg = Debug|Any CPU
		{18B9A10D-73C7-2032-91F3-EEDDD03D1A5E}.Debug|Any CPU.Build.0 = Debug|Any CPU
		{18B9A10D-73C7-2032-91F3-EEDDD03D1A5E}.Release|Any CPU.ActiveCfg = Release|Any CPU
		{18B9A10D-73C7-2032-91F3-EEDDD03D1A5E}.Release|Any CPU.Build.0 = Release|Any CPU
		{B910F4F3-F36F-070B-7682-34CB45AECA0D}.Debug|Any CPU.ActiveCfg = Debug|Any CPU
		{B910F4F3-F36F-070B-7682-34CB45AECA0D}.Debug|Any CPU.Build.0 = Debug|Any CPU
		{B910F4F3-F36F-070B-7682-34CB45AECA0D}.Release|Any CPU.ActiveCfg = Release|Any CPU
		{B910F4F3-F36F-070B-7682-34CB45AECA0D}.Release|Any CPU.Build.0 = Release|Any CPU
		{9EC633C9-5F25-CC82-CBD4-6D423BA52448}.Debug|Any CPU.ActiveCfg = Debug|Any CPU
		{9EC633C9-5F25-CC82-CBD4-6D423BA52448}.Debug|Any CPU.Build.0 = Debug|Any CPU
		{9EC633C9-5F25-CC82-CBD4-6D423BA52448}.Release|Any CPU.ActiveCfg = Release|Any CPU
		{9EC633C9-5F25-CC82-CBD4-6D423BA52448}.Release|Any CPU.Build.0 = Release|Any CPU
		{F7ADB5B4-E58C-B65B-7EB6-985018DF8476}.Debug|Any CPU.ActiveCfg = Debug|Any CPU
		{F7ADB5B4-E58C-B65B-7EB6-985018DF8476}.Debug|Any CPU.Build.0 = Debug|Any CPU
		{F7ADB5B4-E58C-B65B-7EB6-985018DF8476}.Release|Any CPU.ActiveCfg = Release|Any CPU
		{F7ADB5B4-E58C-B65B-7EB6-985018DF8476}.Release|Any CPU.Build.0 = Release|Any CPU
		{D856242E-D022-231A-C883-989BB96514EE}.Debug|Any CPU.ActiveCfg = Debug|Any CPU
		{D856242E-D022-231A-C883-989BB96514EE}.Debug|Any CPU.Build.0 = Debug|Any CPU
		{D856242E-D022-231A-C883-989BB96514EE}.Release|Any CPU.ActiveCfg = Release|Any CPU
		{D856242E-D022-231A-C883-989BB96514EE}.Release|Any CPU.Build.0 = Release|Any CPU
		{E8440C95-9965-0448-B1AD-729CCC662783}.Debug|Any CPU.ActiveCfg = Debug|Any CPU
		{E8440C95-9965-0448-B1AD-729CCC662783}.Debug|Any CPU.Build.0 = Debug|Any CPU
		{E8440C95-9965-0448-B1AD-729CCC662783}.Release|Any CPU.ActiveCfg = Release|Any CPU
		{E8440C95-9965-0448-B1AD-729CCC662783}.Release|Any CPU.Build.0 = Release|Any CPU
		{CE9F010C-C96F-7D68-4E10-E6695154E7F3}.Debug|Any CPU.ActiveCfg = Debug|Any CPU
		{CE9F010C-C96F-7D68-4E10-E6695154E7F3}.Debug|Any CPU.Build.0 = Debug|Any CPU
		{CE9F010C-C96F-7D68-4E10-E6695154E7F3}.Release|Any CPU.ActiveCfg = Release|Any CPU
		{CE9F010C-C96F-7D68-4E10-E6695154E7F3}.Release|Any CPU.Build.0 = Release|Any CPU
		{4894B0B4-2841-0170-5BE4-BED6E73442E7}.Debug|Any CPU.ActiveCfg = Debug|Any CPU
		{4894B0B4-2841-0170-5BE4-BED6E73442E7}.Debug|Any CPU.Build.0 = Debug|Any CPU
		{4894B0B4-2841-0170-5BE4-BED6E73442E7}.Release|Any CPU.ActiveCfg = Release|Any CPU
		{4894B0B4-2841-0170-5BE4-BED6E73442E7}.Release|Any CPU.Build.0 = Release|Any CPU
		{77C6579B-8163-1D64-C9D5-81CE336D51EA}.Debug|Any CPU.ActiveCfg = Debug|Any CPU
		{77C6579B-8163-1D64-C9D5-81CE336D51EA}.Debug|Any CPU.Build.0 = Debug|Any CPU
		{77C6579B-8163-1D64-C9D5-81CE336D51EA}.Release|Any CPU.ActiveCfg = Release|Any CPU
		{77C6579B-8163-1D64-C9D5-81CE336D51EA}.Release|Any CPU.Build.0 = Release|Any CPU
		{1DA1813C-E027-C5C1-C06B-7CF653480B9E}.Debug|Any CPU.ActiveCfg = Debug|Any CPU
		{1DA1813C-E027-C5C1-C06B-7CF653480B9E}.Debug|Any CPU.Build.0 = Debug|Any CPU
		{1DA1813C-E027-C5C1-C06B-7CF653480B9E}.Release|Any CPU.ActiveCfg = Release|Any CPU
		{1DA1813C-E027-C5C1-C06B-7CF653480B9E}.Release|Any CPU.Build.0 = Release|Any CPU
		{95926D4C-C212-B4A3-0FC9-361C58D6F7E8}.Debug|Any CPU.ActiveCfg = Debug|Any CPU
		{95926D4C-C212-B4A3-0FC9-361C58D6F7E8}.Debug|Any CPU.Build.0 = Debug|Any CPU
		{95926D4C-C212-B4A3-0FC9-361C58D6F7E8}.Release|Any CPU.ActiveCfg = Release|Any CPU
		{95926D4C-C212-B4A3-0FC9-361C58D6F7E8}.Release|Any CPU.Build.0 = Release|Any CPU
		{4E0196D5-2071-CFFA-C2AA-B2CC8E989786}.Debug|Any CPU.ActiveCfg = Debug|Any CPU
		{4E0196D5-2071-CFFA-C2AA-B2CC8E989786}.Debug|Any CPU.Build.0 = Debug|Any CPU
		{4E0196D5-2071-CFFA-C2AA-B2CC8E989786}.Release|Any CPU.ActiveCfg = Release|Any CPU
		{4E0196D5-2071-CFFA-C2AA-B2CC8E989786}.Release|Any CPU.Build.0 = Release|Any CPU
		{CF9683F8-57E1-FA7D-2B76-7A0E908B2E3A}.Debug|Any CPU.ActiveCfg = Debug|Any CPU
		{CF9683F8-57E1-FA7D-2B76-7A0E908B2E3A}.Debug|Any CPU.Build.0 = Debug|Any CPU
		{CF9683F8-57E1-FA7D-2B76-7A0E908B2E3A}.Release|Any CPU.ActiveCfg = Release|Any CPU
		{CF9683F8-57E1-FA7D-2B76-7A0E908B2E3A}.Release|Any CPU.Build.0 = Release|Any CPU
		{9C7FFE90-24A0-10B7-C26F-F50AD087033D}.Debug|Any CPU.ActiveCfg = Debug|Any CPU
		{9C7FFE90-24A0-10B7-C26F-F50AD087033D}.Debug|Any CPU.Build.0 = Debug|Any CPU
		{9C7FFE90-24A0-10B7-C26F-F50AD087033D}.Release|Any CPU.ActiveCfg = Release|Any CPU
		{9C7FFE90-24A0-10B7-C26F-F50AD087033D}.Release|Any CPU.Build.0 = Release|Any CPU
		{C806B4EF-F88C-E31F-1EEF-229E17CD6CE5}.Debug|Any CPU.ActiveCfg = Debug|Any CPU
		{C806B4EF-F88C-E31F-1EEF-229E17CD6CE5}.Debug|Any CPU.Build.0 = Debug|Any CPU
		{C806B4EF-F88C-E31F-1EEF-229E17CD6CE5}.Release|Any CPU.ActiveCfg = Release|Any CPU
		{C806B4EF-F88C-E31F-1EEF-229E17CD6CE5}.Release|Any CPU.Build.0 = Release|Any CPU
		{06906F2E-9904-7BF4-ABD3-DD0DC555F7C0}.Debug|Any CPU.ActiveCfg = Debug|Any CPU
		{06906F2E-9904-7BF4-ABD3-DD0DC555F7C0}.Debug|Any CPU.Build.0 = Debug|Any CPU
		{06906F2E-9904-7BF4-ABD3-DD0DC555F7C0}.Release|Any CPU.ActiveCfg = Release|Any CPU
		{06906F2E-9904-7BF4-ABD3-DD0DC555F7C0}.Release|Any CPU.Build.0 = Release|Any CPU
		{862FD460-C8CC-0EEE-3248-9E0E3AB6ACEA}.Debug|Any CPU.ActiveCfg = Debug|Any CPU
		{862FD460-C8CC-0EEE-3248-9E0E3AB6ACEA}.Debug|Any CPU.Build.0 = Debug|Any CPU
		{862FD460-C8CC-0EEE-3248-9E0E3AB6ACEA}.Release|Any CPU.ActiveCfg = Release|Any CPU
		{862FD460-C8CC-0EEE-3248-9E0E3AB6ACEA}.Release|Any CPU.Build.0 = Release|Any CPU
		{CB06F471-F5E3-C072-50B4-0368D14CC046}.Debug|Any CPU.ActiveCfg = Debug|Any CPU
		{CB06F471-F5E3-C072-50B4-0368D14CC046}.Debug|Any CPU.Build.0 = Debug|Any CPU
		{CB06F471-F5E3-C072-50B4-0368D14CC046}.Release|Any CPU.ActiveCfg = Release|Any CPU
		{CB06F471-F5E3-C072-50B4-0368D14CC046}.Release|Any CPU.Build.0 = Release|Any CPU
		{7F6506AE-1646-376E-F190-1EF0CBBE4E38}.Debug|Any CPU.ActiveCfg = Debug|Any CPU
		{7F6506AE-1646-376E-F190-1EF0CBBE4E38}.Debug|Any CPU.Build.0 = Debug|Any CPU
		{7F6506AE-1646-376E-F190-1EF0CBBE4E38}.Release|Any CPU.ActiveCfg = Release|Any CPU
		{7F6506AE-1646-376E-F190-1EF0CBBE4E38}.Release|Any CPU.Build.0 = Release|Any CPU
		{058AF28C-B275-124F-7105-246C124D7F51}.Debug|Any CPU.ActiveCfg = Debug|Any CPU
		{058AF28C-B275-124F-7105-246C124D7F51}.Debug|Any CPU.Build.0 = Debug|Any CPU
		{058AF28C-B275-124F-7105-246C124D7F51}.Release|Any CPU.ActiveCfg = Release|Any CPU
		{058AF28C-B275-124F-7105-246C124D7F51}.Release|Any CPU.Build.0 = Release|Any CPU
		{021B6566-0A97-8E1A-C88E-F6627DCFC612}.Debug|Any CPU.ActiveCfg = Debug|Any CPU
		{021B6566-0A97-8E1A-C88E-F6627DCFC612}.Debug|Any CPU.Build.0 = Debug|Any CPU
		{021B6566-0A97-8E1A-C88E-F6627DCFC612}.Release|Any CPU.ActiveCfg = Release|Any CPU
		{021B6566-0A97-8E1A-C88E-F6627DCFC612}.Release|Any CPU.Build.0 = Release|Any CPU
		{FEC53A11-1C9A-4C71-3E81-187F8483280C}.Debug|Any CPU.ActiveCfg = Debug|Any CPU
		{FEC53A11-1C9A-4C71-3E81-187F8483280C}.Debug|Any CPU.Build.0 = Debug|Any CPU
		{FEC53A11-1C9A-4C71-3E81-187F8483280C}.Release|Any CPU.ActiveCfg = Release|Any CPU
		{FEC53A11-1C9A-4C71-3E81-187F8483280C}.Release|Any CPU.Build.0 = Release|Any CPU
		{48D509A5-D2BF-6B41-92E8-8950BE35C4E8}.Debug|Any CPU.ActiveCfg = Debug|Any CPU
		{48D509A5-D2BF-6B41-92E8-8950BE35C4E8}.Debug|Any CPU.Build.0 = Debug|Any CPU
		{48D509A5-D2BF-6B41-92E8-8950BE35C4E8}.Release|Any CPU.ActiveCfg = Release|Any CPU
		{48D509A5-D2BF-6B41-92E8-8950BE35C4E8}.Release|Any CPU.Build.0 = Release|Any CPU
		{913292B6-75A3-EE29-A251-0B811B0A9211}.Debug|Any CPU.ActiveCfg = Debug|Any CPU
		{913292B6-75A3-EE29-A251-0B811B0A9211}.Debug|Any CPU.Build.0 = Debug|Any CPU
		{913292B6-75A3-EE29-A251-0B811B0A9211}.Release|Any CPU.ActiveCfg = Release|Any CPU
		{913292B6-75A3-EE29-A251-0B811B0A9211}.Release|Any CPU.Build.0 = Release|Any CPU
		{33DE1556-435A-3F22-BF27-52824E75C7BF}.Debug|Any CPU.ActiveCfg = Debug|Any CPU
		{33DE1556-435A-3F22-BF27-52824E75C7BF}.Debug|Any CPU.Build.0 = Debug|Any CPU
		{33DE1556-435A-3F22-BF27-52824E75C7BF}.Release|Any CPU.ActiveCfg = Release|Any CPU
		{33DE1556-435A-3F22-BF27-52824E75C7BF}.Release|Any CPU.Build.0 = Release|Any CPU
		{C2B3E860-514F-E4C2-BA8C-899B48B39C9A}.Debug|Any CPU.ActiveCfg = Debug|Any CPU
		{C2B3E860-514F-E4C2-BA8C-899B48B39C9A}.Debug|Any CPU.Build.0 = Debug|Any CPU
		{C2B3E860-514F-E4C2-BA8C-899B48B39C9A}.Release|Any CPU.ActiveCfg = Release|Any CPU
		{C2B3E860-514F-E4C2-BA8C-899B48B39C9A}.Release|Any CPU.Build.0 = Release|Any CPU
		{1F947092-6FF4-41D4-1A42-936846B05303}.Debug|Any CPU.ActiveCfg = Debug|Any CPU
		{1F947092-6FF4-41D4-1A42-936846B05303}.Debug|Any CPU.Build.0 = Debug|Any CPU
		{1F947092-6FF4-41D4-1A42-936846B05303}.Release|Any CPU.ActiveCfg = Release|Any CPU
		{1F947092-6FF4-41D4-1A42-936846B05303}.Release|Any CPU.Build.0 = Release|Any CPU
		{B134E4E9-9B31-E668-08C7-86E713E066D7}.Debug|Any CPU.ActiveCfg = Debug|Any CPU
		{B134E4E9-9B31-E668-08C7-86E713E066D7}.Debug|Any CPU.Build.0 = Debug|Any CPU
		{B134E4E9-9B31-E668-08C7-86E713E066D7}.Release|Any CPU.ActiveCfg = Release|Any CPU
		{B134E4E9-9B31-E668-08C7-86E713E066D7}.Release|Any CPU.Build.0 = Release|Any CPU
		{0A3F11B9-66FE-EFDD-0492-062E6BD597CB}.Debug|Any CPU.ActiveCfg = Debug|Any CPU
		{0A3F11B9-66FE-EFDD-0492-062E6BD597CB}.Debug|Any CPU.Build.0 = Debug|Any CPU
		{0A3F11B9-66FE-EFDD-0492-062E6BD597CB}.Release|Any CPU.ActiveCfg = Release|Any CPU
		{0A3F11B9-66FE-EFDD-0492-062E6BD597CB}.Release|Any CPU.Build.0 = Release|Any CPU
		{4E11BA14-FC23-23A9-C36E-2EC393605115}.Debug|Any CPU.ActiveCfg = Debug|Any CPU
		{4E11BA14-FC23-23A9-C36E-2EC393605115}.Debug|Any CPU.Build.0 = Debug|Any CPU
		{4E11BA14-FC23-23A9-C36E-2EC393605115}.Release|Any CPU.ActiveCfg = Release|Any CPU
		{4E11BA14-FC23-23A9-C36E-2EC393605115}.Release|Any CPU.Build.0 = Release|Any CPU
		{4817D1B2-C6E0-B69D-FD8F-02C1B3E8670A}.Debug|Any CPU.ActiveCfg = Debug|Any CPU
		{4817D1B2-C6E0-B69D-FD8F-02C1B3E8670A}.Debug|Any CPU.Build.0 = Debug|Any CPU
		{4817D1B2-C6E0-B69D-FD8F-02C1B3E8670A}.Release|Any CPU.ActiveCfg = Release|Any CPU
		{4817D1B2-C6E0-B69D-FD8F-02C1B3E8670A}.Release|Any CPU.Build.0 = Release|Any CPU
		{D3575E35-94EC-C42F-3C91-03C6BA1FB620}.Debug|Any CPU.ActiveCfg = Debug|Any CPU
		{D3575E35-94EC-C42F-3C91-03C6BA1FB620}.Debug|Any CPU.Build.0 = Debug|Any CPU
		{D3575E35-94EC-C42F-3C91-03C6BA1FB620}.Release|Any CPU.ActiveCfg = Release|Any CPU
		{D3575E35-94EC-C42F-3C91-03C6BA1FB620}.Release|Any CPU.Build.0 = Release|Any CPU
		{1A11D47A-837A-7FF7-F50D-CC950E16B19F}.Debug|Any CPU.ActiveCfg = Debug|Any CPU
		{1A11D47A-837A-7FF7-F50D-CC950E16B19F}.Debug|Any CPU.Build.0 = Debug|Any CPU
		{1A11D47A-837A-7FF7-F50D-CC950E16B19F}.Release|Any CPU.ActiveCfg = Release|Any CPU
		{1A11D47A-837A-7FF7-F50D-CC950E16B19F}.Release|Any CPU.Build.0 = Release|Any CPU
		{A4242147-1A16-9BE6-2BDB-CE14A5563281}.Debug|Any CPU.ActiveCfg = Debug|Any CPU
		{A4242147-1A16-9BE6-2BDB-CE14A5563281}.Debug|Any CPU.Build.0 = Debug|Any CPU
		{A4242147-1A16-9BE6-2BDB-CE14A5563281}.Release|Any CPU.ActiveCfg = Release|Any CPU
		{A4242147-1A16-9BE6-2BDB-CE14A5563281}.Release|Any CPU.Build.0 = Release|Any CPU
		{F8F700E0-9963-63E6-0231-CD05DB0DC2FE}.Debug|Any CPU.ActiveCfg = Debug|Any CPU
		{F8F700E0-9963-63E6-0231-CD05DB0DC2FE}.Debug|Any CPU.Build.0 = Debug|Any CPU
		{F8F700E0-9963-63E6-0231-CD05DB0DC2FE}.Release|Any CPU.ActiveCfg = Release|Any CPU
		{F8F700E0-9963-63E6-0231-CD05DB0DC2FE}.Release|Any CPU.Build.0 = Release|Any CPU
		{F2367176-D800-04BD-8CA8-DF54CFA91B24}.Debug|Any CPU.ActiveCfg = Debug|Any CPU
		{F2367176-D800-04BD-8CA8-DF54CFA91B24}.Debug|Any CPU.Build.0 = Debug|Any CPU
		{F2367176-D800-04BD-8CA8-DF54CFA91B24}.Release|Any CPU.ActiveCfg = Release|Any CPU
		{F2367176-D800-04BD-8CA8-DF54CFA91B24}.Release|Any CPU.Build.0 = Release|Any CPU
		{72200AE1-F1E0-D280-74C9-7425500D0152}.Debug|Any CPU.ActiveCfg = Debug|Any CPU
		{72200AE1-F1E0-D280-74C9-7425500D0152}.Debug|Any CPU.Build.0 = Debug|Any CPU
		{72200AE1-F1E0-D280-74C9-7425500D0152}.Release|Any CPU.ActiveCfg = Release|Any CPU
		{72200AE1-F1E0-D280-74C9-7425500D0152}.Release|Any CPU.Build.0 = Release|Any CPU
		{EF5AB9B2-5B2A-3153-67A6-C11E3D660900}.Debug|Any CPU.ActiveCfg = Debug|Any CPU
		{EF5AB9B2-5B2A-3153-67A6-C11E3D660900}.Debug|Any CPU.Build.0 = Debug|Any CPU
		{EF5AB9B2-5B2A-3153-67A6-C11E3D660900}.Release|Any CPU.ActiveCfg = Release|Any CPU
		{EF5AB9B2-5B2A-3153-67A6-C11E3D660900}.Release|Any CPU.Build.0 = Release|Any CPU
		{117640D7-288E-1442-FC20-A1D8A0000A82}.Debug|Any CPU.ActiveCfg = Debug|Any CPU
		{117640D7-288E-1442-FC20-A1D8A0000A82}.Debug|Any CPU.Build.0 = Debug|Any CPU
		{117640D7-288E-1442-FC20-A1D8A0000A82}.Release|Any CPU.ActiveCfg = Release|Any CPU
		{117640D7-288E-1442-FC20-A1D8A0000A82}.Release|Any CPU.Build.0 = Release|Any CPU
		{396456CB-0471-FBEC-B278-5CD16A4C080B}.Debug|Any CPU.ActiveCfg = Debug|Any CPU
		{396456CB-0471-FBEC-B278-5CD16A4C080B}.Debug|Any CPU.Build.0 = Debug|Any CPU
		{396456CB-0471-FBEC-B278-5CD16A4C080B}.Release|Any CPU.ActiveCfg = Release|Any CPU
		{396456CB-0471-FBEC-B278-5CD16A4C080B}.Release|Any CPU.Build.0 = Release|Any CPU
		{44787FC6-E418-3BE1-6B30-1C120DD97311}.Debug|Any CPU.ActiveCfg = Debug|Any CPU
		{44787FC6-E418-3BE1-6B30-1C120DD97311}.Debug|Any CPU.Build.0 = Debug|Any CPU
		{44787FC6-E418-3BE1-6B30-1C120DD97311}.Release|Any CPU.ActiveCfg = Release|Any CPU
		{44787FC6-E418-3BE1-6B30-1C120DD97311}.Release|Any CPU.Build.0 = Release|Any CPU
		{DFF2D8E4-F1D3-A843-837D-7B645074AB2F}.Debug|Any CPU.ActiveCfg = Debug|Any CPU
		{DFF2D8E4-F1D3-A843-837D-7B645074AB2F}.Debug|Any CPU.Build.0 = Debug|Any CPU
		{DFF2D8E4-F1D3-A843-837D-7B645074AB2F}.Release|Any CPU.ActiveCfg = Release|Any CPU
		{DFF2D8E4-F1D3-A843-837D-7B645074AB2F}.Release|Any CPU.Build.0 = Release|Any CPU
		{00027572-EEEB-168F-42C9-293774DB4C69}.Debug|Any CPU.ActiveCfg = Debug|Any CPU
		{00027572-EEEB-168F-42C9-293774DB4C69}.Debug|Any CPU.Build.0 = Debug|Any CPU
		{00027572-EEEB-168F-42C9-293774DB4C69}.Release|Any CPU.ActiveCfg = Release|Any CPU
		{00027572-EEEB-168F-42C9-293774DB4C69}.Release|Any CPU.Build.0 = Release|Any CPU
		{731731C5-0CC3-3A0F-A544-991AD90A5F36}.Debug|Any CPU.ActiveCfg = Debug|Any CPU
		{731731C5-0CC3-3A0F-A544-991AD90A5F36}.Debug|Any CPU.Build.0 = Debug|Any CPU
		{731731C5-0CC3-3A0F-A544-991AD90A5F36}.Release|Any CPU.ActiveCfg = Release|Any CPU
		{731731C5-0CC3-3A0F-A544-991AD90A5F36}.Release|Any CPU.Build.0 = Release|Any CPU
	EndGlobalSection
	GlobalSection(SolutionProperties) = preSolution
		HideSolutionNode = FALSE
	EndGlobalSection
EndGlobal
