
Microsoft Visual Studio Solution File, Format Version 12.00
# Visual Studio 15
Project("{FAE04EC0-301F-11D3-BF4B-00C04F79EFBC}") = "Oculus.Interaction.Editor", "Oculus.Interaction.Editor.csproj", "{BA2AB86C-C7ED-B01E-9B90-A7354622E6AC}"
EndProject
Project("{FAE04EC0-301F-11D3-BF4B-00C04F79EFBC}") = "Meta.WitAi.Conduit", "Meta.WitAi.Conduit.csproj", "{0C435A85-3F0E-5705-7306-3F2626407278}"
EndProject
Project("{FAE04EC0-301F-11D3-BF4B-00C04F79EFBC}") = "Oculus.VR", "Oculus.VR.csproj", "{DDEEE60B-FC2C-3160-7AB1-0562DEA551EF}"
EndProject
Project("{FAE04EC0-301F-11D3-BF4B-00C04F79EFBC}") = "Oculus.Interaction", "Oculus.Interaction.csproj", "{366CD595-7879-569B-0294-D773426DF11F}"
EndProject
Project("{FAE04EC0-301F-11D3-BF4B-00C04F79EFBC}") = "Meta.Voice.Samples.ShapesConduit", "Meta.Voice.Samples.ShapesConduit.csproj", "{0AF44DE9-517C-6559-CC4B-1D2A83696C32}"
EndProject
Project("{FAE04EC0-301F-11D3-BF4B-00C04F79EFBC}") = "Meta.WitAi.Editor", "Meta.WitAi.Editor.csproj", "{93EEBA96-3B09-09C5-0DA1-7D23C9C1AFEF}"
EndProject
Project("{FAE04EC0-301F-11D3-BF4B-00C04F79EFBC}") = "Oculus.Platform", "Oculus.Platform.csproj", "{C2FFB622-98FC-4214-4E90-D874ABFBA663}"
EndProject
Project("{FAE04EC0-301F-11D3-BF4B-00C04F79EFBC}") = "VoiceSDK.Telemetry", "VoiceSDK.Telemetry.csproj", "{6FC9C60B-4777-8AD5-3319-CBC69A8D4379}"
EndProject
Project("{FAE04EC0-301F-11D3-BF4B-00C04F79EFBC}") = "Meta.WitAi.Conduit.Editor", "Meta.WitAi.Conduit.Editor.csproj", "{9E9C14A3-AE4E-620A-6301-B049876D1803}"
EndProject
Project("{FAE04EC0-301F-11D3-BF4B-00C04F79EFBC}") = "Meta.WitAi", "Meta.WitAi.csproj", "{B8F46544-EF93-E2DA-2C76-BA3E40A78A3C}"
EndProject
Project("{FAE04EC0-301F-11D3-BF4B-00C04F79EFBC}") = "Oculus.Interaction.OVR.Samples", "Oculus.Interaction.OVR.Samples.csproj", "{9B8B2157-0EDF-F55E-4529-9CD376B8B313}"
EndProject
Project("{FAE04EC0-301F-11D3-BF4B-00C04F79EFBC}") = "Assembly-CSharp", "Assembly-CSharp.csproj", "{EE114A55-747A-011C-F4A3-AF93230DA2D3}"
EndProject
Project("{FAE04EC0-301F-11D3-BF4B-00C04F79EFBC}") = "Meta.WitAi.Lib", "Meta.WitAi.Lib.csproj", "{319C411F-B16F-14D7-BBC0-FCF55245428F}"
EndProject
Project("{FAE04EC0-301F-11D3-BF4B-00C04F79EFBC}") = "Oculus.VR.Editor", "Oculus.VR.Editor.csproj", "{AE5B98A4-23B0-2C0E-0898-1A94FE36A05B}"
EndProject
Project("{FAE04EC0-301F-11D3-BF4B-00C04F79EFBC}") = "Meta.Voice.Hub.Runtime", "Meta.Voice.Hub.Runtime.csproj", "{4A1C8B9A-1C0C-34B5-3893-6234A2225532}"
EndProject
Project("{FAE04EC0-301F-11D3-BF4B-00C04F79EFBC}") = "Oculus.Interaction.OVR.Editor", "Oculus.Interaction.OVR.Editor.csproj", "{738AA245-2167-E768-CD41-1A6ABF933DB6}"
EndProject
Project("{FAE04EC0-301F-11D3-BF4B-00C04F79EFBC}") = "VoiceSDK.Dictation.Runtime", "VoiceSDK.Dictation.Runtime.csproj", "{C4EE267E-B3A2-6EEA-3C9B-F64B8F3DEE75}"
EndProject
Project("{FAE04EC0-301F-11D3-BF4B-00C04F79EFBC}") = "Oculus.LipSync", "Oculus.LipSync.csproj", "{CEAFA97C-D8A2-01CF-D756-E2645DC08613}"
EndProject
Project("{FAE04EC0-301F-11D3-BF4B-00C04F79EFBC}") = "Oculus.Interaction.OVR", "Oculus.Interaction.OVR.csproj", "{80129536-1B70-C75C-8D40-59A3AF13F13D}"
EndProject
Project("{FAE04EC0-301F-11D3-BF4B-00C04F79EFBC}") = "Meta.Voice.Hub.Editor", "Meta.Voice.Hub.Editor.csproj", "{D55AA6F3-FA89-502B-C840-EBF5399688BF}"
EndProject
Project("{FAE04EC0-301F-11D3-BF4B-00C04F79EFBC}") = "VoiceSDK.Editor", "VoiceSDK.Editor.csproj", "{6A3503EA-15BA-CFCD-DE8C-261B22BAF219}"
EndProject
Project("{FAE04EC0-301F-11D3-BF4B-00C04F79EFBC}") = "Meta.WitAI.Lib.Editor", "Meta.WitAI.Lib.Editor.csproj", "{DA15619B-77DA-8DE3-439A-4B9FB9DDBF1C}"
EndProject
Project("{FAE04EC0-301F-11D3-BF4B-00C04F79EFBC}") = "Oculus.Spatializer.Editor", "Oculus.Spatializer.Editor.csproj", "{9E8DF4FC-CA41-3565-5C5B-48D49AB1AB31}"
EndProject
Project("{FAE04EC0-301F-11D3-BF4B-00C04F79EFBC}") = "AssistantCoreSDKRuntime", "AssistantCoreSDKRuntime.csproj", "{E00A4CFC-F279-B1A3-A766-BEADE380506C}"
EndProject
Project("{FAE04EC0-301F-11D3-BF4B-00C04F79EFBC}") = "Oculus.AudioManager", "Oculus.AudioManager.csproj", "{6A261B84-9039-F70C-4D24-BC4E4C1BDD1A}"
EndProject
Project("{FAE04EC0-301F-11D3-BF4B-00C04F79EFBC}") = "VoiceSDK.Runtime", "VoiceSDK.Runtime.csproj", "{2CDB6DCA-997A-2D9A-ED24-1F6B4BA83295}"
EndProject
Project("{FAE04EC0-301F-11D3-BF4B-00C04F79EFBC}") = "Facebook.Wit.Dictation", "Facebook.Wit.Dictation.csproj", "{FDE763F4-6F7A-CFF1-1F25-A818471B1D14}"
EndProject
Project("{FAE04EC0-301F-11D3-BF4B-00C04F79EFBC}") = "Meta.Voice.Samples.BuiltInTimer", "Meta.Voice.Samples.BuiltInTimer.csproj", "{3AF81575-B223-E617-B1A9-6064A3E4E03C}"
EndProject
Project("{FAE04EC0-301F-11D3-BF4B-00C04F79EFBC}") = "Oculus.Platform.Editor", "Oculus.Platform.Editor.csproj", "{0988E2D7-C231-D527-308C-05B89882D1F4}"
EndProject
Project("{FAE04EC0-301F-11D3-BF4B-00C04F79EFBC}") = "Meta.XR.BuildingBlocks.Editor", "Meta.XR.BuildingBlocks.Editor.csproj", "{48DF6EA0-45C0-E4D9-4FD8-47C0BE0BC74E}"
EndProject
Project("{FAE04EC0-301F-11D3-BF4B-00C04F79EFBC}") = "Meta.Voice.Samples.TTSVoices", "Meta.Voice.Samples.TTSVoices.csproj", "{827C3B71-BD3F-E253-D4DF-E990B30C47D8}"
EndProject
Project("{FAE04EC0-301F-11D3-BF4B-00C04F79EFBC}") = "Meta.Voice.VSDKHub.Editor", "Meta.Voice.VSDKHub.Editor.csproj", "{3540CA1E-6D34-1995-A28A-1B6786FD1A93}"
EndProject
Project("{FAE04EC0-301F-11D3-BF4B-00C04F79EFBC}") = "Meta.WitAi.TTS", "Meta.WitAi.TTS.csproj", "{18272EF3-393D-A1B1-8373-87F9BA9A710E}"
EndProject
Project("{FAE04EC0-301F-11D3-BF4B-00C04F79EFBC}") = "Oculus.AudioManager.Audio.Editor", "Oculus.AudioManager.Audio.Editor.csproj", "{CF41BE19-2B20-27DF-A814-69F1D582616C}"
EndProject
Project("{FAE04EC0-301F-11D3-BF4B-00C04F79EFBC}") = "Assembly-CSharp-Editor", "Assembly-CSharp-Editor.csproj", "{4EB15B50-6FDC-1C38-2D0A-2E8FD87F435A}"
EndProject
Project("{FAE04EC0-301F-11D3-BF4B-00C04F79EFBC}") = "Meta.Voice.Samples.Chess", "Meta.Voice.Samples.Chess.csproj", "{0C46FE0E-0727-8F6A-E608-DBD071E413C2}"
EndProject
Project("{FAE04EC0-301F-11D3-BF4B-00C04F79EFBC}") = "Oculus.VR.Scripts.Editor", "Oculus.VR.Scripts.Editor.csproj", "{A8E9D2E7-03E5-196C-5A6B-35439FCC0CEB}"
EndProject
Project("{FAE04EC0-301F-11D3-BF4B-00C04F79EFBC}") = "Meta.Voice.Samples.LightTraits", "Meta.Voice.Samples.LightTraits.csproj", "{3D86CA6C-1645-E8FF-DFD5-15D904D348B3}"
EndProject
Project("{FAE04EC0-301F-11D3-BF4B-00C04F79EFBC}") = "Meta.Voice.Samples.Dictation", "Meta.Voice.Samples.Dictation.csproj", "{4021339F-9A0D-D2AF-7C34-B24C9B949D96}"
EndProject
Project("{FAE04EC0-301F-11D3-BF4B-00C04F79EFBC}") = "Meta.Voice.Samples.Shapes", "Meta.Voice.Samples.Shapes.csproj", "{02766FAF-F4EA-FE45-1336-D843A759F214}"
EndProject
Project("{FAE04EC0-301F-11D3-BF4B-00C04F79EFBC}") = "Oculus.Interaction.Samples.Editor", "Oculus.Interaction.Samples.Editor.csproj", "{D16AD1AC-8F76-9C47-30BF-F3B4EAC6E8AD}"
EndProject
Project("{FAE04EC0-301F-11D3-BF4B-00C04F79EFBC}") = "Meta.WitAi.TTS.Editor", "Meta.WitAi.TTS.Editor.csproj", "{8972CF29-C69A-DBCA-B7AB-66FFB4F03F21}"
EndProject
Project("{FAE04EC0-301F-11D3-BF4B-00C04F79EFBC}") = "Meta.XR.BuildingBlocks", "Meta.XR.BuildingBlocks.csproj", "{ECA8BDDF-8C49-9975-BDFF-2E3D3A6DC6E6}"
EndProject
Project("{FAE04EC0-301F-11D3-BF4B-00C04F79EFBC}") = "Oculus.Spatializer", "Oculus.Spatializer.csproj", "{7250B748-F9BB-43AC-F216-9069AD37B20C}"
EndProject
Project("{FAE04EC0-301F-11D3-BF4B-00C04F79EFBC}") = "Oculus.LipSync.Editor", "Oculus.LipSync.Editor.csproj", "{22E885FD-8BF1-FD92-6B51-0D86B182D8DE}"
EndProject
Project("{FAE04EC0-301F-11D3-BF4B-00C04F79EFBC}") = "Oculus.AudioManager.Utils.Editor", "Oculus.AudioManager.Utils.Editor.csproj", "{70E51BC0-1842-414B-50C3-194F0058C237}"
EndProject
Project("{FAE04EC0-301F-11D3-BF4B-00C04F79EFBC}") = "Meta.VoiceSDK.Mic.Common", "Meta.VoiceSDK.Mic.Common.csproj", "{C5251600-523B-7AFE-1BE0-6CD7A4B5F6CD}"
EndProject
Project("{FAE04EC0-301F-11D3-BF4B-00C04F79EFBC}") = "VoiceSDK.Dictation.Editor", "VoiceSDK.Dictation.Editor.csproj", "{7DA472BE-9258-DC58-C588-64A074496832}"
EndProject
Project("{FAE04EC0-301F-11D3-BF4B-00C04F79EFBC}") = "Meta.VoiceSDK.Mic.Other", "Meta.VoiceSDK.Mic.Other.csproj", "{F583EA81-717C-CE76-D17C-3358C1D73072}"
EndProject
Project("{FAE04EC0-301F-11D3-BF4B-00C04F79EFBC}") = "AssistantCoreSDKEditor", "AssistantCoreSDKEditor.csproj", "{FDBBF404-6896-6E4D-2095-B960FD3C44A8}"
EndProject
Project("{FAE04EC0-301F-11D3-BF4B-00C04F79EFBC}") = "Oculus.Interaction.InterfaceSupport", "Oculus.Interaction.InterfaceSupport.csproj", "{033426E5-9396-9EA9-04EC-96EA95618D56}"
EndProject
Project("{FAE04EC0-301F-11D3-BF4B-00C04F79EFBC}") = "Meta.Voice.Samples.LiveUnderstanding", "Meta.Voice.Samples.LiveUnderstanding.csproj", "{45DC9E15-7EF1-7967-7803-DBD84EA632D8}"
EndProject
Project("{FAE04EC0-301F-11D3-BF4B-00C04F79EFBC}") = "Facebook.Wit.Dictation.Editor", "Facebook.Wit.Dictation.Editor.csproj", "{F546917D-1945-125A-EDC5-6284B5FCF8F1}"
EndProject
Project("{FAE04EC0-301F-11D3-BF4B-00C04F79EFBC}") = "Meta.VoiceSDK.Mic.WebGL", "Meta.VoiceSDK.Mic.WebGL.csproj", "{8C24C615-DD22-4C9C-C50B-CCDCC9C35D2D}"
EndProject
Global
	GlobalSection(SolutionConfigurationPlatforms) = preSolution
		Debug|Any CPU = Debug|Any CPU
		Release|Any CPU = Release|Any CPU
	EndGlobalSection
	GlobalSection(ProjectConfigurationPlatforms) = postSolution
		{BA2AB86C-C7ED-B01E-9B90-A7354622E6AC}.Debug|Any CPU.ActiveCfg = Debug|Any CPU
		{BA2AB86C-C7ED-B01E-9B90-A7354622E6AC}.Debug|Any CPU.Build.0 = Debug|Any CPU
		{BA2AB86C-C7ED-B01E-9B90-A7354622E6AC}.Release|Any CPU.ActiveCfg = Release|Any CPU
		{BA2AB86C-C7ED-B01E-9B90-A7354622E6AC}.Release|Any CPU.Build.0 = Release|Any CPU
		{0C435A85-3F0E-5705-7306-3F2626407278}.Debug|Any CPU.ActiveCfg = Debug|Any CPU
		{0C435A85-3F0E-5705-7306-3F2626407278}.Debug|Any CPU.Build.0 = Debug|Any CPU
		{0C435A85-3F0E-5705-7306-3F2626407278}.Release|Any CPU.ActiveCfg = Release|Any CPU
		{0C435A85-3F0E-5705-7306-3F2626407278}.Release|Any CPU.Build.0 = Release|Any CPU
		{DDEEE60B-FC2C-3160-7AB1-0562DEA551EF}.Debug|Any CPU.ActiveCfg = Debug|Any CPU
		{DDEEE60B-FC2C-3160-7AB1-0562DEA551EF}.Debug|Any CPU.Build.0 = Debug|Any CPU
		{DDEEE60B-FC2C-3160-7AB1-0562DEA551EF}.Release|Any CPU.ActiveCfg = Release|Any CPU
		{DDEEE60B-FC2C-3160-7AB1-0562DEA551EF}.Release|Any CPU.Build.0 = Release|Any CPU
		{366CD595-7879-569B-0294-D773426DF11F}.Debug|Any CPU.ActiveCfg = Debug|Any CPU
		{366CD595-7879-569B-0294-D773426DF11F}.Debug|Any CPU.Build.0 = Debug|Any CPU
		{366CD595-7879-569B-0294-D773426DF11F}.Release|Any CPU.ActiveCfg = Release|Any CPU
		{366CD595-7879-569B-0294-D773426DF11F}.Release|Any CPU.Build.0 = Release|Any CPU
		{0AF44DE9-517C-6559-CC4B-1D2A83696C32}.Debug|Any CPU.ActiveCfg = Debug|Any CPU
		{0AF44DE9-517C-6559-CC4B-1D2A83696C32}.Debug|Any CPU.Build.0 = Debug|Any CPU
		{0AF44DE9-517C-6559-CC4B-1D2A83696C32}.Release|Any CPU.ActiveCfg = Release|Any CPU
		{0AF44DE9-517C-6559-CC4B-1D2A83696C32}.Release|Any CPU.Build.0 = Release|Any CPU
		{93EEBA96-3B09-09C5-0DA1-7D23C9C1AFEF}.Debug|Any CPU.ActiveCfg = Debug|Any CPU
		{93EEBA96-3B09-09C5-0DA1-7D23C9C1AFEF}.Debug|Any CPU.Build.0 = Debug|Any CPU
		{93EEBA96-3B09-09C5-0DA1-7D23C9C1AFEF}.Release|Any CPU.ActiveCfg = Release|Any CPU
		{93EEBA96-3B09-09C5-0DA1-7D23C9C1AFEF}.Release|Any CPU.Build.0 = Release|Any CPU
		{C2FFB622-98FC-4214-4E90-D874ABFBA663}.Debug|Any CPU.ActiveCfg = Debug|Any CPU
		{C2FFB622-98FC-4214-4E90-D874ABFBA663}.Debug|Any CPU.Build.0 = Debug|Any CPU
		{C2FFB622-98FC-4214-4E90-D874ABFBA663}.Release|Any CPU.ActiveCfg = Release|Any CPU
		{C2FFB622-98FC-4214-4E90-D874ABFBA663}.Release|Any CPU.Build.0 = Release|Any CPU
		{6FC9C60B-4777-8AD5-3319-CBC69A8D4379}.Debug|Any CPU.ActiveCfg = Debug|Any CPU
		{6FC9C60B-4777-8AD5-3319-CBC69A8D4379}.Debug|Any CPU.Build.0 = Debug|Any CPU
		{6FC9C60B-4777-8AD5-3319-CBC69A8D4379}.Release|Any CPU.ActiveCfg = Release|Any CPU
		{6FC9C60B-4777-8AD5-3319-CBC69A8D4379}.Release|Any CPU.Build.0 = Release|Any CPU
		{9E9C14A3-AE4E-620A-6301-B049876D1803}.Debug|Any CPU.ActiveCfg = Debug|Any CPU
		{9E9C14A3-AE4E-620A-6301-B049876D1803}.Debug|Any CPU.Build.0 = Debug|Any CPU
		{9E9C14A3-AE4E-620A-6301-B049876D1803}.Release|Any CPU.ActiveCfg = Release|Any CPU
		{9E9C14A3-AE4E-620A-6301-B049876D1803}.Release|Any CPU.Build.0 = Release|Any CPU
		{B8F46544-EF93-E2DA-2C76-BA3E40A78A3C}.Debug|Any CPU.ActiveCfg = Debug|Any CPU
		{B8F46544-EF93-E2DA-2C76-BA3E40A78A3C}.Debug|Any CPU.Build.0 = Debug|Any CPU
		{B8F46544-EF93-E2DA-2C76-BA3E40A78A3C}.Release|Any CPU.ActiveCfg = Release|Any CPU
		{B8F46544-EF93-E2DA-2C76-BA3E40A78A3C}.Release|Any CPU.Build.0 = Release|Any CPU
		{9B8B2157-0EDF-F55E-4529-9CD376B8B313}.Debug|Any CPU.ActiveCfg = Debug|Any CPU
		{9B8B2157-0EDF-F55E-4529-9CD376B8B313}.Debug|Any CPU.Build.0 = Debug|Any CPU
		{9B8B2157-0EDF-F55E-4529-9CD376B8B313}.Release|Any CPU.ActiveCfg = Release|Any CPU
		{9B8B2157-0EDF-F55E-4529-9CD376B8B313}.Release|Any CPU.Build.0 = Release|Any CPU
		{EE114A55-747A-011C-F4A3-AF93230DA2D3}.Debug|Any CPU.ActiveCfg = Debug|Any CPU
		{EE114A55-747A-011C-F4A3-AF93230DA2D3}.Debug|Any CPU.Build.0 = Debug|Any CPU
		{EE114A55-747A-011C-F4A3-AF93230DA2D3}.Release|Any CPU.ActiveCfg = Release|Any CPU
		{EE114A55-747A-011C-F4A3-AF93230DA2D3}.Release|Any CPU.Build.0 = Release|Any CPU
		{319C411F-B16F-14D7-BBC0-FCF55245428F}.Debug|Any CPU.ActiveCfg = Debug|Any CPU
		{319C411F-B16F-14D7-BBC0-FCF55245428F}.Debug|Any CPU.Build.0 = Debug|Any CPU
		{319C411F-B16F-14D7-BBC0-FCF55245428F}.Release|Any CPU.ActiveCfg = Release|Any CPU
		{319C411F-B16F-14D7-BBC0-FCF55245428F}.Release|Any CPU.Build.0 = Release|Any CPU
		{AE5B98A4-23B0-2C0E-0898-1A94FE36A05B}.Debug|Any CPU.ActiveCfg = Debug|Any CPU
		{AE5B98A4-23B0-2C0E-0898-1A94FE36A05B}.Debug|Any CPU.Build.0 = Debug|Any CPU
		{AE5B98A4-23B0-2C0E-0898-1A94FE36A05B}.Release|Any CPU.ActiveCfg = Release|Any CPU
		{AE5B98A4-23B0-2C0E-0898-1A94FE36A05B}.Release|Any CPU.Build.0 = Release|Any CPU
		{4A1C8B9A-1C0C-34B5-3893-6234A2225532}.Debug|Any CPU.ActiveCfg = Debug|Any CPU
		{4A1C8B9A-1C0C-34B5-3893-6234A2225532}.Debug|Any CPU.Build.0 = Debug|Any CPU
		{4A1C8B9A-1C0C-34B5-3893-6234A2225532}.Release|Any CPU.ActiveCfg = Release|Any CPU
		{4A1C8B9A-1C0C-34B5-3893-6234A2225532}.Release|Any CPU.Build.0 = Release|Any CPU
		{738AA245-2167-E768-CD41-1A6ABF933DB6}.Debug|Any CPU.ActiveCfg = Debug|Any CPU
		{738AA245-2167-E768-CD41-1A6ABF933DB6}.Debug|Any CPU.Build.0 = Debug|Any CPU
		{738AA245-2167-E768-CD41-1A6ABF933DB6}.Release|Any CPU.ActiveCfg = Release|Any CPU
		{738AA245-2167-E768-CD41-1A6ABF933DB6}.Release|Any CPU.Build.0 = Release|Any CPU
		{C4EE267E-B3A2-6EEA-3C9B-F64B8F3DEE75}.Debug|Any CPU.ActiveCfg = Debug|Any CPU
		{C4EE267E-B3A2-6EEA-3C9B-F64B8F3DEE75}.Debug|Any CPU.Build.0 = Debug|Any CPU
		{C4EE267E-B3A2-6EEA-3C9B-F64B8F3DEE75}.Release|Any CPU.ActiveCfg = Release|Any CPU
		{C4EE267E-B3A2-6EEA-3C9B-F64B8F3DEE75}.Release|Any CPU.Build.0 = Release|Any CPU
		{CEAFA97C-D8A2-01CF-D756-E2645DC08613}.Debug|Any CPU.ActiveCfg = Debug|Any CPU
		{CEAFA97C-D8A2-01CF-D756-E2645DC08613}.Debug|Any CPU.Build.0 = Debug|Any CPU
		{CEAFA97C-D8A2-01CF-D756-E2645DC08613}.Release|Any CPU.ActiveCfg = Release|Any CPU
		{CEAFA97C-D8A2-01CF-D756-E2645DC08613}.Release|Any CPU.Build.0 = Release|Any CPU
		{80129536-1B70-C75C-8D40-59A3AF13F13D}.Debug|Any CPU.ActiveCfg = Debug|Any CPU
		{80129536-1B70-C75C-8D40-59A3AF13F13D}.Debug|Any CPU.Build.0 = Debug|Any CPU
		{80129536-1B70-C75C-8D40-59A3AF13F13D}.Release|Any CPU.ActiveCfg = Release|Any CPU
		{80129536-1B70-C75C-8D40-59A3AF13F13D}.Release|Any CPU.Build.0 = Release|Any CPU
		{D55AA6F3-FA89-502B-C840-EBF5399688BF}.Debug|Any CPU.ActiveCfg = Debug|Any CPU
		{D55AA6F3-FA89-502B-C840-EBF5399688BF}.Debug|Any CPU.Build.0 = Debug|Any CPU
		{D55AA6F3-FA89-502B-C840-EBF5399688BF}.Release|Any CPU.ActiveCfg = Release|Any CPU
		{D55AA6F3-FA89-502B-C840-EBF5399688BF}.Release|Any CPU.Build.0 = Release|Any CPU
		{6A3503EA-15BA-CFCD-DE8C-261B22BAF219}.Debug|Any CPU.ActiveCfg = Debug|Any CPU
		{6A3503EA-15BA-CFCD-DE8C-261B22BAF219}.Debug|Any CPU.Build.0 = Debug|Any CPU
		{6A3503EA-15BA-CFCD-DE8C-261B22BAF219}.Release|Any CPU.ActiveCfg = Release|Any CPU
		{6A3503EA-15BA-CFCD-DE8C-261B22BAF219}.Release|Any CPU.Build.0 = Release|Any CPU
		{DA15619B-77DA-8DE3-439A-4B9FB9DDBF1C}.Debug|Any CPU.ActiveCfg = Debug|Any CPU
		{DA15619B-77DA-8DE3-439A-4B9FB9DDBF1C}.Debug|Any CPU.Build.0 = Debug|Any CPU
		{DA15619B-77DA-8DE3-439A-4B9FB9DDBF1C}.Release|Any CPU.ActiveCfg = Release|Any CPU
		{DA15619B-77DA-8DE3-439A-4B9FB9DDBF1C}.Release|Any CPU.Build.0 = Release|Any CPU
		{9E8DF4FC-CA41-3565-5C5B-48D49AB1AB31}.Debug|Any CPU.ActiveCfg = Debug|Any CPU
		{9E8DF4FC-CA41-3565-5C5B-48D49AB1AB31}.Debug|Any CPU.Build.0 = Debug|Any CPU
		{9E8DF4FC-CA41-3565-5C5B-48D49AB1AB31}.Release|Any CPU.ActiveCfg = Release|Any CPU
		{9E8DF4FC-CA41-3565-5C5B-48D49AB1AB31}.Release|Any CPU.Build.0 = Release|Any CPU
		{E00A4CFC-F279-B1A3-A766-BEADE380506C}.Debug|Any CPU.ActiveCfg = Debug|Any CPU
		{E00A4CFC-F279-B1A3-A766-BEADE380506C}.Debug|Any CPU.Build.0 = Debug|Any CPU
		{E00A4CFC-F279-B1A3-A766-BEADE380506C}.Release|Any CPU.ActiveCfg = Release|Any CPU
		{E00A4CFC-F279-B1A3-A766-BEADE380506C}.Release|Any CPU.Build.0 = Release|Any CPU
		{6A261B84-9039-F70C-4D24-BC4E4C1BDD1A}.Debug|Any CPU.ActiveCfg = Debug|Any CPU
		{6A261B84-9039-F70C-4D24-BC4E4C1BDD1A}.Debug|Any CPU.Build.0 = Debug|Any CPU
		{6A261B84-9039-F70C-4D24-BC4E4C1BDD1A}.Release|Any CPU.ActiveCfg = Release|Any CPU
		{6A261B84-9039-F70C-4D24-BC4E4C1BDD1A}.Release|Any CPU.Build.0 = Release|Any CPU
		{2CDB6DCA-997A-2D9A-ED24-1F6B4BA83295}.Debug|Any CPU.ActiveCfg = Debug|Any CPU
		{2CDB6DCA-997A-2D9A-ED24-1F6B4BA83295}.Debug|Any CPU.Build.0 = Debug|Any CPU
		{2CDB6DCA-997A-2D9A-ED24-1F6B4BA83295}.Release|Any CPU.ActiveCfg = Release|Any CPU
		{2CDB6DCA-997A-2D9A-ED24-1F6B4BA83295}.Release|Any CPU.Build.0 = Release|Any CPU
		{FDE763F4-6F7A-CFF1-1F25-A818471B1D14}.Debug|Any CPU.ActiveCfg = Debug|Any CPU
		{FDE763F4-6F7A-CFF1-1F25-A818471B1D14}.Debug|Any CPU.Build.0 = Debug|Any CPU
		{FDE763F4-6F7A-CFF1-1F25-A818471B1D14}.Release|Any CPU.ActiveCfg = Release|Any CPU
		{FDE763F4-6F7A-CFF1-1F25-A818471B1D14}.Release|Any CPU.Build.0 = Release|Any CPU
		{3AF81575-B223-E617-B1A9-6064A3E4E03C}.Debug|Any CPU.ActiveCfg = Debug|Any CPU
		{3AF81575-B223-E617-B1A9-6064A3E4E03C}.Debug|Any CPU.Build.0 = Debug|Any CPU
		{3AF81575-B223-E617-B1A9-6064A3E4E03C}.Release|Any CPU.ActiveCfg = Release|Any CPU
		{3AF81575-B223-E617-B1A9-6064A3E4E03C}.Release|Any CPU.Build.0 = Release|Any CPU
		{0988E2D7-C231-D527-308C-05B89882D1F4}.Debug|Any CPU.ActiveCfg = Debug|Any CPU
		{0988E2D7-C231-D527-308C-05B89882D1F4}.Debug|Any CPU.Build.0 = Debug|Any CPU
		{0988E2D7-C231-D527-308C-05B89882D1F4}.Release|Any CPU.ActiveCfg = Release|Any CPU
		{0988E2D7-C231-D527-308C-05B89882D1F4}.Release|Any CPU.Build.0 = Release|Any CPU
		{48DF6EA0-45C0-E4D9-4FD8-47C0BE0BC74E}.Debug|Any CPU.ActiveCfg = Debug|Any CPU
		{48DF6EA0-45C0-E4D9-4FD8-47C0BE0BC74E}.Debug|Any CPU.Build.0 = Debug|Any CPU
		{48DF6EA0-45C0-E4D9-4FD8-47C0BE0BC74E}.Release|Any CPU.ActiveCfg = Release|Any CPU
		{48DF6EA0-45C0-E4D9-4FD8-47C0BE0BC74E}.Release|Any CPU.Build.0 = Release|Any CPU
		{827C3B71-BD3F-E253-D4DF-E990B30C47D8}.Debug|Any CPU.ActiveCfg = Debug|Any CPU
		{827C3B71-BD3F-E253-D4DF-E990B30C47D8}.Debug|Any CPU.Build.0 = Debug|Any CPU
		{827C3B71-BD3F-E253-D4DF-E990B30C47D8}.Release|Any CPU.ActiveCfg = Release|Any CPU
		{827C3B71-BD3F-E253-D4DF-E990B30C47D8}.Release|Any CPU.Build.0 = Release|Any CPU
		{3540CA1E-6D34-1995-A28A-1B6786FD1A93}.Debug|Any CPU.ActiveCfg = Debug|Any CPU
		{3540CA1E-6D34-1995-A28A-1B6786FD1A93}.Debug|Any CPU.Build.0 = Debug|Any CPU
		{3540CA1E-6D34-1995-A28A-1B6786FD1A93}.Release|Any CPU.ActiveCfg = Release|Any CPU
		{3540CA1E-6D34-1995-A28A-1B6786FD1A93}.Release|Any CPU.Build.0 = Release|Any CPU
		{18272EF3-393D-A1B1-8373-87F9BA9A710E}.Debug|Any CPU.ActiveCfg = Debug|Any CPU
		{18272EF3-393D-A1B1-8373-87F9BA9A710E}.Debug|Any CPU.Build.0 = Debug|Any CPU
		{18272EF3-393D-A1B1-8373-87F9BA9A710E}.Release|Any CPU.ActiveCfg = Release|Any CPU
		{18272EF3-393D-A1B1-8373-87F9BA9A710E}.Release|Any CPU.Build.0 = Release|Any CPU
		{CF41BE19-2B20-27DF-A814-69F1D582616C}.Debug|Any CPU.ActiveCfg = Debug|Any CPU
		{CF41BE19-2B20-27DF-A814-69F1D582616C}.Debug|Any CPU.Build.0 = Debug|Any CPU
		{CF41BE19-2B20-27DF-A814-69F1D582616C}.Release|Any CPU.ActiveCfg = Release|Any CPU
		{CF41BE19-2B20-27DF-A814-69F1D582616C}.Release|Any CPU.Build.0 = Release|Any CPU
		{4EB15B50-6FDC-1C38-2D0A-2E8FD87F435A}.Debug|Any CPU.ActiveCfg = Debug|Any CPU
		{4EB15B50-6FDC-1C38-2D0A-2E8FD87F435A}.Debug|Any CPU.Build.0 = Debug|Any CPU
		{4EB15B50-6FDC-1C38-2D0A-2E8FD87F435A}.Release|Any CPU.ActiveCfg = Release|Any CPU
		{4EB15B50-6FDC-1C38-2D0A-2E8FD87F435A}.Release|Any CPU.Build.0 = Release|Any CPU
		{0C46FE0E-0727-8F6A-E608-DBD071E413C2}.Debug|Any CPU.ActiveCfg = Debug|Any CPU
		{0C46FE0E-0727-8F6A-E608-DBD071E413C2}.Debug|Any CPU.Build.0 = Debug|Any CPU
		{0C46FE0E-0727-8F6A-E608-DBD071E413C2}.Release|Any CPU.ActiveCfg = Release|Any CPU
		{0C46FE0E-0727-8F6A-E608-DBD071E413C2}.Release|Any CPU.Build.0 = Release|Any CPU
		{A8E9D2E7-03E5-196C-5A6B-35439FCC0CEB}.Debug|Any CPU.ActiveCfg = Debug|Any CPU
		{A8E9D2E7-03E5-196C-5A6B-35439FCC0CEB}.Debug|Any CPU.Build.0 = Debug|Any CPU
		{A8E9D2E7-03E5-196C-5A6B-35439FCC0CEB}.Release|Any CPU.ActiveCfg = Release|Any CPU
		{A8E9D2E7-03E5-196C-5A6B-35439FCC0CEB}.Release|Any CPU.Build.0 = Release|Any CPU
		{3D86CA6C-1645-E8FF-DFD5-15D904D348B3}.Debug|Any CPU.ActiveCfg = Debug|Any CPU
		{3D86CA6C-1645-E8FF-DFD5-15D904D348B3}.Debug|Any CPU.Build.0 = Debug|Any CPU
		{3D86CA6C-1645-E8FF-DFD5-15D904D348B3}.Release|Any CPU.ActiveCfg = Release|Any CPU
		{3D86CA6C-1645-E8FF-DFD5-15D904D348B3}.Release|Any CPU.Build.0 = Release|Any CPU
		{4021339F-9A0D-D2AF-7C34-B24C9B949D96}.Debug|Any CPU.ActiveCfg = Debug|Any CPU
		{4021339F-9A0D-D2AF-7C34-B24C9B949D96}.Debug|Any CPU.Build.0 = Debug|Any CPU
		{4021339F-9A0D-D2AF-7C34-B24C9B949D96}.Release|Any CPU.ActiveCfg = Release|Any CPU
		{4021339F-9A0D-D2AF-7C34-B24C9B949D96}.Release|Any CPU.Build.0 = Release|Any CPU
		{02766FAF-F4EA-FE45-1336-D843A759F214}.Debug|Any CPU.ActiveCfg = Debug|Any CPU
		{02766FAF-F4EA-FE45-1336-D843A759F214}.Debug|Any CPU.Build.0 = Debug|Any CPU
		{02766FAF-F4EA-FE45-1336-D843A759F214}.Release|Any CPU.ActiveCfg = Release|Any CPU
		{02766FAF-F4EA-FE45-1336-D843A759F214}.Release|Any CPU.Build.0 = Release|Any CPU
		{D16AD1AC-8F76-9C47-30BF-F3B4EAC6E8AD}.Debug|Any CPU.ActiveCfg = Debug|Any CPU
		{D16AD1AC-8F76-9C47-30BF-F3B4EAC6E8AD}.Debug|Any CPU.Build.0 = Debug|Any CPU
		{D16AD1AC-8F76-9C47-30BF-F3B4EAC6E8AD}.Release|Any CPU.ActiveCfg = Release|Any CPU
		{D16AD1AC-8F76-9C47-30BF-F3B4EAC6E8AD}.Release|Any CPU.Build.0 = Release|Any CPU
		{8972CF29-C69A-DBCA-B7AB-66FFB4F03F21}.Debug|Any CPU.ActiveCfg = Debug|Any CPU
		{8972CF29-C69A-DBCA-B7AB-66FFB4F03F21}.Debug|Any CPU.Build.0 = Debug|Any CPU
		{8972CF29-C69A-DBCA-B7AB-66FFB4F03F21}.Release|Any CPU.ActiveCfg = Release|Any CPU
		{8972CF29-C69A-DBCA-B7AB-66FFB4F03F21}.Release|Any CPU.Build.0 = Release|Any CPU
		{ECA8BDDF-8C49-9975-BDFF-2E3D3A6DC6E6}.Debug|Any CPU.ActiveCfg = Debug|Any CPU
		{ECA8BDDF-8C49-9975-BDFF-2E3D3A6DC6E6}.Debug|Any CPU.Build.0 = Debug|Any CPU
		{ECA8BDDF-8C49-9975-BDFF-2E3D3A6DC6E6}.Release|Any CPU.ActiveCfg = Release|Any CPU
		{ECA8BDDF-8C49-9975-BDFF-2E3D3A6DC6E6}.Release|Any CPU.Build.0 = Release|Any CPU
		{7250B748-F9BB-43AC-F216-9069AD37B20C}.Debug|Any CPU.ActiveCfg = Debug|Any CPU
		{7250B748-F9BB-43AC-F216-9069AD37B20C}.Debug|Any CPU.Build.0 = Debug|Any CPU
		{7250B748-F9BB-43AC-F216-9069AD37B20C}.Release|Any CPU.ActiveCfg = Release|Any CPU
		{7250B748-F9BB-43AC-F216-9069AD37B20C}.Release|Any CPU.Build.0 = Release|Any CPU
		{22E885FD-8BF1-FD92-6B51-0D86B182D8DE}.Debug|Any CPU.ActiveCfg = Debug|Any CPU
		{22E885FD-8BF1-FD92-6B51-0D86B182D8DE}.Debug|Any CPU.Build.0 = Debug|Any CPU
		{22E885FD-8BF1-FD92-6B51-0D86B182D8DE}.Release|Any CPU.ActiveCfg = Release|Any CPU
		{22E885FD-8BF1-FD92-6B51-0D86B182D8DE}.Release|Any CPU.Build.0 = Release|Any CPU
		{70E51BC0-1842-414B-50C3-194F0058C237}.Debug|Any CPU.ActiveCfg = Debug|Any CPU
		{70E51BC0-1842-414B-50C3-194F0058C237}.Debug|Any CPU.Build.0 = Debug|Any CPU
		{70E51BC0-1842-414B-50C3-194F0058C237}.Release|Any CPU.ActiveCfg = Release|Any CPU
		{70E51BC0-1842-414B-50C3-194F0058C237}.Release|Any CPU.Build.0 = Release|Any CPU
		{C5251600-523B-7AFE-1BE0-6CD7A4B5F6CD}.Debug|Any CPU.ActiveCfg = Debug|Any CPU
		{C5251600-523B-7AFE-1BE0-6CD7A4B5F6CD}.Debug|Any CPU.Build.0 = Debug|Any CPU
		{C5251600-523B-7AFE-1BE0-6CD7A4B5F6CD}.Release|Any CPU.ActiveCfg = Release|Any CPU
		{C5251600-523B-7AFE-1BE0-6CD7A4B5F6CD}.Release|Any CPU.Build.0 = Release|Any CPU
		{7DA472BE-9258-DC58-C588-64A074496832}.Debug|Any CPU.ActiveCfg = Debug|Any CPU
		{7DA472BE-9258-DC58-C588-64A074496832}.Debug|Any CPU.Build.0 = Debug|Any CPU
		{7DA472BE-9258-DC58-C588-64A074496832}.Release|Any CPU.ActiveCfg = Release|Any CPU
		{7DA472BE-9258-DC58-C588-64A074496832}.Release|Any CPU.Build.0 = Release|Any CPU
		{F583EA81-717C-CE76-D17C-3358C1D73072}.Debug|Any CPU.ActiveCfg = Debug|Any CPU
		{F583EA81-717C-CE76-D17C-3358C1D73072}.Debug|Any CPU.Build.0 = Debug|Any CPU
		{F583EA81-717C-CE76-D17C-3358C1D73072}.Release|Any CPU.ActiveCfg = Release|Any CPU
		{F583EA81-717C-CE76-D17C-3358C1D73072}.Release|Any CPU.Build.0 = Release|Any CPU
		{FDBBF404-6896-6E4D-2095-B960FD3C44A8}.Debug|Any CPU.ActiveCfg = Debug|Any CPU
		{FDBBF404-6896-6E4D-2095-B960FD3C44A8}.Debug|Any CPU.Build.0 = Debug|Any CPU
		{FDBBF404-6896-6E4D-2095-B960FD3C44A8}.Release|Any CPU.ActiveCfg = Release|Any CPU
		{FDBBF404-6896-6E4D-2095-B960FD3C44A8}.Release|Any CPU.Build.0 = Release|Any CPU
		{033426E5-9396-9EA9-04EC-96EA95618D56}.Debug|Any CPU.ActiveCfg = Debug|Any CPU
		{033426E5-9396-9EA9-04EC-96EA95618D56}.Debug|Any CPU.Build.0 = Debug|Any CPU
		{033426E5-9396-9EA9-04EC-96EA95618D56}.Release|Any CPU.ActiveCfg = Release|Any CPU
		{033426E5-9396-9EA9-04EC-96EA95618D56}.Release|Any CPU.Build.0 = Release|Any CPU
		{45DC9E15-7EF1-7967-7803-DBD84EA632D8}.Debug|Any CPU.ActiveCfg = Debug|Any CPU
		{45DC9E15-7EF1-7967-7803-DBD84EA632D8}.Debug|Any CPU.Build.0 = Debug|Any CPU
		{45DC9E15-7EF1-7967-7803-DBD84EA632D8}.Release|Any CPU.ActiveCfg = Release|Any CPU
		{45DC9E15-7EF1-7967-7803-DBD84EA632D8}.Release|Any CPU.Build.0 = Release|Any CPU
		{F546917D-1945-125A-EDC5-6284B5FCF8F1}.Debug|Any CPU.ActiveCfg = Debug|Any CPU
		{F546917D-1945-125A-EDC5-6284B5FCF8F1}.Debug|Any CPU.Build.0 = Debug|Any CPU
		{F546917D-1945-125A-EDC5-6284B5FCF8F1}.Release|Any CPU.ActiveCfg = Release|Any CPU
		{F546917D-1945-125A-EDC5-6284B5FCF8F1}.Release|Any CPU.Build.0 = Release|Any CPU
		{8C24C615-DD22-4C9C-C50B-CCDCC9C35D2D}.Debug|Any CPU.ActiveCfg = Debug|Any CPU
		{8C24C615-DD22-4C9C-C50B-CCDCC9C35D2D}.Debug|Any CPU.Build.0 = Debug|Any CPU
		{8C24C615-DD22-4C9C-C50B-CCDCC9C35D2D}.Release|Any CPU.ActiveCfg = Release|Any CPU
		{8C24C615-DD22-4C9C-C50B-CCDCC9C35D2D}.Release|Any CPU.Build.0 = Release|Any CPU
	EndGlobalSection
	GlobalSection(SolutionProperties) = preSolution
		HideSolutionNode = FALSE
	EndGlobalSection
EndGlobal
