
Microsoft Visual Studio Solution File, Format Version 12.00
# Visual Studio 15
Project("{FAE04EC0-301F-11D3-BF4B-00C04F79EFBC}") = "Oculus.Interaction.Editor", "Oculus.Interaction.Editor.csproj", "{4F18CFFA-BE40-E76D-A864-400F376E5A8F}"
EndProject
Project("{FAE04EC0-301F-11D3-BF4B-00C04F79EFBC}") = "Meta.WitAi.Conduit", "Meta.WitAi.Conduit.csproj", "{41D4D77D-5ECC-7C62-4C31-62AECE42D3ED}"
EndProject
Project("{FAE04EC0-301F-11D3-BF4B-00C04F79EFBC}") = "Oculus.VR", "Oculus.VR.csproj", "{034A8C88-55DF-07A3-E559-FA997C7C2893}"
EndProject
Project("{FAE04EC0-301F-11D3-BF4B-00C04F79EFBC}") = "Oculus.Interaction", "Oculus.Interaction.csproj", "{6ABA71FE-A4C1-D1D9-2256-AB0539E65858}"
EndProject
Project("{FAE04EC0-301F-11D3-BF4B-00C04F79EFBC}") = "Oculus.Voice.Demo", "Oculus.Voice.Demo.csproj", "{2C7A0173-7BCC-4714-E1D1-53788E978F5F}"
EndProject
Project("{FAE04EC0-301F-11D3-BF4B-00C04F79EFBC}") = "Meta.Voice.Samples.ShapesConduit", "Meta.Voice.Samples.ShapesConduit.csproj", "{283A5978-9B12-C1E8-5483-7C66EBE74B4D}"
EndProject
Project("{FAE04EC0-301F-11D3-BF4B-00C04F79EFBC}") = "Meta.WitAi.Editor", "Meta.WitAi.Editor.csproj", "{64B23431-100E-D3B5-C2BE-9D654F39999C}"
EndProject
Project("{FAE04EC0-301F-11D3-BF4B-00C04F79EFBC}") = "Oculus.Platform", "Oculus.Platform.csproj", "{056A8614-B69E-DD09-4CC6-E33E40254DDA}"
EndProject
Project("{FAE04EC0-301F-11D3-BF4B-00C04F79EFBC}") = "VoiceSDK.Telemetry", "VoiceSDK.Telemetry.csproj", "{BCC44CFF-381A-F710-2C0F-10121A5D80A7}"
EndProject
Project("{FAE04EC0-301F-11D3-BF4B-00C04F79EFBC}") = "Meta.WitAi.Conduit.Editor", "Meta.WitAi.Conduit.Editor.csproj", "{65B44C08-985F-CF85-EB64-2CC32832FF2B}"
EndProject
Project("{FAE04EC0-301F-11D3-BF4B-00C04F79EFBC}") = "Meta.WitAi", "Meta.WitAi.csproj", "{B8A8DD67-4C89-2DBA-CE92-6B5CADBB0FA8}"
EndProject
Project("{FAE04EC0-301F-11D3-BF4B-00C04F79EFBC}") = "Oculus.Interaction.OVR.Samples", "Oculus.Interaction.OVR.Samples.csproj", "{F7C75DD4-657C-FE99-651D-4BA2907EDCC0}"
EndProject
Project("{FAE04EC0-301F-11D3-BF4B-00C04F79EFBC}") = "Assembly-CSharp", "Assembly-CSharp.csproj", "{9BF41CE6-9EE7-BEDF-BBD1-007FE2A3D6BC}"
EndProject
Project("{FAE04EC0-301F-11D3-BF4B-00C04F79EFBC}") = "Meta.WitAi.Lib", "Meta.WitAi.Lib.csproj", "{DD45BC9C-AA33-75D6-EFB2-8BE506F79F4E}"
EndProject
Project("{FAE04EC0-301F-11D3-BF4B-00C04F79EFBC}") = "Oculus.VR.Editor", "Oculus.VR.Editor.csproj", "{D619DAF1-DF65-078F-B5D7-7231B29E799A}"
EndProject
Project("{FAE04EC0-301F-11D3-BF4B-00C04F79EFBC}") = "Meta.Voice.Hub.Runtime", "Meta.Voice.Hub.Runtime.csproj", "{A7C024FB-975F-DB4C-44CB-440F7908C79E}"
EndProject
Project("{FAE04EC0-301F-11D3-BF4B-00C04F79EFBC}") = "Oculus.Interaction.OVR.Editor", "Oculus.Interaction.OVR.Editor.csproj", "{A24969C7-1EE6-20C8-9F02-E1F2A501FCCD}"
EndProject
Project("{FAE04EC0-301F-11D3-BF4B-00C04F79EFBC}") = "VoiceSDK.Dictation.Runtime", "VoiceSDK.Dictation.Runtime.csproj", "{166C4FF0-8248-32B6-93D2-B68B2C5905BB}"
EndProject
Project("{FAE04EC0-301F-11D3-BF4B-00C04F79EFBC}") = "Oculus.LipSync", "Oculus.LipSync.csproj", "{ADCEC0B8-C64D-FBA4-0707-C248A032A608}"
EndProject
Project("{FAE04EC0-301F-11D3-BF4B-00C04F79EFBC}") = "Oculus.Interaction.OVR", "Oculus.Interaction.OVR.csproj", "{475D225A-EB8C-4474-B5EE-78CABBC9742F}"
EndProject
Project("{FAE04EC0-301F-11D3-BF4B-00C04F79EFBC}") = "Meta.WitAi.TTS.Samples", "Meta.WitAi.TTS.Samples.csproj", "{0457A0E2-67C3-0626-D0A8-53ADF9286E3F}"
EndProject
Project("{FAE04EC0-301F-11D3-BF4B-00C04F79EFBC}") = "Meta.Voice.Hub.Editor", "Meta.Voice.Hub.Editor.csproj", "{7F1BB1D6-8195-6E46-014E-69EF396037D6}"
EndProject
Project("{FAE04EC0-301F-11D3-BF4B-00C04F79EFBC}") = "VoiceSDK.Editor", "VoiceSDK.Editor.csproj", "{299A90B5-A922-BA82-438E-9646F6AFA2E4}"
EndProject
Project("{FAE04EC0-301F-11D3-BF4B-00C04F79EFBC}") = "Meta.WitAI.Lib.Editor", "Meta.WitAI.Lib.Editor.csproj", "{24CE54E9-F465-1F00-21E9-5BF801363E75}"
EndProject
Project("{FAE04EC0-301F-11D3-BF4B-00C04F79EFBC}") = "Oculus.Spatializer.Editor", "Oculus.Spatializer.Editor.csproj", "{07F915A3-F134-B33C-DBCB-8A4A0FF81080}"
EndProject
Project("{FAE04EC0-301F-11D3-BF4B-00C04F79EFBC}") = "Meta.WitAi.TTS", "Meta.WitAi.TTS.csproj", "{C835B331-0811-5AB6-3978-CC9BB3779B3E}"
EndProject
Project("{FAE04EC0-301F-11D3-BF4B-00C04F79EFBC}") = "Oculus.AudioManager", "Oculus.AudioManager.csproj", "{2F48B5E4-7335-7E28-BB9F-88AF3697C40C}"
EndProject
Project("{FAE04EC0-301F-11D3-BF4B-00C04F79EFBC}") = "AssistantCoreSDKRuntime", "AssistantCoreSDKRuntime.csproj", "{C425D361-09F7-9D1B-B17D-181FE6A21D7D}"
EndProject
Project("{FAE04EC0-301F-11D3-BF4B-00C04F79EFBC}") = "VoiceSDK.Runtime", "VoiceSDK.Runtime.csproj", "{BCC2654D-105B-F5F2-6001-088CE9C67DF6}"
EndProject
Project("{FAE04EC0-301F-11D3-BF4B-00C04F79EFBC}") = "Facebook.Wit.Dictation", "Facebook.Wit.Dictation.csproj", "{4397D6F6-5973-C195-C87E-B599F57152B1}"
EndProject
Project("{FAE04EC0-301F-11D3-BF4B-00C04F79EFBC}") = "Meta.WitAi.TTS.Editor", "Meta.WitAi.TTS.Editor.csproj", "{CD0C850C-78F4-773E-B88F-7CEE57D6C9FA}"
EndProject
Project("{FAE04EC0-301F-11D3-BF4B-00C04F79EFBC}") = "Meta.Voice.Samples.BuiltInTimer", "Meta.Voice.Samples.BuiltInTimer.csproj", "{10E784A6-5C97-E80A-585F-56B1C3667A26}"
EndProject
Project("{FAE04EC0-301F-11D3-BF4B-00C04F79EFBC}") = "Oculus.Platform.Editor", "Oculus.Platform.Editor.csproj", "{5556C0D4-1649-264D-34BB-FEF568AFE067}"
EndProject
Project("{FAE04EC0-301F-11D3-BF4B-00C04F79EFBC}") = "Meta.XR.BuildingBlocks.Editor", "Meta.XR.BuildingBlocks.Editor.csproj", "{E9E29261-44FB-9D51-1644-CA79032C45BC}"
EndProject
Project("{FAE04EC0-301F-11D3-BF4B-00C04F79EFBC}") = "Meta.Voice.Samples.TTSVoices", "Meta.Voice.Samples.TTSVoices.csproj", "{814C459B-F156-0D11-6928-D9F6D7E0D70B}"
EndProject
Project("{FAE04EC0-301F-11D3-BF4B-00C04F79EFBC}") = "Meta.Voice.VSDKHub.Editor", "Meta.Voice.VSDKHub.Editor.csproj", "{7C684666-E3F7-8729-D510-1D3E0BFB06B8}"
EndProject
Project("{FAE04EC0-301F-11D3-BF4B-00C04F79EFBC}") = "Oculus.AudioManager.Audio.Editor", "Oculus.AudioManager.Audio.Editor.csproj", "{7105FC78-F278-A01A-7D7E-D8A867B0C8FF}"
EndProject
Project("{FAE04EC0-301F-11D3-BF4B-00C04F79EFBC}") = "Assembly-CSharp-Editor", "Assembly-CSharp-Editor.csproj", "{C76958E6-A018-DC7B-4002-1E360099681F}"
EndProject
Project("{FAE04EC0-301F-11D3-BF4B-00C04F79EFBC}") = "Meta.Voice.Samples.Chess", "Meta.Voice.Samples.Chess.csproj", "{42381956-BFC7-B269-EB3F-A67DCEFF43D5}"
EndProject
Project("{FAE04EC0-301F-11D3-BF4B-00C04F79EFBC}") = "Oculus.VR.Scripts.Editor", "Oculus.VR.Scripts.Editor.csproj", "{D8EC7261-0B5F-16EC-6F30-60DD26728BB5}"
EndProject
Project("{FAE04EC0-301F-11D3-BF4B-00C04F79EFBC}") = "Meta.Voice.Samples.LightTraits", "Meta.Voice.Samples.LightTraits.csproj", "{784509C3-8FF3-0C22-815B-04A0079B2C8E}"
EndProject
Project("{FAE04EC0-301F-11D3-BF4B-00C04F79EFBC}") = "Meta.Voice.Samples.Dictation", "Meta.Voice.Samples.Dictation.csproj", "{0049D40E-AB72-5071-9CED-6FF1A012538D}"
EndProject
Project("{FAE04EC0-301F-11D3-BF4B-00C04F79EFBC}") = "Meta.Voice.Samples.Shapes", "Meta.Voice.Samples.Shapes.csproj", "{8725FE66-9463-11AB-731F-5A606B92EFF2}"
EndProject
Project("{FAE04EC0-301F-11D3-BF4B-00C04F79EFBC}") = "Oculus.Interaction.Samples.Editor", "Oculus.Interaction.Samples.Editor.csproj", "{AE37935F-2A5A-3596-BFF6-7414FF457433}"
EndProject
Project("{FAE04EC0-301F-11D3-BF4B-00C04F79EFBC}") = "Meta.XR.BuildingBlocks", "Meta.XR.BuildingBlocks.csproj", "{D209E75B-C63E-BA7B-A5AC-E22416061A19}"
EndProject
Project("{FAE04EC0-301F-11D3-BF4B-00C04F79EFBC}") = "Oculus.Spatializer", "Oculus.Spatializer.csproj", "{167018F2-0597-360B-B40F-FBB95D6CC707}"
EndProject
Project("{FAE04EC0-301F-11D3-BF4B-00C04F79EFBC}") = "Oculus.LipSync.Editor", "Oculus.LipSync.Editor.csproj", "{BD717FAD-1B6E-3F37-4B23-AE4351CCA80E}"
EndProject
Project("{FAE04EC0-301F-11D3-BF4B-00C04F79EFBC}") = "Oculus.AudioManager.Utils.Editor", "Oculus.AudioManager.Utils.Editor.csproj", "{1F064D42-0CDE-1457-DC90-2F315489953F}"
EndProject
Project("{FAE04EC0-301F-11D3-BF4B-00C04F79EFBC}") = "Meta.VoiceSDK.Mic.Common", "Meta.VoiceSDK.Mic.Common.csproj", "{9991671B-AB8B-BF74-3AFA-4263C846EB4F}"
EndProject
Project("{FAE04EC0-301F-11D3-BF4B-00C04F79EFBC}") = "VoiceSDK.Dictation.Editor", "VoiceSDK.Dictation.Editor.csproj", "{4CB7B9C5-BA75-E788-D740-60EDC0963D24}"
EndProject
Project("{FAE04EC0-301F-11D3-BF4B-00C04F79EFBC}") = "Meta.VoiceSDK.Mic.Other", "Meta.VoiceSDK.Mic.Other.csproj", "{9EE9F46F-B2B5-CF4E-2F75-0ED6A7566FB9}"
EndProject
Project("{FAE04EC0-301F-11D3-BF4B-00C04F79EFBC}") = "AssistantCoreSDKEditor", "AssistantCoreSDKEditor.csproj", "{54E4BA70-E712-FC74-8236-22719B0F2A71}"
EndProject
Project("{FAE04EC0-301F-11D3-BF4B-00C04F79EFBC}") = "Oculus.Interaction.InterfaceSupport", "Oculus.Interaction.InterfaceSupport.csproj", "{099EF954-8EFA-A53E-6349-54209B3F1190}"
EndProject
Project("{FAE04EC0-301F-11D3-BF4B-00C04F79EFBC}") = "Meta.Voice.Samples.LiveUnderstanding", "Meta.Voice.Samples.LiveUnderstanding.csproj", "{32971932-4CA5-2FD7-0703-ADC2E3D38BC0}"
EndProject
Project("{FAE04EC0-301F-11D3-BF4B-00C04F79EFBC}") = "Facebook.Wit.Dictation.Editor", "Facebook.Wit.Dictation.Editor.csproj", "{5B76603F-9FFA-29EC-840A-FE1A380AE7D8}"
EndProject
Project("{FAE04EC0-301F-11D3-BF4B-00C04F79EFBC}") = "Meta.VoiceSDK.Mic.WebGL", "Meta.VoiceSDK.Mic.WebGL.csproj", "{2A916D28-8048-68FA-FC14-DEFC03C60267}"
EndProject
Global
	GlobalSection(SolutionConfigurationPlatforms) = preSolution
		Debug|Any CPU = Debug|Any CPU
		Release|Any CPU = Release|Any CPU
	EndGlobalSection
	GlobalSection(ProjectConfigurationPlatforms) = postSolution
		{4F18CFFA-BE40-E76D-A864-400F376E5A8F}.Debug|Any CPU.ActiveCfg = Debug|Any CPU
		{4F18CFFA-BE40-E76D-A864-400F376E5A8F}.Debug|Any CPU.Build.0 = Debug|Any CPU
		{4F18CFFA-BE40-E76D-A864-400F376E5A8F}.Release|Any CPU.ActiveCfg = Release|Any CPU
		{4F18CFFA-BE40-E76D-A864-400F376E5A8F}.Release|Any CPU.Build.0 = Release|Any CPU
		{41D4D77D-5ECC-7C62-4C31-62AECE42D3ED}.Debug|Any CPU.ActiveCfg = Debug|Any CPU
		{41D4D77D-5ECC-7C62-4C31-62AECE42D3ED}.Debug|Any CPU.Build.0 = Debug|Any CPU
		{41D4D77D-5ECC-7C62-4C31-62AECE42D3ED}.Release|Any CPU.ActiveCfg = Release|Any CPU
		{41D4D77D-5ECC-7C62-4C31-62AECE42D3ED}.Release|Any CPU.Build.0 = Release|Any CPU
		{034A8C88-55DF-07A3-E559-FA997C7C2893}.Debug|Any CPU.ActiveCfg = Debug|Any CPU
		{034A8C88-55DF-07A3-E559-FA997C7C2893}.Debug|Any CPU.Build.0 = Debug|Any CPU
		{034A8C88-55DF-07A3-E559-FA997C7C2893}.Release|Any CPU.ActiveCfg = Release|Any CPU
		{034A8C88-55DF-07A3-E559-FA997C7C2893}.Release|Any CPU.Build.0 = Release|Any CPU
		{6ABA71FE-A4C1-D1D9-2256-AB0539E65858}.Debug|Any CPU.ActiveCfg = Debug|Any CPU
		{6ABA71FE-A4C1-D1D9-2256-AB0539E65858}.Debug|Any CPU.Build.0 = Debug|Any CPU
		{6ABA71FE-A4C1-D1D9-2256-AB0539E65858}.Release|Any CPU.ActiveCfg = Release|Any CPU
		{6ABA71FE-A4C1-D1D9-2256-AB0539E65858}.Release|Any CPU.Build.0 = Release|Any CPU
		{2C7A0173-7BCC-4714-E1D1-53788E978F5F}.Debug|Any CPU.ActiveCfg = Debug|Any CPU
		{2C7A0173-7BCC-4714-E1D1-53788E978F5F}.Debug|Any CPU.Build.0 = Debug|Any CPU
		{2C7A0173-7BCC-4714-E1D1-53788E978F5F}.Release|Any CPU.ActiveCfg = Release|Any CPU
		{2C7A0173-7BCC-4714-E1D1-53788E978F5F}.Release|Any CPU.Build.0 = Release|Any CPU
		{283A5978-9B12-C1E8-5483-7C66EBE74B4D}.Debug|Any CPU.ActiveCfg = Debug|Any CPU
		{283A5978-9B12-C1E8-5483-7C66EBE74B4D}.Debug|Any CPU.Build.0 = Debug|Any CPU
		{283A5978-9B12-C1E8-5483-7C66EBE74B4D}.Release|Any CPU.ActiveCfg = Release|Any CPU
		{283A5978-9B12-C1E8-5483-7C66EBE74B4D}.Release|Any CPU.Build.0 = Release|Any CPU
		{64B23431-100E-D3B5-C2BE-9D654F39999C}.Debug|Any CPU.ActiveCfg = Debug|Any CPU
		{64B23431-100E-D3B5-C2BE-9D654F39999C}.Debug|Any CPU.Build.0 = Debug|Any CPU
		{64B23431-100E-D3B5-C2BE-9D654F39999C}.Release|Any CPU.ActiveCfg = Release|Any CPU
		{64B23431-100E-D3B5-C2BE-9D654F39999C}.Release|Any CPU.Build.0 = Release|Any CPU
		{056A8614-B69E-DD09-4CC6-E33E40254DDA}.Debug|Any CPU.ActiveCfg = Debug|Any CPU
		{056A8614-B69E-DD09-4CC6-E33E40254DDA}.Debug|Any CPU.Build.0 = Debug|Any CPU
		{056A8614-B69E-DD09-4CC6-E33E40254DDA}.Release|Any CPU.ActiveCfg = Release|Any CPU
		{056A8614-B69E-DD09-4CC6-E33E40254DDA}.Release|Any CPU.Build.0 = Release|Any CPU
		{BCC44CFF-381A-F710-2C0F-10121A5D80A7}.Debug|Any CPU.ActiveCfg = Debug|Any CPU
		{BCC44CFF-381A-F710-2C0F-10121A5D80A7}.Debug|Any CPU.Build.0 = Debug|Any CPU
		{BCC44CFF-381A-F710-2C0F-10121A5D80A7}.Release|Any CPU.ActiveCfg = Release|Any CPU
		{BCC44CFF-381A-F710-2C0F-10121A5D80A7}.Release|Any CPU.Build.0 = Release|Any CPU
		{65B44C08-985F-CF85-EB64-2CC32832FF2B}.Debug|Any CPU.ActiveCfg = Debug|Any CPU
		{65B44C08-985F-CF85-EB64-2CC32832FF2B}.Debug|Any CPU.Build.0 = Debug|Any CPU
		{65B44C08-985F-CF85-EB64-2CC32832FF2B}.Release|Any CPU.ActiveCfg = Release|Any CPU
		{65B44C08-985F-CF85-EB64-2CC32832FF2B}.Release|Any CPU.Build.0 = Release|Any CPU
		{B8A8DD67-4C89-2DBA-CE92-6B5CADBB0FA8}.Debug|Any CPU.ActiveCfg = Debug|Any CPU
		{B8A8DD67-4C89-2DBA-CE92-6B5CADBB0FA8}.Debug|Any CPU.Build.0 = Debug|Any CPU
		{B8A8DD67-4C89-2DBA-CE92-6B5CADBB0FA8}.Release|Any CPU.ActiveCfg = Release|Any CPU
		{B8A8DD67-4C89-2DBA-CE92-6B5CADBB0FA8}.Release|Any CPU.Build.0 = Release|Any CPU
		{F7C75DD4-657C-FE99-651D-4BA2907EDCC0}.Debug|Any CPU.ActiveCfg = Debug|Any CPU
		{F7C75DD4-657C-FE99-651D-4BA2907EDCC0}.Debug|Any CPU.Build.0 = Debug|Any CPU
		{F7C75DD4-657C-FE99-651D-4BA2907EDCC0}.Release|Any CPU.ActiveCfg = Release|Any CPU
		{F7C75DD4-657C-FE99-651D-4BA2907EDCC0}.Release|Any CPU.Build.0 = Release|Any CPU
		{9BF41CE6-9EE7-BEDF-BBD1-007FE2A3D6BC}.Debug|Any CPU.ActiveCfg = Debug|Any CPU
		{9BF41CE6-9EE7-BEDF-BBD1-007FE2A3D6BC}.Debug|Any CPU.Build.0 = Debug|Any CPU
		{9BF41CE6-9EE7-BEDF-BBD1-007FE2A3D6BC}.Release|Any CPU.ActiveCfg = Release|Any CPU
		{9BF41CE6-9EE7-BEDF-BBD1-007FE2A3D6BC}.Release|Any CPU.Build.0 = Release|Any CPU
		{DD45BC9C-AA33-75D6-EFB2-8BE506F79F4E}.Debug|Any CPU.ActiveCfg = Debug|Any CPU
		{DD45BC9C-AA33-75D6-EFB2-8BE506F79F4E}.Debug|Any CPU.Build.0 = Debug|Any CPU
		{DD45BC9C-AA33-75D6-EFB2-8BE506F79F4E}.Release|Any CPU.ActiveCfg = Release|Any CPU
		{DD45BC9C-AA33-75D6-EFB2-8BE506F79F4E}.Release|Any CPU.Build.0 = Release|Any CPU
		{D619DAF1-DF65-078F-B5D7-7231B29E799A}.Debug|Any CPU.ActiveCfg = Debug|Any CPU
		{D619DAF1-DF65-078F-B5D7-7231B29E799A}.Debug|Any CPU.Build.0 = Debug|Any CPU
		{D619DAF1-DF65-078F-B5D7-7231B29E799A}.Release|Any CPU.ActiveCfg = Release|Any CPU
		{D619DAF1-DF65-078F-B5D7-7231B29E799A}.Release|Any CPU.Build.0 = Release|Any CPU
		{A7C024FB-975F-DB4C-44CB-440F7908C79E}.Debug|Any CPU.ActiveCfg = Debug|Any CPU
		{A7C024FB-975F-DB4C-44CB-440F7908C79E}.Debug|Any CPU.Build.0 = Debug|Any CPU
		{A7C024FB-975F-DB4C-44CB-440F7908C79E}.Release|Any CPU.ActiveCfg = Release|Any CPU
		{A7C024FB-975F-DB4C-44CB-440F7908C79E}.Release|Any CPU.Build.0 = Release|Any CPU
		{A24969C7-1EE6-20C8-9F02-E1F2A501FCCD}.Debug|Any CPU.ActiveCfg = Debug|Any CPU
		{A24969C7-1EE6-20C8-9F02-E1F2A501FCCD}.Debug|Any CPU.Build.0 = Debug|Any CPU
		{A24969C7-1EE6-20C8-9F02-E1F2A501FCCD}.Release|Any CPU.ActiveCfg = Release|Any CPU
		{A24969C7-1EE6-20C8-9F02-E1F2A501FCCD}.Release|Any CPU.Build.0 = Release|Any CPU
		{166C4FF0-8248-32B6-93D2-B68B2C5905BB}.Debug|Any CPU.ActiveCfg = Debug|Any CPU
		{166C4FF0-8248-32B6-93D2-B68B2C5905BB}.Debug|Any CPU.Build.0 = Debug|Any CPU
		{166C4FF0-8248-32B6-93D2-B68B2C5905BB}.Release|Any CPU.ActiveCfg = Release|Any CPU
		{166C4FF0-8248-32B6-93D2-B68B2C5905BB}.Release|Any CPU.Build.0 = Release|Any CPU
		{ADCEC0B8-C64D-FBA4-0707-C248A032A608}.Debug|Any CPU.ActiveCfg = Debug|Any CPU
		{ADCEC0B8-C64D-FBA4-0707-C248A032A608}.Debug|Any CPU.Build.0 = Debug|Any CPU
		{ADCEC0B8-C64D-FBA4-0707-C248A032A608}.Release|Any CPU.ActiveCfg = Release|Any CPU
		{ADCEC0B8-C64D-FBA4-0707-C248A032A608}.Release|Any CPU.Build.0 = Release|Any CPU
		{475D225A-EB8C-4474-B5EE-78CABBC9742F}.Debug|Any CPU.ActiveCfg = Debug|Any CPU
		{475D225A-EB8C-4474-B5EE-78CABBC9742F}.Debug|Any CPU.Build.0 = Debug|Any CPU
		{475D225A-EB8C-4474-B5EE-78CABBC9742F}.Release|Any CPU.ActiveCfg = Release|Any CPU
		{475D225A-EB8C-4474-B5EE-78CABBC9742F}.Release|Any CPU.Build.0 = Release|Any CPU
		{0457A0E2-67C3-0626-D0A8-53ADF9286E3F}.Debug|Any CPU.ActiveCfg = Debug|Any CPU
		{0457A0E2-67C3-0626-D0A8-53ADF9286E3F}.Debug|Any CPU.Build.0 = Debug|Any CPU
		{0457A0E2-67C3-0626-D0A8-53ADF9286E3F}.Release|Any CPU.ActiveCfg = Release|Any CPU
		{0457A0E2-67C3-0626-D0A8-53ADF9286E3F}.Release|Any CPU.Build.0 = Release|Any CPU
		{7F1BB1D6-8195-6E46-014E-69EF396037D6}.Debug|Any CPU.ActiveCfg = Debug|Any CPU
		{7F1BB1D6-8195-6E46-014E-69EF396037D6}.Debug|Any CPU.Build.0 = Debug|Any CPU
		{7F1BB1D6-8195-6E46-014E-69EF396037D6}.Release|Any CPU.ActiveCfg = Release|Any CPU
		{7F1BB1D6-8195-6E46-014E-69EF396037D6}.Release|Any CPU.Build.0 = Release|Any CPU
		{299A90B5-A922-BA82-438E-9646F6AFA2E4}.Debug|Any CPU.ActiveCfg = Debug|Any CPU
		{299A90B5-A922-BA82-438E-9646F6AFA2E4}.Debug|Any CPU.Build.0 = Debug|Any CPU
		{299A90B5-A922-BA82-438E-9646F6AFA2E4}.Release|Any CPU.ActiveCfg = Release|Any CPU
		{299A90B5-A922-BA82-438E-9646F6AFA2E4}.Release|Any CPU.Build.0 = Release|Any CPU
		{24CE54E9-F465-1F00-21E9-5BF801363E75}.Debug|Any CPU.ActiveCfg = Debug|Any CPU
		{24CE54E9-F465-1F00-21E9-5BF801363E75}.Debug|Any CPU.Build.0 = Debug|Any CPU
		{24CE54E9-F465-1F00-21E9-5BF801363E75}.Release|Any CPU.ActiveCfg = Release|Any CPU
		{24CE54E9-F465-1F00-21E9-5BF801363E75}.Release|Any CPU.Build.0 = Release|Any CPU
		{07F915A3-F134-B33C-DBCB-8A4A0FF81080}.Debug|Any CPU.ActiveCfg = Debug|Any CPU
		{07F915A3-F134-B33C-DBCB-8A4A0FF81080}.Debug|Any CPU.Build.0 = Debug|Any CPU
		{07F915A3-F134-B33C-DBCB-8A4A0FF81080}.Release|Any CPU.ActiveCfg = Release|Any CPU
		{07F915A3-F134-B33C-DBCB-8A4A0FF81080}.Release|Any CPU.Build.0 = Release|Any CPU
		{C835B331-0811-5AB6-3978-CC9BB3779B3E}.Debug|Any CPU.ActiveCfg = Debug|Any CPU
		{C835B331-0811-5AB6-3978-CC9BB3779B3E}.Debug|Any CPU.Build.0 = Debug|Any CPU
		{C835B331-0811-5AB6-3978-CC9BB3779B3E}.Release|Any CPU.ActiveCfg = Release|Any CPU
		{C835B331-0811-5AB6-3978-CC9BB3779B3E}.Release|Any CPU.Build.0 = Release|Any CPU
		{2F48B5E4-7335-7E28-BB9F-88AF3697C40C}.Debug|Any CPU.ActiveCfg = Debug|Any CPU
		{2F48B5E4-7335-7E28-BB9F-88AF3697C40C}.Debug|Any CPU.Build.0 = Debug|Any CPU
		{2F48B5E4-7335-7E28-BB9F-88AF3697C40C}.Release|Any CPU.ActiveCfg = Release|Any CPU
		{2F48B5E4-7335-7E28-BB9F-88AF3697C40C}.Release|Any CPU.Build.0 = Release|Any CPU
		{C425D361-09F7-9D1B-B17D-181FE6A21D7D}.Debug|Any CPU.ActiveCfg = Debug|Any CPU
		{C425D361-09F7-9D1B-B17D-181FE6A21D7D}.Debug|Any CPU.Build.0 = Debug|Any CPU
		{C425D361-09F7-9D1B-B17D-181FE6A21D7D}.Release|Any CPU.ActiveCfg = Release|Any CPU
		{C425D361-09F7-9D1B-B17D-181FE6A21D7D}.Release|Any CPU.Build.0 = Release|Any CPU
		{BCC2654D-105B-F5F2-6001-088CE9C67DF6}.Debug|Any CPU.ActiveCfg = Debug|Any CPU
		{BCC2654D-105B-F5F2-6001-088CE9C67DF6}.Debug|Any CPU.Build.0 = Debug|Any CPU
		{BCC2654D-105B-F5F2-6001-088CE9C67DF6}.Release|Any CPU.ActiveCfg = Release|Any CPU
		{BCC2654D-105B-F5F2-6001-088CE9C67DF6}.Release|Any CPU.Build.0 = Release|Any CPU
		{4397D6F6-5973-C195-C87E-B599F57152B1}.Debug|Any CPU.ActiveCfg = Debug|Any CPU
		{4397D6F6-5973-C195-C87E-B599F57152B1}.Debug|Any CPU.Build.0 = Debug|Any CPU
		{4397D6F6-5973-C195-C87E-B599F57152B1}.Release|Any CPU.ActiveCfg = Release|Any CPU
		{4397D6F6-5973-C195-C87E-B599F57152B1}.Release|Any CPU.Build.0 = Release|Any CPU
		{CD0C850C-78F4-773E-B88F-7CEE57D6C9FA}.Debug|Any CPU.ActiveCfg = Debug|Any CPU
		{CD0C850C-78F4-773E-B88F-7CEE57D6C9FA}.Debug|Any CPU.Build.0 = Debug|Any CPU
		{CD0C850C-78F4-773E-B88F-7CEE57D6C9FA}.Release|Any CPU.ActiveCfg = Release|Any CPU
		{CD0C850C-78F4-773E-B88F-7CEE57D6C9FA}.Release|Any CPU.Build.0 = Release|Any CPU
		{10E784A6-5C97-E80A-585F-56B1C3667A26}.Debug|Any CPU.ActiveCfg = Debug|Any CPU
		{10E784A6-5C97-E80A-585F-56B1C3667A26}.Debug|Any CPU.Build.0 = Debug|Any CPU
		{10E784A6-5C97-E80A-585F-56B1C3667A26}.Release|Any CPU.ActiveCfg = Release|Any CPU
		{10E784A6-5C97-E80A-585F-56B1C3667A26}.Release|Any CPU.Build.0 = Release|Any CPU
		{5556C0D4-1649-264D-34BB-FEF568AFE067}.Debug|Any CPU.ActiveCfg = Debug|Any CPU
		{5556C0D4-1649-264D-34BB-FEF568AFE067}.Debug|Any CPU.Build.0 = Debug|Any CPU
		{5556C0D4-1649-264D-34BB-FEF568AFE067}.Release|Any CPU.ActiveCfg = Release|Any CPU
		{5556C0D4-1649-264D-34BB-FEF568AFE067}.Release|Any CPU.Build.0 = Release|Any CPU
		{E9E29261-44FB-9D51-1644-CA79032C45BC}.Debug|Any CPU.ActiveCfg = Debug|Any CPU
		{E9E29261-44FB-9D51-1644-CA79032C45BC}.Debug|Any CPU.Build.0 = Debug|Any CPU
		{E9E29261-44FB-9D51-1644-CA79032C45BC}.Release|Any CPU.ActiveCfg = Release|Any CPU
		{E9E29261-44FB-9D51-1644-CA79032C45BC}.Release|Any CPU.Build.0 = Release|Any CPU
		{814C459B-F156-0D11-6928-D9F6D7E0D70B}.Debug|Any CPU.ActiveCfg = Debug|Any CPU
		{814C459B-F156-0D11-6928-D9F6D7E0D70B}.Debug|Any CPU.Build.0 = Debug|Any CPU
		{814C459B-F156-0D11-6928-D9F6D7E0D70B}.Release|Any CPU.ActiveCfg = Release|Any CPU
		{814C459B-F156-0D11-6928-D9F6D7E0D70B}.Release|Any CPU.Build.0 = Release|Any CPU
		{7C684666-E3F7-8729-D510-1D3E0BFB06B8}.Debug|Any CPU.ActiveCfg = Debug|Any CPU
		{7C684666-E3F7-8729-D510-1D3E0BFB06B8}.Debug|Any CPU.Build.0 = Debug|Any CPU
		{7C684666-E3F7-8729-D510-1D3E0BFB06B8}.Release|Any CPU.ActiveCfg = Release|Any CPU
		{7C684666-E3F7-8729-D510-1D3E0BFB06B8}.Release|Any CPU.Build.0 = Release|Any CPU
		{7105FC78-F278-A01A-7D7E-D8A867B0C8FF}.Debug|Any CPU.ActiveCfg = Debug|Any CPU
		{7105FC78-F278-A01A-7D7E-D8A867B0C8FF}.Debug|Any CPU.Build.0 = Debug|Any CPU
		{7105FC78-F278-A01A-7D7E-D8A867B0C8FF}.Release|Any CPU.ActiveCfg = Release|Any CPU
		{7105FC78-F278-A01A-7D7E-D8A867B0C8FF}.Release|Any CPU.Build.0 = Release|Any CPU
		{C76958E6-A018-DC7B-4002-1E360099681F}.Debug|Any CPU.ActiveCfg = Debug|Any CPU
		{C76958E6-A018-DC7B-4002-1E360099681F}.Debug|Any CPU.Build.0 = Debug|Any CPU
		{C76958E6-A018-DC7B-4002-1E360099681F}.Release|Any CPU.ActiveCfg = Release|Any CPU
		{C76958E6-A018-DC7B-4002-1E360099681F}.Release|Any CPU.Build.0 = Release|Any CPU
		{42381956-BFC7-B269-EB3F-A67DCEFF43D5}.Debug|Any CPU.ActiveCfg = Debug|Any CPU
		{42381956-BFC7-B269-EB3F-A67DCEFF43D5}.Debug|Any CPU.Build.0 = Debug|Any CPU
		{42381956-BFC7-B269-EB3F-A67DCEFF43D5}.Release|Any CPU.ActiveCfg = Release|Any CPU
		{42381956-BFC7-B269-EB3F-A67DCEFF43D5}.Release|Any CPU.Build.0 = Release|Any CPU
		{D8EC7261-0B5F-16EC-6F30-60DD26728BB5}.Debug|Any CPU.ActiveCfg = Debug|Any CPU
		{D8EC7261-0B5F-16EC-6F30-60DD26728BB5}.Debug|Any CPU.Build.0 = Debug|Any CPU
		{D8EC7261-0B5F-16EC-6F30-60DD26728BB5}.Release|Any CPU.ActiveCfg = Release|Any CPU
		{D8EC7261-0B5F-16EC-6F30-60DD26728BB5}.Release|Any CPU.Build.0 = Release|Any CPU
		{784509C3-8FF3-0C22-815B-04A0079B2C8E}.Debug|Any CPU.ActiveCfg = Debug|Any CPU
		{784509C3-8FF3-0C22-815B-04A0079B2C8E}.Debug|Any CPU.Build.0 = Debug|Any CPU
		{784509C3-8FF3-0C22-815B-04A0079B2C8E}.Release|Any CPU.ActiveCfg = Release|Any CPU
		{784509C3-8FF3-0C22-815B-04A0079B2C8E}.Release|Any CPU.Build.0 = Release|Any CPU
		{0049D40E-AB72-5071-9CED-6FF1A012538D}.Debug|Any CPU.ActiveCfg = Debug|Any CPU
		{0049D40E-AB72-5071-9CED-6FF1A012538D}.Debug|Any CPU.Build.0 = Debug|Any CPU
		{0049D40E-AB72-5071-9CED-6FF1A012538D}.Release|Any CPU.ActiveCfg = Release|Any CPU
		{0049D40E-AB72-5071-9CED-6FF1A012538D}.Release|Any CPU.Build.0 = Release|Any CPU
		{8725FE66-9463-11AB-731F-5A606B92EFF2}.Debug|Any CPU.ActiveCfg = Debug|Any CPU
		{8725FE66-9463-11AB-731F-5A606B92EFF2}.Debug|Any CPU.Build.0 = Debug|Any CPU
		{8725FE66-9463-11AB-731F-5A606B92EFF2}.Release|Any CPU.ActiveCfg = Release|Any CPU
		{8725FE66-9463-11AB-731F-5A606B92EFF2}.Release|Any CPU.Build.0 = Release|Any CPU
		{AE37935F-2A5A-3596-BFF6-7414FF457433}.Debug|Any CPU.ActiveCfg = Debug|Any CPU
		{AE37935F-2A5A-3596-BFF6-7414FF457433}.Debug|Any CPU.Build.0 = Debug|Any CPU
		{AE37935F-2A5A-3596-BFF6-7414FF457433}.Release|Any CPU.ActiveCfg = Release|Any CPU
		{AE37935F-2A5A-3596-BFF6-7414FF457433}.Release|Any CPU.Build.0 = Release|Any CPU
		{D209E75B-C63E-BA7B-A5AC-E22416061A19}.Debug|Any CPU.ActiveCfg = Debug|Any CPU
		{D209E75B-C63E-BA7B-A5AC-E22416061A19}.Debug|Any CPU.Build.0 = Debug|Any CPU
		{D209E75B-C63E-BA7B-A5AC-E22416061A19}.Release|Any CPU.ActiveCfg = Release|Any CPU
		{D209E75B-C63E-BA7B-A5AC-E22416061A19}.Release|Any CPU.Build.0 = Release|Any CPU
		{167018F2-0597-360B-B40F-FBB95D6CC707}.Debug|Any CPU.ActiveCfg = Debug|Any CPU
		{167018F2-0597-360B-B40F-FBB95D6CC707}.Debug|Any CPU.Build.0 = Debug|Any CPU
		{167018F2-0597-360B-B40F-FBB95D6CC707}.Release|Any CPU.ActiveCfg = Release|Any CPU
		{167018F2-0597-360B-B40F-FBB95D6CC707}.Release|Any CPU.Build.0 = Release|Any CPU
		{BD717FAD-1B6E-3F37-4B23-AE4351CCA80E}.Debug|Any CPU.ActiveCfg = Debug|Any CPU
		{BD717FAD-1B6E-3F37-4B23-AE4351CCA80E}.Debug|Any CPU.Build.0 = Debug|Any CPU
		{BD717FAD-1B6E-3F37-4B23-AE4351CCA80E}.Release|Any CPU.ActiveCfg = Release|Any CPU
		{BD717FAD-1B6E-3F37-4B23-AE4351CCA80E}.Release|Any CPU.Build.0 = Release|Any CPU
		{1F064D42-0CDE-1457-DC90-2F315489953F}.Debug|Any CPU.ActiveCfg = Debug|Any CPU
		{1F064D42-0CDE-1457-DC90-2F315489953F}.Debug|Any CPU.Build.0 = Debug|Any CPU
		{1F064D42-0CDE-1457-DC90-2F315489953F}.Release|Any CPU.ActiveCfg = Release|Any CPU
		{1F064D42-0CDE-1457-DC90-2F315489953F}.Release|Any CPU.Build.0 = Release|Any CPU
		{9991671B-AB8B-BF74-3AFA-4263C846EB4F}.Debug|Any CPU.ActiveCfg = Debug|Any CPU
		{9991671B-AB8B-BF74-3AFA-4263C846EB4F}.Debug|Any CPU.Build.0 = Debug|Any CPU
		{9991671B-AB8B-BF74-3AFA-4263C846EB4F}.Release|Any CPU.ActiveCfg = Release|Any CPU
		{9991671B-AB8B-BF74-3AFA-4263C846EB4F}.Release|Any CPU.Build.0 = Release|Any CPU
		{4CB7B9C5-BA75-E788-D740-60EDC0963D24}.Debug|Any CPU.ActiveCfg = Debug|Any CPU
		{4CB7B9C5-BA75-E788-D740-60EDC0963D24}.Debug|Any CPU.Build.0 = Debug|Any CPU
		{4CB7B9C5-BA75-E788-D740-60EDC0963D24}.Release|Any CPU.ActiveCfg = Release|Any CPU
		{4CB7B9C5-BA75-E788-D740-60EDC0963D24}.Release|Any CPU.Build.0 = Release|Any CPU
		{9EE9F46F-B2B5-CF4E-2F75-0ED6A7566FB9}.Debug|Any CPU.ActiveCfg = Debug|Any CPU
		{9EE9F46F-B2B5-CF4E-2F75-0ED6A7566FB9}.Debug|Any CPU.Build.0 = Debug|Any CPU
		{9EE9F46F-B2B5-CF4E-2F75-0ED6A7566FB9}.Release|Any CPU.ActiveCfg = Release|Any CPU
		{9EE9F46F-B2B5-CF4E-2F75-0ED6A7566FB9}.Release|Any CPU.Build.0 = Release|Any CPU
		{54E4BA70-E712-FC74-8236-22719B0F2A71}.Debug|Any CPU.ActiveCfg = Debug|Any CPU
		{54E4BA70-E712-FC74-8236-22719B0F2A71}.Debug|Any CPU.Build.0 = Debug|Any CPU
		{54E4BA70-E712-FC74-8236-22719B0F2A71}.Release|Any CPU.ActiveCfg = Release|Any CPU
		{54E4BA70-E712-FC74-8236-22719B0F2A71}.Release|Any CPU.Build.0 = Release|Any CPU
		{099EF954-8EFA-A53E-6349-54209B3F1190}.Debug|Any CPU.ActiveCfg = Debug|Any CPU
		{099EF954-8EFA-A53E-6349-54209B3F1190}.Debug|Any CPU.Build.0 = Debug|Any CPU
		{099EF954-8EFA-A53E-6349-54209B3F1190}.Release|Any CPU.ActiveCfg = Release|Any CPU
		{099EF954-8EFA-A53E-6349-54209B3F1190}.Release|Any CPU.Build.0 = Release|Any CPU
		{32971932-4CA5-2FD7-0703-ADC2E3D38BC0}.Debug|Any CPU.ActiveCfg = Debug|Any CPU
		{32971932-4CA5-2FD7-0703-ADC2E3D38BC0}.Debug|Any CPU.Build.0 = Debug|Any CPU
		{32971932-4CA5-2FD7-0703-ADC2E3D38BC0}.Release|Any CPU.ActiveCfg = Release|Any CPU
		{32971932-4CA5-2FD7-0703-ADC2E3D38BC0}.Release|Any CPU.Build.0 = Release|Any CPU
		{5B76603F-9FFA-29EC-840A-FE1A380AE7D8}.Debug|Any CPU.ActiveCfg = Debug|Any CPU
		{5B76603F-9FFA-29EC-840A-FE1A380AE7D8}.Debug|Any CPU.Build.0 = Debug|Any CPU
		{5B76603F-9FFA-29EC-840A-FE1A380AE7D8}.Release|Any CPU.ActiveCfg = Release|Any CPU
		{5B76603F-9FFA-29EC-840A-FE1A380AE7D8}.Release|Any CPU.Build.0 = Release|Any CPU
		{2A916D28-8048-68FA-FC14-DEFC03C60267}.Debug|Any CPU.ActiveCfg = Debug|Any CPU
		{2A916D28-8048-68FA-FC14-DEFC03C60267}.Debug|Any CPU.Build.0 = Debug|Any CPU
		{2A916D28-8048-68FA-FC14-DEFC03C60267}.Release|Any CPU.ActiveCfg = Release|Any CPU
		{2A916D28-8048-68FA-FC14-DEFC03C60267}.Release|Any CPU.Build.0 = Release|Any CPU
	EndGlobalSection
	GlobalSection(SolutionProperties) = preSolution
		HideSolutionNode = FALSE
	EndGlobalSection
EndGlobal
