
Microsoft Visual Studio Solution File, Format Version 12.00
# Visual Studio 15
Project("{FAE04EC0-301F-11D3-BF4B-00C04F79EFBC}") = "Oculus.Interaction.Editor", "Oculus.Interaction.Editor.csproj", "{9A211304-FDED-30DE-E76D-8F621FB609A0}"
EndProject
Project("{FAE04EC0-301F-11D3-BF4B-00C04F79EFBC}") = "Meta.WitAi.Conduit", "Meta.WitAi.Conduit.csproj", "{D9417079-89EE-5240-B435-6ECA23BF905A}"
EndProject
Project("{FAE04EC0-301F-11D3-BF4B-00C04F79EFBC}") = "Oculus.VR", "Oculus.VR.csproj", "{BDBD7883-75A4-CBD6-DF24-4616F463BCA2}"
EndProject
Project("{FAE04EC0-301F-11D3-BF4B-00C04F79EFBC}") = "Oculus.Interaction", "Oculus.Interaction.csproj", "{71E10F52-3761-ED1A-79BF-68D7FF748FDD}"
EndProject
Project("{FAE04EC0-301F-11D3-BF4B-00C04F79EFBC}") = "Meta.Voice.Samples.ShapesConduit", "Meta.Voice.Samples.ShapesConduit.csproj", "{031B35CF-59A7-74DA-0789-25042EA9C6EF}"
EndProject
Project("{FAE04EC0-301F-11D3-BF4B-00C04F79EFBC}") = "Meta.WitAi.Editor", "Meta.WitAi.Editor.csproj", "{AB97AB22-B857-C4A3-E53B-EEAC059B793C}"
EndProject
Project("{FAE04EC0-301F-11D3-BF4B-00C04F79EFBC}") = "Oculus.Platform", "Oculus.Platform.csproj", "{534098FE-C672-A4F2-ADE9-60372E798FB4}"
EndProject
Project("{FAE04EC0-301F-11D3-BF4B-00C04F79EFBC}") = "VoiceSDK.Telemetry", "VoiceSDK.Telemetry.csproj", "{F9943A2C-3B39-FD98-085C-FEC0B6FFE407}"
EndProject
Project("{FAE04EC0-301F-11D3-BF4B-00C04F79EFBC}") = "Meta.WitAi.Conduit.Editor", "Meta.WitAi.Conduit.Editor.csproj", "{04EDC2EA-5309-B5DF-70A1-BE1BF2345295}"
EndProject
Project("{FAE04EC0-301F-11D3-BF4B-00C04F79EFBC}") = "Meta.WitAi", "Meta.WitAi.csproj", "{ADD47AE8-6D2B-D0BB-4D32-0F329A2F2601}"
EndProject
Project("{FAE04EC0-301F-11D3-BF4B-00C04F79EFBC}") = "Oculus.Interaction.OVR.Samples", "Oculus.Interaction.OVR.Samples.csproj", "{C738ACE6-3123-28A5-95B6-1D9DBC6773D9}"
EndProject
Project("{FAE04EC0-301F-11D3-BF4B-00C04F79EFBC}") = "Assembly-CSharp", "Assembly-CSharp.csproj", "{FE6075DA-9B2E-F1D7-57A0-5EFC5C398AA5}"
EndProject
Project("{FAE04EC0-301F-11D3-BF4B-00C04F79EFBC}") = "Meta.WitAi.Lib", "Meta.WitAi.Lib.csproj", "{DB9937A4-EA63-EBE8-D80B-5D236365A14E}"
EndProject
Project("{FAE04EC0-301F-11D3-BF4B-00C04F79EFBC}") = "Oculus.VR.Editor", "Oculus.VR.Editor.csproj", "{DA21E005-38B3-A491-D5CA-2F40E60CF169}"
EndProject
Project("{FAE04EC0-301F-11D3-BF4B-00C04F79EFBC}") = "Meta.Voice.Hub.Runtime", "Meta.Voice.Hub.Runtime.csproj", "{2FD57ED3-9704-D711-D788-5F7D2C0EBFF7}"
EndProject
Project("{FAE04EC0-301F-11D3-BF4B-00C04F79EFBC}") = "Oculus.Interaction.OVR.Editor", "Oculus.Interaction.OVR.Editor.csproj", "{F4E54D0F-54EA-3B7B-D85B-432B1CB8272E}"
EndProject
Project("{FAE04EC0-301F-11D3-BF4B-00C04F79EFBC}") = "VoiceSDK.Dictation.Runtime", "VoiceSDK.Dictation.Runtime.csproj", "{D726EE11-B8F4-8EAB-3B9A-3F38505FFD30}"
EndProject
Project("{FAE04EC0-301F-11D3-BF4B-00C04F79EFBC}") = "Oculus.LipSync", "Oculus.LipSync.csproj", "{9BEB4C7B-D074-70C6-AEC6-2B26F7496D9A}"
EndProject
Project("{FAE04EC0-301F-11D3-BF4B-00C04F79EFBC}") = "Oculus.Interaction.OVR", "Oculus.Interaction.OVR.csproj", "{3F217B7C-6D86-D296-3E91-61F2C2893229}"
EndProject
Project("{FAE04EC0-301F-11D3-BF4B-00C04F79EFBC}") = "Meta.Voice.Hub.Editor", "Meta.Voice.Hub.Editor.csproj", "{AA05CDCD-8DAC-9FE4-9ED1-F6DB836E73EF}"
EndProject
Project("{FAE04EC0-301F-11D3-BF4B-00C04F79EFBC}") = "VoiceSDK.Editor", "VoiceSDK.Editor.csproj", "{20CF6844-16A0-E508-178C-73C60F2F71AA}"
EndProject
Project("{FAE04EC0-301F-11D3-BF4B-00C04F79EFBC}") = "Meta.WitAI.Lib.Editor", "Meta.WitAI.Lib.Editor.csproj", "{BD1F9D0C-29B5-DE96-E823-3E65BA311776}"
EndProject
Project("{FAE04EC0-301F-11D3-BF4B-00C04F79EFBC}") = "Oculus.Spatializer.Editor", "Oculus.Spatializer.Editor.csproj", "{1FE20008-48FB-A172-744D-0392213FA32C}"
EndProject
Project("{FAE04EC0-301F-11D3-BF4B-00C04F79EFBC}") = "AssistantCoreSDKRuntime", "AssistantCoreSDKRuntime.csproj", "{C17CE00F-FA47-7146-BE98-D9F95033EB1C}"
EndProject
Project("{FAE04EC0-301F-11D3-BF4B-00C04F79EFBC}") = "Oculus.AudioManager", "Oculus.AudioManager.csproj", "{FB3A7CEE-64CE-B95B-F628-8910162FCD49}"
EndProject
Project("{FAE04EC0-301F-11D3-BF4B-00C04F79EFBC}") = "VoiceSDK.Runtime", "VoiceSDK.Runtime.csproj", "{B756955C-D734-FEEC-7C52-C079C9B89A11}"
EndProject
Project("{FAE04EC0-301F-11D3-BF4B-00C04F79EFBC}") = "Facebook.Wit.Dictation", "Facebook.Wit.Dictation.csproj", "{85500E1B-ED64-E8F7-D5FA-53BB7882F4EE}"
EndProject
Project("{FAE04EC0-301F-11D3-BF4B-00C04F79EFBC}") = "Meta.Voice.Samples.BuiltInTimer", "Meta.Voice.Samples.BuiltInTimer.csproj", "{23E2DA93-B000-E6D7-A9B5-A12B618F8394}"
EndProject
Project("{FAE04EC0-301F-11D3-BF4B-00C04F79EFBC}") = "Oculus.Platform.Editor", "Oculus.Platform.Editor.csproj", "{D7C7A64A-0D5B-99FC-92E3-A38C5D4B4313}"
EndProject
Project("{FAE04EC0-301F-11D3-BF4B-00C04F79EFBC}") = "Meta.XR.BuildingBlocks.Editor", "Meta.XR.BuildingBlocks.Editor.csproj", "{36622D20-60C3-6997-8EDD-C93DCD15A1DD}"
EndProject
Project("{FAE04EC0-301F-11D3-BF4B-00C04F79EFBC}") = "Meta.Voice.Samples.TTSVoices", "Meta.Voice.Samples.TTSVoices.csproj", "{0D652A1A-0DD4-B10B-FCBA-C6C045AC417A}"
EndProject
Project("{FAE04EC0-301F-11D3-BF4B-00C04F79EFBC}") = "Meta.Voice.VSDKHub.Editor", "Meta.Voice.VSDKHub.Editor.csproj", "{5789FDA9-3FE4-0C26-2259-4F959B38DE6C}"
EndProject
Project("{FAE04EC0-301F-11D3-BF4B-00C04F79EFBC}") = "Meta.WitAi.TTS", "Meta.WitAi.TTS.csproj", "{23D655E7-BC2A-3CB5-E167-2CA52E46275C}"
EndProject
Project("{FAE04EC0-301F-11D3-BF4B-00C04F79EFBC}") = "Oculus.AudioManager.Audio.Editor", "Oculus.AudioManager.Audio.Editor.csproj", "{0713DBF8-5230-6355-B98A-FA9B16DB5FCE}"
EndProject
Project("{FAE04EC0-301F-11D3-BF4B-00C04F79EFBC}") = "Assembly-CSharp-Editor", "Assembly-CSharp-Editor.csproj", "{1A6F4054-A5A8-81CB-262D-0DCAEB74F4CA}"
EndProject
Project("{FAE04EC0-301F-11D3-BF4B-00C04F79EFBC}") = "Meta.Voice.Samples.Chess", "Meta.Voice.Samples.Chess.csproj", "{F338B131-18A0-2B5E-E3AA-31AE9816D41B}"
EndProject
Project("{FAE04EC0-301F-11D3-BF4B-00C04F79EFBC}") = "Oculus.VR.Scripts.Editor", "Oculus.VR.Scripts.Editor.csproj", "{C5E5B069-C4E2-6A3F-45FB-E074A6C27627}"
EndProject
Project("{FAE04EC0-301F-11D3-BF4B-00C04F79EFBC}") = "Meta.Voice.Samples.LightTraits", "Meta.Voice.Samples.LightTraits.csproj", "{AC326A96-F52C-F5F0-C143-36B24BE9D978}"
EndProject
Project("{FAE04EC0-301F-11D3-BF4B-00C04F79EFBC}") = "Meta.Voice.Samples.Dictation", "Meta.Voice.Samples.Dictation.csproj", "{3CD689D7-2FBE-B7C5-802A-00DB8011C8D9}"
EndProject
Project("{FAE04EC0-301F-11D3-BF4B-00C04F79EFBC}") = "Meta.Voice.Samples.Shapes", "Meta.Voice.Samples.Shapes.csproj", "{D68A352F-731B-B22B-659C-A727D4D67F16}"
EndProject
Project("{FAE04EC0-301F-11D3-BF4B-00C04F79EFBC}") = "Oculus.Interaction.Samples.Editor", "Oculus.Interaction.Samples.Editor.csproj", "{F60F8A91-6FF3-4125-7A39-C794DCD05480}"
EndProject
Project("{FAE04EC0-301F-11D3-BF4B-00C04F79EFBC}") = "Meta.WitAi.TTS.Editor", "Meta.WitAi.TTS.Editor.csproj", "{7FE4718B-DD19-6247-078D-6287FD6F2A3D}"
EndProject
Project("{FAE04EC0-301F-11D3-BF4B-00C04F79EFBC}") = "Meta.XR.BuildingBlocks", "Meta.XR.BuildingBlocks.csproj", "{4E1A8D20-7F1E-BAE8-9CD3-73AC7466D4FC}"
EndProject
Project("{FAE04EC0-301F-11D3-BF4B-00C04F79EFBC}") = "Oculus.Spatializer", "Oculus.Spatializer.csproj", "{1E9DC386-F6D4-074D-57F8-129F26D56926}"
EndProject
Project("{FAE04EC0-301F-11D3-BF4B-00C04F79EFBC}") = "Oculus.LipSync.Editor", "Oculus.LipSync.Editor.csproj", "{C5BE1426-7F54-96A8-E6B5-22DD94DA7F7B}"
EndProject
Project("{FAE04EC0-301F-11D3-BF4B-00C04F79EFBC}") = "Oculus.AudioManager.Utils.Editor", "Oculus.AudioManager.Utils.Editor.csproj", "{3425BE00-D6C1-383A-6E03-1B05D9A868A3}"
EndProject
Project("{FAE04EC0-301F-11D3-BF4B-00C04F79EFBC}") = "Meta.VoiceSDK.Mic.Common", "Meta.VoiceSDK.Mic.Common.csproj", "{E18FB392-50EC-F5AB-22DF-E30314D6BD4B}"
EndProject
Project("{FAE04EC0-301F-11D3-BF4B-00C04F79EFBC}") = "VoiceSDK.Dictation.Editor", "VoiceSDK.Dictation.Editor.csproj", "{30C5A6F9-46E9-EE4A-AE48-8609D126AA15}"
EndProject
Project("{FAE04EC0-301F-11D3-BF4B-00C04F79EFBC}") = "Meta.VoiceSDK.Mic.Other", "Meta.VoiceSDK.Mic.Other.csproj", "{7E8145D3-CBF3-E2BD-8352-DBC1BB222EF8}"
EndProject
Project("{FAE04EC0-301F-11D3-BF4B-00C04F79EFBC}") = "AssistantCoreSDKEditor", "AssistantCoreSDKEditor.csproj", "{9CD3A71F-BA5F-86FE-2181-CCB798CC4B31}"
EndProject
Project("{FAE04EC0-301F-11D3-BF4B-00C04F79EFBC}") = "Oculus.Interaction.InterfaceSupport", "Oculus.Interaction.InterfaceSupport.csproj", "{C126108E-F1DB-41DE-288C-1829C41A3294}"
EndProject
Project("{FAE04EC0-301F-11D3-BF4B-00C04F79EFBC}") = "Meta.Voice.Samples.LiveUnderstanding", "Meta.Voice.Samples.LiveUnderstanding.csproj", "{18FCE05B-4E21-6474-FDCC-2D532363F0AF}"
EndProject
Project("{FAE04EC0-301F-11D3-BF4B-00C04F79EFBC}") = "Facebook.Wit.Dictation.Editor", "Facebook.Wit.Dictation.Editor.csproj", "{4E8E60A6-52FE-2D77-3269-13F87AB2793C}"
EndProject
Project("{FAE04EC0-301F-11D3-BF4B-00C04F79EFBC}") = "Meta.VoiceSDK.Mic.WebGL", "Meta.VoiceSDK.Mic.WebGL.csproj", "{094C79A8-A1D2-008A-9119-25F45C9C541B}"
EndProject
Global
	GlobalSection(SolutionConfigurationPlatforms) = preSolution
		Debug|Any CPU = Debug|Any CPU
		Release|Any CPU = Release|Any CPU
	EndGlobalSection
	GlobalSection(ProjectConfigurationPlatforms) = postSolution
		{9A211304-FDED-30DE-E76D-8F621FB609A0}.Debug|Any CPU.ActiveCfg = Debug|Any CPU
		{9A211304-FDED-30DE-E76D-8F621FB609A0}.Debug|Any CPU.Build.0 = Debug|Any CPU
		{9A211304-FDED-30DE-E76D-8F621FB609A0}.Release|Any CPU.ActiveCfg = Release|Any CPU
		{9A211304-FDED-30DE-E76D-8F621FB609A0}.Release|Any CPU.Build.0 = Release|Any CPU
		{D9417079-89EE-5240-B435-6ECA23BF905A}.Debug|Any CPU.ActiveCfg = Debug|Any CPU
		{D9417079-89EE-5240-B435-6ECA23BF905A}.Debug|Any CPU.Build.0 = Debug|Any CPU
		{D9417079-89EE-5240-B435-6ECA23BF905A}.Release|Any CPU.ActiveCfg = Release|Any CPU
		{D9417079-89EE-5240-B435-6ECA23BF905A}.Release|Any CPU.Build.0 = Release|Any CPU
		{BDBD7883-75A4-CBD6-DF24-4616F463BCA2}.Debug|Any CPU.ActiveCfg = Debug|Any CPU
		{BDBD7883-75A4-CBD6-DF24-4616F463BCA2}.Debug|Any CPU.Build.0 = Debug|Any CPU
		{BDBD7883-75A4-CBD6-DF24-4616F463BCA2}.Release|Any CPU.ActiveCfg = Release|Any CPU
		{BDBD7883-75A4-CBD6-DF24-4616F463BCA2}.Release|Any CPU.Build.0 = Release|Any CPU
		{71E10F52-3761-ED1A-79BF-68D7FF748FDD}.Debug|Any CPU.ActiveCfg = Debug|Any CPU
		{71E10F52-3761-ED1A-79BF-68D7FF748FDD}.Debug|Any CPU.Build.0 = Debug|Any CPU
		{71E10F52-3761-ED1A-79BF-68D7FF748FDD}.Release|Any CPU.ActiveCfg = Release|Any CPU
		{71E10F52-3761-ED1A-79BF-68D7FF748FDD}.Release|Any CPU.Build.0 = Release|Any CPU
		{031B35CF-59A7-74DA-0789-25042EA9C6EF}.Debug|Any CPU.ActiveCfg = Debug|Any CPU
		{031B35CF-59A7-74DA-0789-25042EA9C6EF}.Debug|Any CPU.Build.0 = Debug|Any CPU
		{031B35CF-59A7-74DA-0789-25042EA9C6EF}.Release|Any CPU.ActiveCfg = Release|Any CPU
		{031B35CF-59A7-74DA-0789-25042EA9C6EF}.Release|Any CPU.Build.0 = Release|Any CPU
		{AB97AB22-B857-C4A3-E53B-EEAC059B793C}.Debug|Any CPU.ActiveCfg = Debug|Any CPU
		{AB97AB22-B857-C4A3-E53B-EEAC059B793C}.Debug|Any CPU.Build.0 = Debug|Any CPU
		{AB97AB22-B857-C4A3-E53B-EEAC059B793C}.Release|Any CPU.ActiveCfg = Release|Any CPU
		{AB97AB22-B857-C4A3-E53B-EEAC059B793C}.Release|Any CPU.Build.0 = Release|Any CPU
		{534098FE-C672-A4F2-ADE9-60372E798FB4}.Debug|Any CPU.ActiveCfg = Debug|Any CPU
		{534098FE-C672-A4F2-ADE9-60372E798FB4}.Debug|Any CPU.Build.0 = Debug|Any CPU
		{534098FE-C672-A4F2-ADE9-60372E798FB4}.Release|Any CPU.ActiveCfg = Release|Any CPU
		{534098FE-C672-A4F2-ADE9-60372E798FB4}.Release|Any CPU.Build.0 = Release|Any CPU
		{F9943A2C-3B39-FD98-085C-FEC0B6FFE407}.Debug|Any CPU.ActiveCfg = Debug|Any CPU
		{F9943A2C-3B39-FD98-085C-FEC0B6FFE407}.Debug|Any CPU.Build.0 = Debug|Any CPU
		{F9943A2C-3B39-FD98-085C-FEC0B6FFE407}.Release|Any CPU.ActiveCfg = Release|Any CPU
		{F9943A2C-3B39-FD98-085C-FEC0B6FFE407}.Release|Any CPU.Build.0 = Release|Any CPU
		{04EDC2EA-5309-B5DF-70A1-BE1BF2345295}.Debug|Any CPU.ActiveCfg = Debug|Any CPU
		{04EDC2EA-5309-B5DF-70A1-BE1BF2345295}.Debug|Any CPU.Build.0 = Debug|Any CPU
		{04EDC2EA-5309-B5DF-70A1-BE1BF2345295}.Release|Any CPU.ActiveCfg = Release|Any CPU
		{04EDC2EA-5309-B5DF-70A1-BE1BF2345295}.Release|Any CPU.Build.0 = Release|Any CPU
		{ADD47AE8-6D2B-D0BB-4D32-0F329A2F2601}.Debug|Any CPU.ActiveCfg = Debug|Any CPU
		{ADD47AE8-6D2B-D0BB-4D32-0F329A2F2601}.Debug|Any CPU.Build.0 = Debug|Any CPU
		{ADD47AE8-6D2B-D0BB-4D32-0F329A2F2601}.Release|Any CPU.ActiveCfg = Release|Any CPU
		{ADD47AE8-6D2B-D0BB-4D32-0F329A2F2601}.Release|Any CPU.Build.0 = Release|Any CPU
		{C738ACE6-3123-28A5-95B6-1D9DBC6773D9}.Debug|Any CPU.ActiveCfg = Debug|Any CPU
		{C738ACE6-3123-28A5-95B6-1D9DBC6773D9}.Debug|Any CPU.Build.0 = Debug|Any CPU
		{C738ACE6-3123-28A5-95B6-1D9DBC6773D9}.Release|Any CPU.ActiveCfg = Release|Any CPU
		{C738ACE6-3123-28A5-95B6-1D9DBC6773D9}.Release|Any CPU.Build.0 = Release|Any CPU
		{FE6075DA-9B2E-F1D7-57A0-5EFC5C398AA5}.Debug|Any CPU.ActiveCfg = Debug|Any CPU
		{FE6075DA-9B2E-F1D7-57A0-5EFC5C398AA5}.Debug|Any CPU.Build.0 = Debug|Any CPU
		{FE6075DA-9B2E-F1D7-57A0-5EFC5C398AA5}.Release|Any CPU.ActiveCfg = Release|Any CPU
		{FE6075DA-9B2E-F1D7-57A0-5EFC5C398AA5}.Release|Any CPU.Build.0 = Release|Any CPU
		{DB9937A4-EA63-EBE8-D80B-5D236365A14E}.Debug|Any CPU.ActiveCfg = Debug|Any CPU
		{DB9937A4-EA63-EBE8-D80B-5D236365A14E}.Debug|Any CPU.Build.0 = Debug|Any CPU
		{DB9937A4-EA63-EBE8-D80B-5D236365A14E}.Release|Any CPU.ActiveCfg = Release|Any CPU
		{DB9937A4-EA63-EBE8-D80B-5D236365A14E}.Release|Any CPU.Build.0 = Release|Any CPU
		{DA21E005-38B3-A491-D5CA-2F40E60CF169}.Debug|Any CPU.ActiveCfg = Debug|Any CPU
		{DA21E005-38B3-A491-D5CA-2F40E60CF169}.Debug|Any CPU.Build.0 = Debug|Any CPU
		{DA21E005-38B3-A491-D5CA-2F40E60CF169}.Release|Any CPU.ActiveCfg = Release|Any CPU
		{DA21E005-38B3-A491-D5CA-2F40E60CF169}.Release|Any CPU.Build.0 = Release|Any CPU
		{2FD57ED3-9704-D711-D788-5F7D2C0EBFF7}.Debug|Any CPU.ActiveCfg = Debug|Any CPU
		{2FD57ED3-9704-D711-D788-5F7D2C0EBFF7}.Debug|Any CPU.Build.0 = Debug|Any CPU
		{2FD57ED3-9704-D711-D788-5F7D2C0EBFF7}.Release|Any CPU.ActiveCfg = Release|Any CPU
		{2FD57ED3-9704-D711-D788-5F7D2C0EBFF7}.Release|Any CPU.Build.0 = Release|Any CPU
		{F4E54D0F-54EA-3B7B-D85B-432B1CB8272E}.Debug|Any CPU.ActiveCfg = Debug|Any CPU
		{F4E54D0F-54EA-3B7B-D85B-432B1CB8272E}.Debug|Any CPU.Build.0 = Debug|Any CPU
		{F4E54D0F-54EA-3B7B-D85B-432B1CB8272E}.Release|Any CPU.ActiveCfg = Release|Any CPU
		{F4E54D0F-54EA-3B7B-D85B-432B1CB8272E}.Release|Any CPU.Build.0 = Release|Any CPU
		{D726EE11-B8F4-8EAB-3B9A-3F38505FFD30}.Debug|Any CPU.ActiveCfg = Debug|Any CPU
		{D726EE11-B8F4-8EAB-3B9A-3F38505FFD30}.Debug|Any CPU.Build.0 = Debug|Any CPU
		{D726EE11-B8F4-8EAB-3B9A-3F38505FFD30}.Release|Any CPU.ActiveCfg = Release|Any CPU
		{D726EE11-B8F4-8EAB-3B9A-3F38505FFD30}.Release|Any CPU.Build.0 = Release|Any CPU
		{9BEB4C7B-D074-70C6-AEC6-2B26F7496D9A}.Debug|Any CPU.ActiveCfg = Debug|Any CPU
		{9BEB4C7B-D074-70C6-AEC6-2B26F7496D9A}.Debug|Any CPU.Build.0 = Debug|Any CPU
		{9BEB4C7B-D074-70C6-AEC6-2B26F7496D9A}.Release|Any CPU.ActiveCfg = Release|Any CPU
		{9BEB4C7B-D074-70C6-AEC6-2B26F7496D9A}.Release|Any CPU.Build.0 = Release|Any CPU
		{3F217B7C-6D86-D296-3E91-61F2C2893229}.Debug|Any CPU.ActiveCfg = Debug|Any CPU
		{3F217B7C-6D86-D296-3E91-61F2C2893229}.Debug|Any CPU.Build.0 = Debug|Any CPU
		{3F217B7C-6D86-D296-3E91-61F2C2893229}.Release|Any CPU.ActiveCfg = Release|Any CPU
		{3F217B7C-6D86-D296-3E91-61F2C2893229}.Release|Any CPU.Build.0 = Release|Any CPU
		{AA05CDCD-8DAC-9FE4-9ED1-F6DB836E73EF}.Debug|Any CPU.ActiveCfg = Debug|Any CPU
		{AA05CDCD-8DAC-9FE4-9ED1-F6DB836E73EF}.Debug|Any CPU.Build.0 = Debug|Any CPU
		{AA05CDCD-8DAC-9FE4-9ED1-F6DB836E73EF}.Release|Any CPU.ActiveCfg = Release|Any CPU
		{AA05CDCD-8DAC-9FE4-9ED1-F6DB836E73EF}.Release|Any CPU.Build.0 = Release|Any CPU
		{20CF6844-16A0-E508-178C-73C60F2F71AA}.Debug|Any CPU.ActiveCfg = Debug|Any CPU
		{20CF6844-16A0-E508-178C-73C60F2F71AA}.Debug|Any CPU.Build.0 = Debug|Any CPU
		{20CF6844-16A0-E508-178C-73C60F2F71AA}.Release|Any CPU.ActiveCfg = Release|Any CPU
		{20CF6844-16A0-E508-178C-73C60F2F71AA}.Release|Any CPU.Build.0 = Release|Any CPU
		{BD1F9D0C-29B5-DE96-E823-3E65BA311776}.Debug|Any CPU.ActiveCfg = Debug|Any CPU
		{BD1F9D0C-29B5-DE96-E823-3E65BA311776}.Debug|Any CPU.Build.0 = Debug|Any CPU
		{BD1F9D0C-29B5-DE96-E823-3E65BA311776}.Release|Any CPU.ActiveCfg = Release|Any CPU
		{BD1F9D0C-29B5-DE96-E823-3E65BA311776}.Release|Any CPU.Build.0 = Release|Any CPU
		{1FE20008-48FB-A172-744D-0392213FA32C}.Debug|Any CPU.ActiveCfg = Debug|Any CPU
		{1FE20008-48FB-A172-744D-0392213FA32C}.Debug|Any CPU.Build.0 = Debug|Any CPU
		{1FE20008-48FB-A172-744D-0392213FA32C}.Release|Any CPU.ActiveCfg = Release|Any CPU
		{1FE20008-48FB-A172-744D-0392213FA32C}.Release|Any CPU.Build.0 = Release|Any CPU
		{C17CE00F-FA47-7146-BE98-D9F95033EB1C}.Debug|Any CPU.ActiveCfg = Debug|Any CPU
		{C17CE00F-FA47-7146-BE98-D9F95033EB1C}.Debug|Any CPU.Build.0 = Debug|Any CPU
		{C17CE00F-FA47-7146-BE98-D9F95033EB1C}.Release|Any CPU.ActiveCfg = Release|Any CPU
		{C17CE00F-FA47-7146-BE98-D9F95033EB1C}.Release|Any CPU.Build.0 = Release|Any CPU
		{FB3A7CEE-64CE-B95B-F628-8910162FCD49}.Debug|Any CPU.ActiveCfg = Debug|Any CPU
		{FB3A7CEE-64CE-B95B-F628-8910162FCD49}.Debug|Any CPU.Build.0 = Debug|Any CPU
		{FB3A7CEE-64CE-B95B-F628-8910162FCD49}.Release|Any CPU.ActiveCfg = Release|Any CPU
		{FB3A7CEE-64CE-B95B-F628-8910162FCD49}.Release|Any CPU.Build.0 = Release|Any CPU
		{B756955C-D734-FEEC-7C52-C079C9B89A11}.Debug|Any CPU.ActiveCfg = Debug|Any CPU
		{B756955C-D734-FEEC-7C52-C079C9B89A11}.Debug|Any CPU.Build.0 = Debug|Any CPU
		{B756955C-D734-FEEC-7C52-C079C9B89A11}.Release|Any CPU.ActiveCfg = Release|Any CPU
		{B756955C-D734-FEEC-7C52-C079C9B89A11}.Release|Any CPU.Build.0 = Release|Any CPU
		{85500E1B-ED64-E8F7-D5FA-53BB7882F4EE}.Debug|Any CPU.ActiveCfg = Debug|Any CPU
		{85500E1B-ED64-E8F7-D5FA-53BB7882F4EE}.Debug|Any CPU.Build.0 = Debug|Any CPU
		{85500E1B-ED64-E8F7-D5FA-53BB7882F4EE}.Release|Any CPU.ActiveCfg = Release|Any CPU
		{85500E1B-ED64-E8F7-D5FA-53BB7882F4EE}.Release|Any CPU.Build.0 = Release|Any CPU
		{23E2DA93-B000-E6D7-A9B5-A12B618F8394}.Debug|Any CPU.ActiveCfg = Debug|Any CPU
		{23E2DA93-B000-E6D7-A9B5-A12B618F8394}.Debug|Any CPU.Build.0 = Debug|Any CPU
		{23E2DA93-B000-E6D7-A9B5-A12B618F8394}.Release|Any CPU.ActiveCfg = Release|Any CPU
		{23E2DA93-B000-E6D7-A9B5-A12B618F8394}.Release|Any CPU.Build.0 = Release|Any CPU
		{D7C7A64A-0D5B-99FC-92E3-A38C5D4B4313}.Debug|Any CPU.ActiveCfg = Debug|Any CPU
		{D7C7A64A-0D5B-99FC-92E3-A38C5D4B4313}.Debug|Any CPU.Build.0 = Debug|Any CPU
		{D7C7A64A-0D5B-99FC-92E3-A38C5D4B4313}.Release|Any CPU.ActiveCfg = Release|Any CPU
		{D7C7A64A-0D5B-99FC-92E3-A38C5D4B4313}.Release|Any CPU.Build.0 = Release|Any CPU
		{36622D20-60C3-6997-8EDD-C93DCD15A1DD}.Debug|Any CPU.ActiveCfg = Debug|Any CPU
		{36622D20-60C3-6997-8EDD-C93DCD15A1DD}.Debug|Any CPU.Build.0 = Debug|Any CPU
		{36622D20-60C3-6997-8EDD-C93DCD15A1DD}.Release|Any CPU.ActiveCfg = Release|Any CPU
		{36622D20-60C3-6997-8EDD-C93DCD15A1DD}.Release|Any CPU.Build.0 = Release|Any CPU
		{0D652A1A-0DD4-B10B-FCBA-C6C045AC417A}.Debug|Any CPU.ActiveCfg = Debug|Any CPU
		{0D652A1A-0DD4-B10B-FCBA-C6C045AC417A}.Debug|Any CPU.Build.0 = Debug|Any CPU
		{0D652A1A-0DD4-B10B-FCBA-C6C045AC417A}.Release|Any CPU.ActiveCfg = Release|Any CPU
		{0D652A1A-0DD4-B10B-FCBA-C6C045AC417A}.Release|Any CPU.Build.0 = Release|Any CPU
		{5789FDA9-3FE4-0C26-2259-4F959B38DE6C}.Debug|Any CPU.ActiveCfg = Debug|Any CPU
		{5789FDA9-3FE4-0C26-2259-4F959B38DE6C}.Debug|Any CPU.Build.0 = Debug|Any CPU
		{5789FDA9-3FE4-0C26-2259-4F959B38DE6C}.Release|Any CPU.ActiveCfg = Release|Any CPU
		{5789FDA9-3FE4-0C26-2259-4F959B38DE6C}.Release|Any CPU.Build.0 = Release|Any CPU
		{23D655E7-BC2A-3CB5-E167-2CA52E46275C}.Debug|Any CPU.ActiveCfg = Debug|Any CPU
		{23D655E7-BC2A-3CB5-E167-2CA52E46275C}.Debug|Any CPU.Build.0 = Debug|Any CPU
		{23D655E7-BC2A-3CB5-E167-2CA52E46275C}.Release|Any CPU.ActiveCfg = Release|Any CPU
		{23D655E7-BC2A-3CB5-E167-2CA52E46275C}.Release|Any CPU.Build.0 = Release|Any CPU
		{0713DBF8-5230-6355-B98A-FA9B16DB5FCE}.Debug|Any CPU.ActiveCfg = Debug|Any CPU
		{0713DBF8-5230-6355-B98A-FA9B16DB5FCE}.Debug|Any CPU.Build.0 = Debug|Any CPU
		{0713DBF8-5230-6355-B98A-FA9B16DB5FCE}.Release|Any CPU.ActiveCfg = Release|Any CPU
		{0713DBF8-5230-6355-B98A-FA9B16DB5FCE}.Release|Any CPU.Build.0 = Release|Any CPU
		{1A6F4054-A5A8-81CB-262D-0DCAEB74F4CA}.Debug|Any CPU.ActiveCfg = Debug|Any CPU
		{1A6F4054-A5A8-81CB-262D-0DCAEB74F4CA}.Debug|Any CPU.Build.0 = Debug|Any CPU
		{1A6F4054-A5A8-81CB-262D-0DCAEB74F4CA}.Release|Any CPU.ActiveCfg = Release|Any CPU
		{1A6F4054-A5A8-81CB-262D-0DCAEB74F4CA}.Release|Any CPU.Build.0 = Release|Any CPU
		{F338B131-18A0-2B5E-E3AA-31AE9816D41B}.Debug|Any CPU.ActiveCfg = Debug|Any CPU
		{F338B131-18A0-2B5E-E3AA-31AE9816D41B}.Debug|Any CPU.Build.0 = Debug|Any CPU
		{F338B131-18A0-2B5E-E3AA-31AE9816D41B}.Release|Any CPU.ActiveCfg = Release|Any CPU
		{F338B131-18A0-2B5E-E3AA-31AE9816D41B}.Release|Any CPU.Build.0 = Release|Any CPU
		{C5E5B069-C4E2-6A3F-45FB-E074A6C27627}.Debug|Any CPU.ActiveCfg = Debug|Any CPU
		{C5E5B069-C4E2-6A3F-45FB-E074A6C27627}.Debug|Any CPU.Build.0 = Debug|Any CPU
		{C5E5B069-C4E2-6A3F-45FB-E074A6C27627}.Release|Any CPU.ActiveCfg = Release|Any CPU
		{C5E5B069-C4E2-6A3F-45FB-E074A6C27627}.Release|Any CPU.Build.0 = Release|Any CPU
		{AC326A96-F52C-F5F0-C143-36B24BE9D978}.Debug|Any CPU.ActiveCfg = Debug|Any CPU
		{AC326A96-F52C-F5F0-C143-36B24BE9D978}.Debug|Any CPU.Build.0 = Debug|Any CPU
		{AC326A96-F52C-F5F0-C143-36B24BE9D978}.Release|Any CPU.ActiveCfg = Release|Any CPU
		{AC326A96-F52C-F5F0-C143-36B24BE9D978}.Release|Any CPU.Build.0 = Release|Any CPU
		{3CD689D7-2FBE-B7C5-802A-00DB8011C8D9}.Debug|Any CPU.ActiveCfg = Debug|Any CPU
		{3CD689D7-2FBE-B7C5-802A-00DB8011C8D9}.Debug|Any CPU.Build.0 = Debug|Any CPU
		{3CD689D7-2FBE-B7C5-802A-00DB8011C8D9}.Release|Any CPU.ActiveCfg = Release|Any CPU
		{3CD689D7-2FBE-B7C5-802A-00DB8011C8D9}.Release|Any CPU.Build.0 = Release|Any CPU
		{D68A352F-731B-B22B-659C-A727D4D67F16}.Debug|Any CPU.ActiveCfg = Debug|Any CPU
		{D68A352F-731B-B22B-659C-A727D4D67F16}.Debug|Any CPU.Build.0 = Debug|Any CPU
		{D68A352F-731B-B22B-659C-A727D4D67F16}.Release|Any CPU.ActiveCfg = Release|Any CPU
		{D68A352F-731B-B22B-659C-A727D4D67F16}.Release|Any CPU.Build.0 = Release|Any CPU
		{F60F8A91-6FF3-4125-7A39-C794DCD05480}.Debug|Any CPU.ActiveCfg = Debug|Any CPU
		{F60F8A91-6FF3-4125-7A39-C794DCD05480}.Debug|Any CPU.Build.0 = Debug|Any CPU
		{F60F8A91-6FF3-4125-7A39-C794DCD05480}.Release|Any CPU.ActiveCfg = Release|Any CPU
		{F60F8A91-6FF3-4125-7A39-C794DCD05480}.Release|Any CPU.Build.0 = Release|Any CPU
		{7FE4718B-DD19-6247-078D-6287FD6F2A3D}.Debug|Any CPU.ActiveCfg = Debug|Any CPU
		{7FE4718B-DD19-6247-078D-6287FD6F2A3D}.Debug|Any CPU.Build.0 = Debug|Any CPU
		{7FE4718B-DD19-6247-078D-6287FD6F2A3D}.Release|Any CPU.ActiveCfg = Release|Any CPU
		{7FE4718B-DD19-6247-078D-6287FD6F2A3D}.Release|Any CPU.Build.0 = Release|Any CPU
		{4E1A8D20-7F1E-BAE8-9CD3-73AC7466D4FC}.Debug|Any CPU.ActiveCfg = Debug|Any CPU
		{4E1A8D20-7F1E-BAE8-9CD3-73AC7466D4FC}.Debug|Any CPU.Build.0 = Debug|Any CPU
		{4E1A8D20-7F1E-BAE8-9CD3-73AC7466D4FC}.Release|Any CPU.ActiveCfg = Release|Any CPU
		{4E1A8D20-7F1E-BAE8-9CD3-73AC7466D4FC}.Release|Any CPU.Build.0 = Release|Any CPU
		{1E9DC386-F6D4-074D-57F8-129F26D56926}.Debug|Any CPU.ActiveCfg = Debug|Any CPU
		{1E9DC386-F6D4-074D-57F8-129F26D56926}.Debug|Any CPU.Build.0 = Debug|Any CPU
		{1E9DC386-F6D4-074D-57F8-129F26D56926}.Release|Any CPU.ActiveCfg = Release|Any CPU
		{1E9DC386-F6D4-074D-57F8-129F26D56926}.Release|Any CPU.Build.0 = Release|Any CPU
		{C5BE1426-7F54-96A8-E6B5-22DD94DA7F7B}.Debug|Any CPU.ActiveCfg = Debug|Any CPU
		{C5BE1426-7F54-96A8-E6B5-22DD94DA7F7B}.Debug|Any CPU.Build.0 = Debug|Any CPU
		{C5BE1426-7F54-96A8-E6B5-22DD94DA7F7B}.Release|Any CPU.ActiveCfg = Release|Any CPU
		{C5BE1426-7F54-96A8-E6B5-22DD94DA7F7B}.Release|Any CPU.Build.0 = Release|Any CPU
		{3425BE00-D6C1-383A-6E03-1B05D9A868A3}.Debug|Any CPU.ActiveCfg = Debug|Any CPU
		{3425BE00-D6C1-383A-6E03-1B05D9A868A3}.Debug|Any CPU.Build.0 = Debug|Any CPU
		{3425BE00-D6C1-383A-6E03-1B05D9A868A3}.Release|Any CPU.ActiveCfg = Release|Any CPU
		{3425BE00-D6C1-383A-6E03-1B05D9A868A3}.Release|Any CPU.Build.0 = Release|Any CPU
		{E18FB392-50EC-F5AB-22DF-E30314D6BD4B}.Debug|Any CPU.ActiveCfg = Debug|Any CPU
		{E18FB392-50EC-F5AB-22DF-E30314D6BD4B}.Debug|Any CPU.Build.0 = Debug|Any CPU
		{E18FB392-50EC-F5AB-22DF-E30314D6BD4B}.Release|Any CPU.ActiveCfg = Release|Any CPU
		{E18FB392-50EC-F5AB-22DF-E30314D6BD4B}.Release|Any CPU.Build.0 = Release|Any CPU
		{30C5A6F9-46E9-EE4A-AE48-8609D126AA15}.Debug|Any CPU.ActiveCfg = Debug|Any CPU
		{30C5A6F9-46E9-EE4A-AE48-8609D126AA15}.Debug|Any CPU.Build.0 = Debug|Any CPU
		{30C5A6F9-46E9-EE4A-AE48-8609D126AA15}.Release|Any CPU.ActiveCfg = Release|Any CPU
		{30C5A6F9-46E9-EE4A-AE48-8609D126AA15}.Release|Any CPU.Build.0 = Release|Any CPU
		{7E8145D3-CBF3-E2BD-8352-DBC1BB222EF8}.Debug|Any CPU.ActiveCfg = Debug|Any CPU
		{7E8145D3-CBF3-E2BD-8352-DBC1BB222EF8}.Debug|Any CPU.Build.0 = Debug|Any CPU
		{7E8145D3-CBF3-E2BD-8352-DBC1BB222EF8}.Release|Any CPU.ActiveCfg = Release|Any CPU
		{7E8145D3-CBF3-E2BD-8352-DBC1BB222EF8}.Release|Any CPU.Build.0 = Release|Any CPU
		{9CD3A71F-BA5F-86FE-2181-CCB798CC4B31}.Debug|Any CPU.ActiveCfg = Debug|Any CPU
		{9CD3A71F-BA5F-86FE-2181-CCB798CC4B31}.Debug|Any CPU.Build.0 = Debug|Any CPU
		{9CD3A71F-BA5F-86FE-2181-CCB798CC4B31}.Release|Any CPU.ActiveCfg = Release|Any CPU
		{9CD3A71F-BA5F-86FE-2181-CCB798CC4B31}.Release|Any CPU.Build.0 = Release|Any CPU
		{C126108E-F1DB-41DE-288C-1829C41A3294}.Debug|Any CPU.ActiveCfg = Debug|Any CPU
		{C126108E-F1DB-41DE-288C-1829C41A3294}.Debug|Any CPU.Build.0 = Debug|Any CPU
		{C126108E-F1DB-41DE-288C-1829C41A3294}.Release|Any CPU.ActiveCfg = Release|Any CPU
		{C126108E-F1DB-41DE-288C-1829C41A3294}.Release|Any CPU.Build.0 = Release|Any CPU
		{18FCE05B-4E21-6474-FDCC-2D532363F0AF}.Debug|Any CPU.ActiveCfg = Debug|Any CPU
		{18FCE05B-4E21-6474-FDCC-2D532363F0AF}.Debug|Any CPU.Build.0 = Debug|Any CPU
		{18FCE05B-4E21-6474-FDCC-2D532363F0AF}.Release|Any CPU.ActiveCfg = Release|Any CPU
		{18FCE05B-4E21-6474-FDCC-2D532363F0AF}.Release|Any CPU.Build.0 = Release|Any CPU
		{4E8E60A6-52FE-2D77-3269-13F87AB2793C}.Debug|Any CPU.ActiveCfg = Debug|Any CPU
		{4E8E60A6-52FE-2D77-3269-13F87AB2793C}.Debug|Any CPU.Build.0 = Debug|Any CPU
		{4E8E60A6-52FE-2D77-3269-13F87AB2793C}.Release|Any CPU.ActiveCfg = Release|Any CPU
		{4E8E60A6-52FE-2D77-3269-13F87AB2793C}.Release|Any CPU.Build.0 = Release|Any CPU
		{094C79A8-A1D2-008A-9119-25F45C9C541B}.Debug|Any CPU.ActiveCfg = Debug|Any CPU
		{094C79A8-A1D2-008A-9119-25F45C9C541B}.Debug|Any CPU.Build.0 = Debug|Any CPU
		{094C79A8-A1D2-008A-9119-25F45C9C541B}.Release|Any CPU.ActiveCfg = Release|Any CPU
		{094C79A8-A1D2-008A-9119-25F45C9C541B}.Release|Any CPU.Build.0 = Release|Any CPU
	EndGlobalSection
	GlobalSection(SolutionProperties) = preSolution
		HideSolutionNode = FALSE
	EndGlobalSection
EndGlobal
